{
  "name": "@aegenet/au2-code-mirror-5",
  "version": "0.0.0-dev",
  "lockfileVersion": 3,
  "requires": true,
  "packages": {
    "": {
      "name": "@aegenet/au2-code-mirror-5",
      "version": "0.0.0-dev",
      "license": "MIT",
      "dependencies": {
        "codemirror": "^5.65.18"
      },
      "devDependencies": {
        "@aurelia/testing": "^2.0.0-beta.22",
        "@types/codemirror": "^5.60.15",
        "@types/node": "^20.11.28",
        "typescript": "^5"
      },
      "peerDependencies": {
        "aurelia": "^2.0.0-beta.22"
      }
    },
    "node_modules/@aurelia/expression-parser": {
      "version": "2.0.0-beta.22",
      "resolved": "https://registry.npmjs.org/@aurelia/expression-parser/-/expression-parser-2.0.0-beta.22.tgz",
      "integrity": "sha512-9SVrdoAGFEv0HVQml9DGHGQSCJvIWbkwrsK773LOCIA7usYJ4hsO5QvhCnmKGiHVURTEVn/ohLzjEY0EP7QAfQ==",
      "dependencies": {
        "@aurelia/kernel": "2.0.0-beta.22"
      },
      "engines": {
        "node": ">=14.17.0"
      }
    },
    "node_modules/@aurelia/fetch-client": {
      "version": "2.0.0-beta.22",
      "resolved": "https://registry.npmjs.org/@aurelia/fetch-client/-/fetch-client-2.0.0-beta.22.tgz",
      "integrity": "sha512-eDQz9fp7BHdkUhUylWBMbZb8gc2tGKwrqpwtZEPAGMcWUrXo6PpIl10eCQ+HQF3XW7CG/vWdvWKFzawy58cf9g==",
      "peer": true,
      "dependencies": {
        "@aurelia/kernel": "2.0.0-beta.22",
        "@aurelia/metadata": "2.0.0-beta.22"
      },
      "engines": {
        "node": ">=14.17.0"
      }
    },
    "node_modules/@aurelia/kernel": {
      "version": "2.0.0-beta.22",
      "resolved": "https://registry.npmjs.org/@aurelia/kernel/-/kernel-2.0.0-beta.22.tgz",
      "integrity": "sha512-WjxRI3C/i1VK3aHOn45r1+uKQIzyJ9M9giN7rqAnakk13DKNTQHU0Ap+yfy7TOmS2H2FGzd6xhoKsa2ZgcPM0Q==",
      "dependencies": {
        "@aurelia/metadata": "2.0.0-beta.22",
        "@aurelia/platform": "2.0.0-beta.22"
      },
      "engines": {
        "node": ">=14.17.0"
      }
    },
    "node_modules/@aurelia/metadata": {
      "version": "2.0.0-beta.22",
      "resolved": "https://registry.npmjs.org/@aurelia/metadata/-/metadata-2.0.0-beta.22.tgz",
      "integrity": "sha512-7u7TdK6mSNEwoGVMFPmUoJV16gdDaROAZZq5oy81HPPS24GOJp4lwxQAuvqby7MTi0gnXXMLLsIoE+oZU7FQcw==",
      "engines": {
        "node": ">=14.17.0"
      }
    },
    "node_modules/@aurelia/platform": {
      "version": "2.0.0-beta.22",
      "resolved": "https://registry.npmjs.org/@aurelia/platform/-/platform-2.0.0-beta.22.tgz",
      "integrity": "sha512-tkE6xM0NYjvdUGYmTWXbi1BahQMQ/hKB8cyQSwq6k2AQfblrT+sfMOuU4RL20FU9VvKpUzBL5h2rEHC97ZJs8A==",
      "engines": {
        "node": ">=14.17.0"
      }
    },
    "node_modules/@aurelia/platform-browser": {
      "version": "2.0.0-beta.22",
      "resolved": "https://registry.npmjs.org/@aurelia/platform-browser/-/platform-browser-2.0.0-beta.22.tgz",
      "integrity": "sha512-wfnW8gZPVAOLMpsRodagSzchRxJn1EFIL79eMlz5OdlgKa+DtIoObTKiHT5nueInx9raBuv6c7rJR+ZSUsFuLQ==",
      "dependencies": {
        "@aurelia/platform": "2.0.0-beta.22"
      },
      "engines": {
        "node": ">=14.17.0"
      }
    },
    "node_modules/@aurelia/runtime": {
      "version": "2.0.0-beta.22",
      "resolved": "https://registry.npmjs.org/@aurelia/runtime/-/runtime-2.0.0-beta.22.tgz",
      "integrity": "sha512-pGR9+g8a8vTBz2ksF6QOrgDIs4rDPoS1SuHoilb1XLLaJNQ9BVho2sf3aIFikzcHBihm1720IOREB199pTqCIQ==",
      "dependencies": {
        "@aurelia/expression-parser": "2.0.0-beta.22",
        "@aurelia/kernel": "2.0.0-beta.22",
        "@aurelia/metadata": "2.0.0-beta.22",
        "@aurelia/platform": "2.0.0-beta.22"
      },
      "engines": {
        "node": ">=14.17.0"
      }
    },
    "node_modules/@aurelia/runtime-html": {
      "version": "2.0.0-beta.22",
      "resolved": "https://registry.npmjs.org/@aurelia/runtime-html/-/runtime-html-2.0.0-beta.22.tgz",
      "integrity": "sha512-cHC1xZif/joWOr/oX0FjAJQgXnZWZo7g+TXc2SV8Jcsw1w/PcxN592SSxSWMerdr9Ux6EtwMGAPxVku86k8img==",
      "dependencies": {
        "@aurelia/expression-parser": "2.0.0-beta.22",
        "@aurelia/kernel": "2.0.0-beta.22",
        "@aurelia/metadata": "2.0.0-beta.22",
        "@aurelia/platform": "2.0.0-beta.22",
        "@aurelia/platform-browser": "2.0.0-beta.22",
        "@aurelia/runtime": "2.0.0-beta.22",
        "@aurelia/template-compiler": "2.0.0-beta.22"
      },
      "engines": {
        "node": ">=14.17.0"
      }
    },
    "node_modules/@aurelia/template-compiler": {
      "version": "2.0.0-beta.22",
      "resolved": "https://registry.npmjs.org/@aurelia/template-compiler/-/template-compiler-2.0.0-beta.22.tgz",
      "integrity": "sha512-LMYaf0qTAD22z1mCsExd01tqSuZHQoYPPIdg94xQpCTkY32TFU3KBwdC7dW3hvxrB2xVNpLxMchnzBX1gxd4KA==",
      "dependencies": {
        "@aurelia/expression-parser": "2.0.0-beta.22",
        "@aurelia/kernel": "2.0.0-beta.22",
        "@aurelia/metadata": "2.0.0-beta.22"
      },
      "engines": {
        "node": ">=14.17.0"
      }
    },
    "node_modules/@aurelia/testing": {
      "version": "2.0.0-beta.22",
      "resolved": "https://registry.npmjs.org/@aurelia/testing/-/testing-2.0.0-beta.22.tgz",
      "integrity": "sha512-Yp1WJ9/oht3H100nBT/CtSwempc2ilg4JkUoC8x8aeZ1UrJ7ZPI+71ieY8JiqU4I277ezK1B1vx/wCYvM+eFqQ==",
      "dev": true,
      "dependencies": {
        "@aurelia/kernel": "2.0.0-beta.22",
        "@aurelia/metadata": "2.0.0-beta.22",
        "@aurelia/platform": "2.0.0-beta.22",
        "@aurelia/platform-browser": "2.0.0-beta.22",
        "@aurelia/runtime": "2.0.0-beta.22",
        "@aurelia/runtime-html": "2.0.0-beta.22",
        "@aurelia/template-compiler": "2.0.0-beta.22"
      },
      "engines": {
        "node": ">=14.17.0"
      }
    },
    "node_modules/@types/codemirror": {
      "version": "5.60.15",
      "dev": true,
      "license": "MIT",
      "dependencies": {
        "@types/tern": "*"
      }
    },
    "node_modules/@types/estree": {
      "version": "1.0.5",
      "dev": true,
      "license": "MIT"
    },
    "node_modules/@types/node": {
      "version": "20.14.14",
      "dev": true,
      "license": "MIT",
      "dependencies": {
        "undici-types": "~5.26.4"
      }
    },
    "node_modules/@types/tern": {
      "version": "0.23.9",
      "dev": true,
      "license": "MIT",
      "dependencies": {
        "@types/estree": "*"
      }
    },
    "node_modules/aurelia": {
      "version": "2.0.0-beta.22",
      "resolved": "https://registry.npmjs.org/aurelia/-/aurelia-2.0.0-beta.22.tgz",
      "integrity": "sha512-NB3R5SgE8KBJG5SLO7YOiTL7eAdZLZO4iX/ehw6U2L0Ba/p90ESmVleKbN4FuP+eYYbZXDLc7z1zeGMZZbC7wA==",
      "peer": true,
      "dependencies": {
        "@aurelia/expression-parser": "2.0.0-beta.22",
        "@aurelia/fetch-client": "2.0.0-beta.22",
        "@aurelia/kernel": "2.0.0-beta.22",
        "@aurelia/metadata": "2.0.0-beta.22",
        "@aurelia/platform": "2.0.0-beta.22",
        "@aurelia/platform-browser": "2.0.0-beta.22",
        "@aurelia/runtime": "2.0.0-beta.22",
        "@aurelia/runtime-html": "2.0.0-beta.22",
        "@aurelia/template-compiler": "2.0.0-beta.22"
      },
      "engines": {
        "node": ">=14.17.0"
      }
    },
    "node_modules/codemirror": {
      "version": "5.65.18",
      "resolved": "https://registry.npmjs.org/codemirror/-/codemirror-5.65.18.tgz",
      "integrity": "sha512-Gaz4gHnkbHMGgahNt3CA5HBk5lLQBqmD/pBgeB4kQU6OedZmqMBjlRF0LSrp2tJ4wlLNPm2FfaUd1pDy0mdlpA=="
    },
    "node_modules/typescript": {
      "version": "5.5.4",
      "dev": true,
      "license": "Apache-2.0",
      "bin": {
        "tsc": "bin/tsc",
        "tsserver": "bin/tsserver"
      },
      "engines": {
        "node": ">=14.17"
      }
    },
    "node_modules/undici-types": {
      "version": "5.26.5",
      "dev": true,
      "license": "MIT"
    }
  }
}
