# THIS IS AN AUTOGENERATED FILE. DO NOT EDIT THIS FILE DIRECTLY.
# yarn lockfile v1


"@aurelia/fetch-client@2.0.0-alpha.24":
  version "2.0.0-alpha.24"
  resolved "https://registry.yarnpkg.com/@aurelia/fetch-client/-/fetch-client-2.0.0-alpha.24.tgz#9424e259ad7b98e3688f94f9444eafa1460aa4f1"
  integrity sha512-26B9C2tjuwWjlomOYC7Otb8DGti6USmh5k6EoK698JEjUUgloJYK8s48XzN7pUXFODNVD85zDTAhAwI6Ztu3tQ==
  dependencies:
    "@aurelia/kernel" "2.0.0-alpha.24"
    "@aurelia/metadata" "2.0.0-alpha.24"

"@aurelia/kernel@2.0.0-alpha.24":
  version "2.0.0-alpha.24"
  resolved "https://registry.yarnpkg.com/@aurelia/kernel/-/kernel-2.0.0-alpha.24.tgz#4f5aab5b230890a6b765770e18525571bc9d993b"
  integrity sha512-44wIM4pjX5Une/eLcGKbxgI1MysZKpylStOA42yU4KXts1BxykBjhOvkbskStL/vOk6pVO1UP6az9naTvVHlQA==
  dependencies:
    "@aurelia/metadata" "2.0.0-alpha.24"
    "@aurelia/platform" "2.0.0-alpha.24"

"@aurelia/metadata@2.0.0-alpha.24":
  version "2.0.0-alpha.24"
  resolved "https://registry.yarnpkg.com/@aurelia/metadata/-/metadata-2.0.0-alpha.24.tgz#7af108f3e3870082578406ece2da41cb487c4079"
  integrity sha512-xDq6OaGklR/cUzslPK/hjqjINS0Aa2lS9Xr4aVUQimUNut9ybvLyc+WOhKQmYhGmc8NsAZO0atRoEfGouV9sBA==

"@aurelia/platform-browser@2.0.0-alpha.24":
  version "2.0.0-alpha.24"
  resolved "https://registry.yarnpkg.com/@aurelia/platform-browser/-/platform-browser-2.0.0-alpha.24.tgz#c8f8e5414650cf91e7ef293f5854ac6c8243bd48"
  integrity sha512-N4iXbdnizkHNx9Yw76JpiDLL8kGibjmdO/SnGw19ZnJar+XOgtlDukXKyzzBuFsHPS13sWddkcoaZcOC02SrMQ==
  dependencies:
    "@aurelia/platform" "2.0.0-alpha.24"

"@aurelia/platform@2.0.0-alpha.24":
  version "2.0.0-alpha.24"
  resolved "https://registry.yarnpkg.com/@aurelia/platform/-/platform-2.0.0-alpha.24.tgz#154cb9b0d9c33dfbfcb25b5439ed9c4db625c539"
  integrity sha512-hAVJkmyASDftUyB0C5vvHmDUvErGHxL+d7Bw9UgOQbgddQBWIiU91fRcdPoSHp8cOFQUyg8rVUQEAsEOLBz18w==

"@aurelia/route-recognizer@2.0.0-alpha.24":
  version "2.0.0-alpha.24"
  resolved "https://registry.yarnpkg.com/@aurelia/route-recognizer/-/route-recognizer-2.0.0-alpha.24.tgz#428b92f7f3bffbc4a19114398671129aa9cab4e6"
  integrity sha512-dtJza1umMFUV/khd+bCFmMGmnqoW1AassNmrxM4/EfmkAP1skW+tT9sDuHHTYz6zAJNLY+RLvfX7cIrq+H96Bg==

"@aurelia/router@2.0.0-alpha.24":
  version "2.0.0-alpha.24"
  resolved "https://registry.yarnpkg.com/@aurelia/router/-/router-2.0.0-alpha.24.tgz#484d820f66f9180a9bae9e725ea8455c44283d5f"
  integrity sha512-cwY0ofDg6Hytd7PwzkQAiQyZzwSpFjCB+lojNBW7v8q9iZs7RNhuGRVc+ZpXQjb/g4shVSmvUMuA5BEY6BncTg==
  dependencies:
    "@aurelia/kernel" "2.0.0-alpha.24"
    "@aurelia/metadata" "2.0.0-alpha.24"
    "@aurelia/platform" "2.0.0-alpha.24"
    "@aurelia/platform-browser" "2.0.0-alpha.24"
    "@aurelia/route-recognizer" "2.0.0-alpha.24"
    "@aurelia/runtime" "2.0.0-alpha.24"
    "@aurelia/runtime-html" "2.0.0-alpha.24"

"@aurelia/runtime-html@2.0.0-alpha.24":
  version "2.0.0-alpha.24"
  resolved "https://registry.yarnpkg.com/@aurelia/runtime-html/-/runtime-html-2.0.0-alpha.24.tgz#9ea37ca646caa5c047a52bc26ccdb41c918a4df0"
  integrity sha512-y+SfkbaTSoy4YY31idMQ64ajVwZSXLk9uIhpiAFY9m6amA7b8QxsLg1rWhRPpWDnmPymAtJSNN5sxkmScRt3ug==
  dependencies:
    "@aurelia/kernel" "2.0.0-alpha.24"
    "@aurelia/metadata" "2.0.0-alpha.24"
    "@aurelia/platform" "2.0.0-alpha.24"
    "@aurelia/platform-browser" "2.0.0-alpha.24"
    "@aurelia/runtime" "2.0.0-alpha.24"

"@aurelia/runtime@2.0.0-alpha.24":
  version "2.0.0-alpha.24"
  resolved "https://registry.yarnpkg.com/@aurelia/runtime/-/runtime-2.0.0-alpha.24.tgz#44a1cab82b4c16cf4ae77b3b2984f7fed7e81d5f"
  integrity sha512-aWVa7dzWqESTzABGew6gMnNRo9qffOwkoe3n87IIP8qwhZqtJ2INE/jdP4haqw/NEYE4gp4Rtddpl8WuvDRL3w==
  dependencies:
    "@aurelia/kernel" "2.0.0-alpha.24"
    "@aurelia/metadata" "2.0.0-alpha.24"
    "@aurelia/platform" "2.0.0-alpha.24"

"@aurelia/testing@latest":
  version "2.0.0-alpha.24"
  resolved "https://registry.yarnpkg.com/@aurelia/testing/-/testing-2.0.0-alpha.24.tgz#99670ac95b0bbaea4b2dcd37c88a21161b38f6af"
  integrity sha512-gPkqCNClC8iSOZ6q9z2XHNzyQHu0i4XzlYhtWdM843AIVC1ilFoIP5HsEsNofIi69/BAtBFSu/nPM/rNcKf1CA==
  dependencies:
    "@aurelia/kernel" "2.0.0-alpha.24"
    "@aurelia/metadata" "2.0.0-alpha.24"
    "@aurelia/platform" "2.0.0-alpha.24"
    "@aurelia/platform-browser" "2.0.0-alpha.24"
    "@aurelia/runtime" "2.0.0-alpha.24"
    "@aurelia/runtime-html" "2.0.0-alpha.24"

"@types/jest@^27.0.3":
  version "27.4.0"
  resolved "https://registry.yarnpkg.com/@types/jest/-/jest-27.4.0.tgz#037ab8b872067cae842a320841693080f9cb84ed"
  integrity sha512-gHl8XuC1RZ8H2j5sHv/JqsaxXkDDM9iDOgu0Wp8sjs4u/snb2PVehyWXJPr+ORA0RPpgw231mnutWI1+0hgjIQ==
  dependencies:
    jest-diff "^27.0.0"
    pretty-format "^27.0.0"

"@types/node@^16.11.10":
  version "16.11.25"
  resolved "https://registry.yarnpkg.com/@types/node/-/node-16.11.25.tgz#bb812b58bacbd060ce85921250d8b4ca553cd4a2"
  integrity sha512-NrTwfD7L1RTc2qrHQD4RTTy4p0CO2LatKBEKEds3CaVuhoM/+DJzmWZl5f+ikR8cm8F5mfJxK+9rQq07gRiSjQ==

ansi-regex@^5.0.1:
  version "5.0.1"
  resolved "https://registry.yarnpkg.com/ansi-regex/-/ansi-regex-5.0.1.tgz#082cb2c89c9fe8659a311a53bd6a4dc5301db304"
  integrity sha512-quJQXlTSUGL2LH9SUXo8VwsY4soanhgo6LNSm84E1LBcE8s3O0wpdiRzyR9z/ZZJMlMWv37qOOb9pdJlMUEKFQ==

ansi-styles@^4.1.0:
  version "4.3.0"
  resolved "https://registry.yarnpkg.com/ansi-styles/-/ansi-styles-4.3.0.tgz#edd803628ae71c04c85ae7a0906edad34b648937"
  integrity sha512-zbB9rCJAT1rbjiVDb2hqKFHNYLxgtk8NURxZ3IZwD3F6NtxbXZQCnnSi1Lkx+IDohdPlFp222wVALIheZJQSEg==
  dependencies:
    color-convert "^2.0.1"

ansi-styles@^5.0.0:
  version "5.2.0"
  resolved "https://registry.yarnpkg.com/ansi-styles/-/ansi-styles-5.2.0.tgz#07449690ad45777d1924ac2abb2fc8895dba836b"
  integrity sha512-Cxwpt2SfTzTtXcfOlzGEee8O+c+MmUgGrNiBcXnuWxuFJHe6a5Hz7qwhwe5OgaSYI0IJvkLqWX1ASG+cJOkEiA==

aurelia@latest:
  version "2.0.0-alpha.24"
  resolved "https://registry.yarnpkg.com/aurelia/-/aurelia-2.0.0-alpha.24.tgz#ea3912fa1850a7c0a8049728005d08a0a67c832a"
  integrity sha512-rVuzrGLjxofJjg2Z59TcCizYqp58T9WNsaw8dK9Fu8ql93YmxfFp3rz1r5GjVg4HPb8etJrQAeHymAqDfZklJg==
  dependencies:
    "@aurelia/fetch-client" "2.0.0-alpha.24"
    "@aurelia/kernel" "2.0.0-alpha.24"
    "@aurelia/metadata" "2.0.0-alpha.24"
    "@aurelia/platform" "2.0.0-alpha.24"
    "@aurelia/platform-browser" "2.0.0-alpha.24"
    "@aurelia/route-recognizer" "2.0.0-alpha.24"
    "@aurelia/router" "2.0.0-alpha.24"
    "@aurelia/runtime" "2.0.0-alpha.24"
    "@aurelia/runtime-html" "2.0.0-alpha.24"

chalk@^4.0.0:
  version "4.1.2"
  resolved "https://registry.yarnpkg.com/chalk/-/chalk-4.1.2.tgz#aac4e2b7734a740867aeb16bf02aad556a1e7a01"
  integrity sha512-oKnbhFyRIXpUuez8iBMmyEa4nbj4IOQyuhc/wy9kY7/WVPcwIO9VA668Pu8RkO7+0G76SLROeyw9CpQ061i4mA==
  dependencies:
    ansi-styles "^4.1.0"
    supports-color "^7.1.0"

codemirror@^5.65.0:
  version "5.65.2"
  resolved "https://registry.yarnpkg.com/codemirror/-/codemirror-5.65.2.tgz#5799a70cb3d706e10f60e267245e3a75205d3dd9"
  integrity sha512-SZM4Zq7XEC8Fhroqe3LxbEEX1zUPWH1wMr5zxiBuiUF64iYOUH/JI88v4tBag8MiBS8B8gRv8O1pPXGYXQ4ErA==

color-convert@^2.0.1:
  version "2.0.1"
  resolved "https://registry.yarnpkg.com/color-convert/-/color-convert-2.0.1.tgz#72d3a68d598c9bdb3af2ad1e84f21d896abd4de3"
  integrity sha512-RRECPsj7iu/xb5oKYcsFHSppFNnsj/52OVTRKb4zP5onXwVF3zVmmToNcOfGC+CRDpfK/U584fMg38ZHCaElKQ==
  dependencies:
    color-name "~1.1.4"

color-name@~1.1.4:
  version "1.1.4"
  resolved "https://registry.yarnpkg.com/color-name/-/color-name-1.1.4.tgz#c2a09a87acbde69543de6f63fa3995c826c536a2"
  integrity sha512-dOy+3AuW3a2wNbZHIuMZpTcgjGuLU/uBL/ubcZF9OXbDo8ff4O8yVp5Bf0efS8uEoYo5q4Fx7dY9OgQGXgAsQA==

diff-sequences@^27.5.1:
  version "27.5.1"
  resolved "https://registry.yarnpkg.com/diff-sequences/-/diff-sequences-27.5.1.tgz#eaecc0d327fd68c8d9672a1e64ab8dccb2ef5327"
  integrity sha512-k1gCAXAsNgLwEL+Y8Wvl+M6oEFj5bgazfZULpS5CneoPPXRaCCW7dm+q21Ky2VEE5X+VeRDBVg1Pcvvsr4TtNQ==

has-flag@^4.0.0:
  version "4.0.0"
  resolved "https://registry.yarnpkg.com/has-flag/-/has-flag-4.0.0.tgz#944771fd9c81c81265c4d6941860da06bb59479b"
  integrity sha512-EykJT/Q1KjTWctppgIAgfSO0tKVuZUjhgMr17kqTumMl6Afv3EISleU7qZUzoXDFTAHTDC4NOoG/ZxU3EvlMPQ==

jest-diff@^27.0.0:
  version "27.5.1"
  resolved "https://registry.yarnpkg.com/jest-diff/-/jest-diff-27.5.1.tgz#a07f5011ac9e6643cf8a95a462b7b1ecf6680def"
  integrity sha512-m0NvkX55LDt9T4mctTEgnZk3fmEg3NRYutvMPWM/0iPnkFj2wIeF45O1718cMSOFO1vINkqmxqD8vE37uTEbqw==
  dependencies:
    chalk "^4.0.0"
    diff-sequences "^27.5.1"
    jest-get-type "^27.5.1"
    pretty-format "^27.5.1"

jest-get-type@^27.5.1:
  version "27.5.1"
  resolved "https://registry.yarnpkg.com/jest-get-type/-/jest-get-type-27.5.1.tgz#3cd613c507b0f7ace013df407a1c1cd578bcb4f1"
  integrity sha512-2KY95ksYSaK7DMBWQn6dQz3kqAf3BB64y2udeG+hv4KfSOb9qwcYQstTJc1KCbsix+wLZWZYN8t7nwX3GOBLRw==

pretty-format@^27.0.0, pretty-format@^27.5.1:
  version "27.5.1"
  resolved "https://registry.yarnpkg.com/pretty-format/-/pretty-format-27.5.1.tgz#2181879fdea51a7a5851fb39d920faa63f01d88e"
  integrity sha512-Qb1gy5OrP5+zDf2Bvnzdl3jsTf1qXVMazbvCoKhtKqVs4/YK4ozX4gKQJJVyNe+cajNPn0KoC0MC3FUmaHWEmQ==
  dependencies:
    ansi-regex "^5.0.1"
    ansi-styles "^5.0.0"
    react-is "^17.0.1"

react-is@^17.0.1:
  version "17.0.2"
  resolved "https://registry.yarnpkg.com/react-is/-/react-is-17.0.2.tgz#e691d4a8e9c789365655539ab372762b0efb54f0"
  integrity sha512-w2GsyukL62IJnlaff/nRegPQR94C/XXamvMWmSHRJ4y7Ts/4ocGRmTHvOs8PSE6pB3dWOrD/nueuU5sduBsQ4w==

supports-color@^7.1.0:
  version "7.2.0"
  resolved "https://registry.yarnpkg.com/supports-color/-/supports-color-7.2.0.tgz#1b7dcdcb32b8138801b3e478ba6a51caa89648da"
  integrity sha512-qpCAvRl9stuOHveKsn7HncJRvv501qIacKzQlO/+Lwxc9+0q2wLyv4Dfvt80/DPn2pqOBsJdDiogXGR9+OvwRw==
  dependencies:
    has-flag "^4.0.0"

typescript@^4.5.2:
  version "4.5.5"
  resolved "https://registry.yarnpkg.com/typescript/-/typescript-4.5.5.tgz#d8c953832d28924a9e3d37c73d729c846c5896f3"
  integrity sha512-TCTIul70LyWe6IJWT8QSYeA54WQe8EjQFU4wY52Fasj5UKx88LNYKCgBEHcOMOrFF1rKGbD8v/xcNWVUq9SymA==
