# THIS IS AN AUTOGENERATED FILE. DO NOT EDIT THIS FILE DIRECTLY.
# yarn lockfile v1


"@aurelia/fetch-client@2.0.0-beta.9":
  version "2.0.0-beta.9"
  resolved "https://registry.yarnpkg.com/@aurelia/fetch-client/-/fetch-client-2.0.0-beta.9.tgz#c2ae033ef1a4672c0829dd7520859ff5889db0e8"
  integrity sha512-gbhGdTDj77UNc/yaABKtEe0/E0y95mpt8rrdpWd/dArpp3te1uSMGic2eXMej/WTN0pNuFJ1iDgtPdYpYsKoAg==
  dependencies:
    "@aurelia/kernel" "2.0.0-beta.9"
    "@aurelia/metadata" "2.0.0-beta.9"

"@aurelia/kernel@2.0.0-beta.9":
  version "2.0.0-beta.9"
  resolved "https://registry.yarnpkg.com/@aurelia/kernel/-/kernel-2.0.0-beta.9.tgz#52606747d4d5e3d21ad7f3283b33b9e8022c1a76"
  integrity sha512-TXRElWsdH/QmrIXd73JqtxoLjbWe2/H/0s5lwCkv1iuNQvJtQnBiBlqxdBezDiTCt3dlV0BGxfW6enKLrQRh6Q==
  dependencies:
    "@aurelia/metadata" "2.0.0-beta.9"
    "@aurelia/platform" "2.0.0-beta.9"

"@aurelia/metadata@2.0.0-beta.9":
  version "2.0.0-beta.9"
  resolved "https://registry.yarnpkg.com/@aurelia/metadata/-/metadata-2.0.0-beta.9.tgz#cc1219e1874a122ef6828af6eeca5fd5552e0c59"
  integrity sha512-tttNe2ZqNXz94O2h9hAqgNQM3Csn7KqxF+Ee6IfygAWyjWg5L0A7e0Ff6b7DX53vqvuIJqWFXUN837f0eisdeg==

"@aurelia/platform-browser@2.0.0-beta.9":
  version "2.0.0-beta.9"
  resolved "https://registry.yarnpkg.com/@aurelia/platform-browser/-/platform-browser-2.0.0-beta.9.tgz#caa1e1e064b576b1694ab716bfc1f2dd2d8f529d"
  integrity sha512-jD+ngI3swgvdRjr3hjqa+L68227yRe8FOaHe8Oq39KFMs/HQAzdOuOU/iAgQ+JHCC2OPX2JAyL1/ZnzNBQgfgA==
  dependencies:
    "@aurelia/platform" "2.0.0-beta.9"

"@aurelia/platform@2.0.0-beta.9":
  version "2.0.0-beta.9"
  resolved "https://registry.yarnpkg.com/@aurelia/platform/-/platform-2.0.0-beta.9.tgz#2b27e01834a13316abfbecfa64ffb8ccff3fe321"
  integrity sha512-VNCcwtisTqSkgOAh2u3SG0jRDm/ZBjdhpttv7v8kdxliSLEzzJt4XY54UDbVo8lFZ/c/KiFKKiaojRCNOa5bQw==

"@aurelia/runtime-html@2.0.0-beta.9":
  version "2.0.0-beta.9"
  resolved "https://registry.yarnpkg.com/@aurelia/runtime-html/-/runtime-html-2.0.0-beta.9.tgz#786c62b9c72dd66e58e9bc97024ab39525037328"
  integrity sha512-OZPyFIgLAgc1W2uUJ9lzpnsoKIR/Gddw7kx/aAldM5fBrvbpVVmEPciDfNlABnnDJ/tP7Pl4kkqKZNlOEHEfmw==
  dependencies:
    "@aurelia/kernel" "2.0.0-beta.9"
    "@aurelia/metadata" "2.0.0-beta.9"
    "@aurelia/platform" "2.0.0-beta.9"
    "@aurelia/platform-browser" "2.0.0-beta.9"
    "@aurelia/runtime" "2.0.0-beta.9"

"@aurelia/runtime@2.0.0-beta.9":
  version "2.0.0-beta.9"
  resolved "https://registry.yarnpkg.com/@aurelia/runtime/-/runtime-2.0.0-beta.9.tgz#63046764c68b97b7781dfcd38c8c9d1b7180abdd"
  integrity sha512-4YXCKhNvZFdAilW/cwswtm+EzbgNx2GMRU7ByxMb93pnpVZgtaRpED53S9rCZOTP7JYxy2o7ytgKggTVT54QEA==
  dependencies:
    "@aurelia/kernel" "2.0.0-beta.9"
    "@aurelia/metadata" "2.0.0-beta.9"
    "@aurelia/platform" "2.0.0-beta.9"

"@aurelia/testing@^2.0.0-beta.9":
  version "2.0.0-beta.9"
  resolved "https://registry.yarnpkg.com/@aurelia/testing/-/testing-2.0.0-beta.9.tgz#83b6942a70cd078520c9ab575b2213c863e67b2c"
  integrity sha512-BksS81VXBKdRAa02XsePiYzigkQDqsHes1DSau/2VvcsCC2t7vVkSdgc9CJl2wH4Zy+x6encEdFxiPLtqCzH4w==
  dependencies:
    "@aurelia/kernel" "2.0.0-beta.9"
    "@aurelia/metadata" "2.0.0-beta.9"
    "@aurelia/platform" "2.0.0-beta.9"
    "@aurelia/platform-browser" "2.0.0-beta.9"
    "@aurelia/runtime" "2.0.0-beta.9"
    "@aurelia/runtime-html" "2.0.0-beta.9"

"@types/jest@^27":
  version "27.5.2"
  resolved "https://registry.yarnpkg.com/@types/jest/-/jest-27.5.2.tgz#ec49d29d926500ffb9fd22b84262e862049c026c"
  integrity sha512-mpT8LJJ4CMeeahobofYWIjFo0xonRS/HfxnVEPMPFSQdGUt1uHCnoPT7Zhb+sjDU2wz0oKV0OLUR0WzrHNgfeA==
  dependencies:
    jest-matcher-utils "^27.0.0"
    pretty-format "^27.0.0"

"@types/node@^18.11.18":
  version "18.19.3"
  resolved "https://registry.yarnpkg.com/@types/node/-/node-18.19.3.tgz#e4723c4cb385641d61b983f6fe0b716abd5f8fc0"
  integrity sha512-k5fggr14DwAytoA/t8rPrIz++lXK7/DqckthCmoZOKNsEbJkId4Z//BqgApXBUGrGddrigYa1oqheo/7YmW4rg==
  dependencies:
    undici-types "~5.26.4"

ansi-regex@^5.0.1:
  version "5.0.1"
  resolved "https://registry.yarnpkg.com/ansi-regex/-/ansi-regex-5.0.1.tgz#082cb2c89c9fe8659a311a53bd6a4dc5301db304"
  integrity sha512-quJQXlTSUGL2LH9SUXo8VwsY4soanhgo6LNSm84E1LBcE8s3O0wpdiRzyR9z/ZZJMlMWv37qOOb9pdJlMUEKFQ==

ansi-styles@^4.1.0:
  version "4.3.0"
  resolved "https://registry.yarnpkg.com/ansi-styles/-/ansi-styles-4.3.0.tgz#edd803628ae71c04c85ae7a0906edad34b648937"
  integrity sha512-zbB9rCJAT1rbjiVDb2hqKFHNYLxgtk8NURxZ3IZwD3F6NtxbXZQCnnSi1Lkx+IDohdPlFp222wVALIheZJQSEg==
  dependencies:
    color-convert "^2.0.1"

ansi-styles@^5.0.0:
  version "5.2.0"
  resolved "https://registry.yarnpkg.com/ansi-styles/-/ansi-styles-5.2.0.tgz#07449690ad45777d1924ac2abb2fc8895dba836b"
  integrity sha512-Cxwpt2SfTzTtXcfOlzGEee8O+c+MmUgGrNiBcXnuWxuFJHe6a5Hz7qwhwe5OgaSYI0IJvkLqWX1ASG+cJOkEiA==

aurelia@^2.0.0-beta.9:
  version "2.0.0-beta.9"
  resolved "https://registry.yarnpkg.com/aurelia/-/aurelia-2.0.0-beta.9.tgz#cd5ae681befbeacd6e4180006a3c00998147bc47"
  integrity sha512-naI9ZKxAVCQwFll6L6zEgnyK72tY0OpVUM6SoBDj/3X+ZnrQRoiW1rZ8qfp3TjhRuxJRhrYk9E3dp2ufepohfA==
  dependencies:
    "@aurelia/fetch-client" "2.0.0-beta.9"
    "@aurelia/kernel" "2.0.0-beta.9"
    "@aurelia/metadata" "2.0.0-beta.9"
    "@aurelia/platform" "2.0.0-beta.9"
    "@aurelia/platform-browser" "2.0.0-beta.9"
    "@aurelia/runtime" "2.0.0-beta.9"
    "@aurelia/runtime-html" "2.0.0-beta.9"

chalk@^4.0.0:
  version "4.1.2"
  resolved "https://registry.yarnpkg.com/chalk/-/chalk-4.1.2.tgz#aac4e2b7734a740867aeb16bf02aad556a1e7a01"
  integrity sha512-oKnbhFyRIXpUuez8iBMmyEa4nbj4IOQyuhc/wy9kY7/WVPcwIO9VA668Pu8RkO7+0G76SLROeyw9CpQ061i4mA==
  dependencies:
    ansi-styles "^4.1.0"
    supports-color "^7.1.0"

codemirror@^5.65.12:
  version "5.65.16"
  resolved "https://registry.yarnpkg.com/codemirror/-/codemirror-5.65.16.tgz#efc0661be6bf4988a6a1c2fe6893294638cdb334"
  integrity sha512-br21LjYmSlVL0vFCPWPfhzUCT34FM/pAdK7rRIZwa0rrtrIdotvP4Oh4GUHsu2E3IrQMCfRkL/fN3ytMNxVQvg==

color-convert@^2.0.1:
  version "2.0.1"
  resolved "https://registry.yarnpkg.com/color-convert/-/color-convert-2.0.1.tgz#72d3a68d598c9bdb3af2ad1e84f21d896abd4de3"
  integrity sha512-RRECPsj7iu/xb5oKYcsFHSppFNnsj/52OVTRKb4zP5onXwVF3zVmmToNcOfGC+CRDpfK/U584fMg38ZHCaElKQ==
  dependencies:
    color-name "~1.1.4"

color-name@~1.1.4:
  version "1.1.4"
  resolved "https://registry.yarnpkg.com/color-name/-/color-name-1.1.4.tgz#c2a09a87acbde69543de6f63fa3995c826c536a2"
  integrity sha512-dOy+3AuW3a2wNbZHIuMZpTcgjGuLU/uBL/ubcZF9OXbDo8ff4O8yVp5Bf0efS8uEoYo5q4Fx7dY9OgQGXgAsQA==

diff-sequences@^27.5.1:
  version "27.5.1"
  resolved "https://registry.yarnpkg.com/diff-sequences/-/diff-sequences-27.5.1.tgz#eaecc0d327fd68c8d9672a1e64ab8dccb2ef5327"
  integrity sha512-k1gCAXAsNgLwEL+Y8Wvl+M6oEFj5bgazfZULpS5CneoPPXRaCCW7dm+q21Ky2VEE5X+VeRDBVg1Pcvvsr4TtNQ==

has-flag@^4.0.0:
  version "4.0.0"
  resolved "https://registry.yarnpkg.com/has-flag/-/has-flag-4.0.0.tgz#944771fd9c81c81265c4d6941860da06bb59479b"
  integrity sha512-EykJT/Q1KjTWctppgIAgfSO0tKVuZUjhgMr17kqTumMl6Afv3EISleU7qZUzoXDFTAHTDC4NOoG/ZxU3EvlMPQ==

jest-diff@^27.5.1:
  version "27.5.1"
  resolved "https://registry.yarnpkg.com/jest-diff/-/jest-diff-27.5.1.tgz#a07f5011ac9e6643cf8a95a462b7b1ecf6680def"
  integrity sha512-m0NvkX55LDt9T4mctTEgnZk3fmEg3NRYutvMPWM/0iPnkFj2wIeF45O1718cMSOFO1vINkqmxqD8vE37uTEbqw==
  dependencies:
    chalk "^4.0.0"
    diff-sequences "^27.5.1"
    jest-get-type "^27.5.1"
    pretty-format "^27.5.1"

jest-get-type@^27.5.1:
  version "27.5.1"
  resolved "https://registry.yarnpkg.com/jest-get-type/-/jest-get-type-27.5.1.tgz#3cd613c507b0f7ace013df407a1c1cd578bcb4f1"
  integrity sha512-2KY95ksYSaK7DMBWQn6dQz3kqAf3BB64y2udeG+hv4KfSOb9qwcYQstTJc1KCbsix+wLZWZYN8t7nwX3GOBLRw==

jest-matcher-utils@^27.0.0:
  version "27.5.1"
  resolved "https://registry.yarnpkg.com/jest-matcher-utils/-/jest-matcher-utils-27.5.1.tgz#9c0cdbda8245bc22d2331729d1091308b40cf8ab"
  integrity sha512-z2uTx/T6LBaCoNWNFWwChLBKYxTMcGBRjAt+2SbP929/Fflb9aa5LGma654Rz8z9HLxsrUaYzxE9T/EFIL/PAw==
  dependencies:
    chalk "^4.0.0"
    jest-diff "^27.5.1"
    jest-get-type "^27.5.1"
    pretty-format "^27.5.1"

pretty-format@^27.0.0, pretty-format@^27.5.1:
  version "27.5.1"
  resolved "https://registry.yarnpkg.com/pretty-format/-/pretty-format-27.5.1.tgz#2181879fdea51a7a5851fb39d920faa63f01d88e"
  integrity sha512-Qb1gy5OrP5+zDf2Bvnzdl3jsTf1qXVMazbvCoKhtKqVs4/YK4ozX4gKQJJVyNe+cajNPn0KoC0MC3FUmaHWEmQ==
  dependencies:
    ansi-regex "^5.0.1"
    ansi-styles "^5.0.0"
    react-is "^17.0.1"

react-is@^17.0.1:
  version "17.0.2"
  resolved "https://registry.yarnpkg.com/react-is/-/react-is-17.0.2.tgz#e691d4a8e9c789365655539ab372762b0efb54f0"
  integrity sha512-w2GsyukL62IJnlaff/nRegPQR94C/XXamvMWmSHRJ4y7Ts/4ocGRmTHvOs8PSE6pB3dWOrD/nueuU5sduBsQ4w==

supports-color@^7.1.0:
  version "7.2.0"
  resolved "https://registry.yarnpkg.com/supports-color/-/supports-color-7.2.0.tgz#1b7dcdcb32b8138801b3e478ba6a51caa89648da"
  integrity sha512-qpCAvRl9stuOHveKsn7HncJRvv501qIacKzQlO/+Lwxc9+0q2wLyv4Dfvt80/DPn2pqOBsJdDiogXGR9+OvwRw==
  dependencies:
    has-flag "^4.0.0"

typescript@^5:
  version "5.3.3"
  resolved "https://registry.yarnpkg.com/typescript/-/typescript-5.3.3.tgz#b3ce6ba258e72e6305ba66f5c9b452aaee3ffe37"
  integrity sha512-pXWcraxM0uxAS+tN0AG/BF2TyqmHO014Z070UsJ+pFvYuRSq8KH8DmWpnbXe0pEPDHXZV3FcAbJkijJ5oNEnWw==

undici-types@~5.26.4:
  version "5.26.5"
  resolved "https://registry.yarnpkg.com/undici-types/-/undici-types-5.26.5.tgz#bcd539893d00b56e964fd2657a4866b221a65617"
  integrity sha512-JlCMO+ehdEIKqlFxk6IfVoAUVmgz7cU7zD/h9XZ0qzeosSHmUJVOzSQvvYSYWXkFXC+IfLKSIffhv0sVZup6pA==
