# THIS IS AN AUTOGENERATED FILE. DO NOT EDIT THIS FILE DIRECTLY.
# yarn lockfile v1


"@aurelia/fetch-client@2.0.0-alpha.23":
  version "2.0.0-alpha.23"
  resolved "https://registry.yarnpkg.com/@aurelia/fetch-client/-/fetch-client-2.0.0-alpha.23.tgz#e38eb0530ac095cbc145fca6a97835fb2d2d5455"
  integrity sha512-7+0en83q0m8iaq6GbtlsJeK/G8utO0gyoIydFQcq7H7Fc48i0LzbIAHQiu/SismxK/bPj4ZqTq0wEa7i9n2uAA==
  dependencies:
    "@aurelia/kernel" "2.0.0-alpha.23"
    "@aurelia/metadata" "2.0.0-alpha.23"

"@aurelia/kernel@2.0.0-alpha.23":
  version "2.0.0-alpha.23"
  resolved "https://registry.yarnpkg.com/@aurelia/kernel/-/kernel-2.0.0-alpha.23.tgz#9ef04b0e78735fae454485d06e445759117b4a36"
  integrity sha512-uLtk1zXvju6nIS/iu67hooPx6/RyQ04fgV38NF0y9GVTkq4Rg+8c7+YizLv3w2533sNOHCr3Og0PPr+xaxlPeg==
  dependencies:
    "@aurelia/metadata" "2.0.0-alpha.23"
    "@aurelia/platform" "2.0.0-alpha.23"

"@aurelia/metadata@2.0.0-alpha.23":
  version "2.0.0-alpha.23"
  resolved "https://registry.yarnpkg.com/@aurelia/metadata/-/metadata-2.0.0-alpha.23.tgz#6f854bc265f77e3fc47686b04e27461250d4f92a"
  integrity sha512-M7QWktVgXS5eRioj1+V4/DH3vB9oayYeAohzVeg+gzgiOFD2yfYbEG5PuXAqWCYcKiLDamfBOwTabpTz4DKZoA==

"@aurelia/platform-browser@2.0.0-alpha.23":
  version "2.0.0-alpha.23"
  resolved "https://registry.yarnpkg.com/@aurelia/platform-browser/-/platform-browser-2.0.0-alpha.23.tgz#d5fc0852b612f952be3cc4b2d23129913c0fd4d5"
  integrity sha512-+uVlpP91r+hcPXprKAY3l1yk/fbxdmspFI955mi0SKaIgeB7mxRAjKtbRJ6Yli9aEMoTq+Tj3E8qHxwFaL+mzg==
  dependencies:
    "@aurelia/platform" "2.0.0-alpha.23"

"@aurelia/platform@2.0.0-alpha.23":
  version "2.0.0-alpha.23"
  resolved "https://registry.yarnpkg.com/@aurelia/platform/-/platform-2.0.0-alpha.23.tgz#7faf94042aaaaba7fdbb713a2b805bd71d52dd33"
  integrity sha512-gsC6TtKFFqiFrTINSQ5ZKbOl3yOwd7uYo46TheSUgNx501WAtW5GedA9uagbbNK+ofzlj20x24lx3b/uKOxSiQ==

"@aurelia/route-recognizer@2.0.0-alpha.23":
  version "2.0.0-alpha.23"
  resolved "https://registry.yarnpkg.com/@aurelia/route-recognizer/-/route-recognizer-2.0.0-alpha.23.tgz#ff8ee69abe51a7abe1967fcdbf693bc88b71c115"
  integrity sha512-M9EEiU3RQEi/OwFJx5Bvwp6GYKLx1uDKdbfTGekxUSX3qB9zMkeJMWXDDFXjgrzR+Zs01n1sJptHc/PEAVr7Dw==

"@aurelia/router@2.0.0-alpha.23":
  version "2.0.0-alpha.23"
  resolved "https://registry.yarnpkg.com/@aurelia/router/-/router-2.0.0-alpha.23.tgz#2b2e4182fe8048bf14ca8b14250f1901ce4bdaa5"
  integrity sha512-AZBgl5DuIdyxYeRs2LhybNWnGH90s9EviVPqhBEu8Aq2p3kzbteDDcBsSwM31NWlvEyiKgs4wB0DIjMoXICq7w==
  dependencies:
    "@aurelia/kernel" "2.0.0-alpha.23"
    "@aurelia/metadata" "2.0.0-alpha.23"
    "@aurelia/platform" "2.0.0-alpha.23"
    "@aurelia/platform-browser" "2.0.0-alpha.23"
    "@aurelia/route-recognizer" "2.0.0-alpha.23"
    "@aurelia/runtime" "2.0.0-alpha.23"
    "@aurelia/runtime-html" "2.0.0-alpha.23"

"@aurelia/runtime-html@2.0.0-alpha.23":
  version "2.0.0-alpha.23"
  resolved "https://registry.yarnpkg.com/@aurelia/runtime-html/-/runtime-html-2.0.0-alpha.23.tgz#32b0f042e37d11c0132853deea28f0eee9a1ad9f"
  integrity sha512-mSEssTuHQblirMqDc+lqdNVnM+bPWjauPyhIgieRa9SLbBabRLhp/2vOlKD1j8k1Tj+r7M++hwDWGwTp1YQsTg==
  dependencies:
    "@aurelia/kernel" "2.0.0-alpha.23"
    "@aurelia/metadata" "2.0.0-alpha.23"
    "@aurelia/platform" "2.0.0-alpha.23"
    "@aurelia/platform-browser" "2.0.0-alpha.23"
    "@aurelia/runtime" "2.0.0-alpha.23"

"@aurelia/runtime@2.0.0-alpha.23":
  version "2.0.0-alpha.23"
  resolved "https://registry.yarnpkg.com/@aurelia/runtime/-/runtime-2.0.0-alpha.23.tgz#65b3632b3f2ecb93c52c9f8a8920992e16b7f981"
  integrity sha512-CX7wNVp+7bkemwS+HMq6GBGwJlZTlfDT/zDJaw6fjyF/QIEHUhjRujQBWbjEKAeR0abIACvw+I153S/aF/YwCg==
  dependencies:
    "@aurelia/kernel" "2.0.0-alpha.23"
    "@aurelia/metadata" "2.0.0-alpha.23"
    "@aurelia/platform" "2.0.0-alpha.23"

"@aurelia/testing@latest":
  version "2.0.0-alpha.23"
  resolved "https://registry.yarnpkg.com/@aurelia/testing/-/testing-2.0.0-alpha.23.tgz#4e0b9541e1451488d2677443de284bf692d32786"
  integrity sha512-eDj2q4NenRdHx5PxzMswqkQb1lzqFKEh1QuqR8bFdyjspbSmiV9Cxo6FC1RkJCcG4oyVY/EafmXUDHUPt9U8jg==
  dependencies:
    "@aurelia/kernel" "2.0.0-alpha.23"
    "@aurelia/metadata" "2.0.0-alpha.23"
    "@aurelia/platform" "2.0.0-alpha.23"
    "@aurelia/platform-browser" "2.0.0-alpha.23"
    "@aurelia/runtime" "2.0.0-alpha.23"
    "@aurelia/runtime-html" "2.0.0-alpha.23"

"@types/jest@^27.0.3":
  version "27.4.0"
  resolved "https://registry.yarnpkg.com/@types/jest/-/jest-27.4.0.tgz#037ab8b872067cae842a320841693080f9cb84ed"
  integrity sha512-gHl8XuC1RZ8H2j5sHv/JqsaxXkDDM9iDOgu0Wp8sjs4u/snb2PVehyWXJPr+ORA0RPpgw231mnutWI1+0hgjIQ==
  dependencies:
    jest-diff "^27.0.0"
    pretty-format "^27.0.0"

"@types/node@^16.11.10":
  version "16.11.19"
  resolved "https://registry.yarnpkg.com/@types/node/-/node-16.11.19.tgz#1afa165146997b8286b6eabcb1c2d50729055169"
  integrity sha512-BPAcfDPoHlRQNKktbsbnpACGdypPFBuX4xQlsWDE7B8XXcfII+SpOLay3/qZmCLb39kV5S1RTYwXdkx2lwLYng==

ansi-regex@^5.0.1:
  version "5.0.1"
  resolved "https://registry.yarnpkg.com/ansi-regex/-/ansi-regex-5.0.1.tgz#082cb2c89c9fe8659a311a53bd6a4dc5301db304"
  integrity sha512-quJQXlTSUGL2LH9SUXo8VwsY4soanhgo6LNSm84E1LBcE8s3O0wpdiRzyR9z/ZZJMlMWv37qOOb9pdJlMUEKFQ==

ansi-styles@^4.1.0:
  version "4.3.0"
  resolved "https://registry.yarnpkg.com/ansi-styles/-/ansi-styles-4.3.0.tgz#edd803628ae71c04c85ae7a0906edad34b648937"
  integrity sha512-zbB9rCJAT1rbjiVDb2hqKFHNYLxgtk8NURxZ3IZwD3F6NtxbXZQCnnSi1Lkx+IDohdPlFp222wVALIheZJQSEg==
  dependencies:
    color-convert "^2.0.1"

ansi-styles@^5.0.0:
  version "5.2.0"
  resolved "https://registry.yarnpkg.com/ansi-styles/-/ansi-styles-5.2.0.tgz#07449690ad45777d1924ac2abb2fc8895dba836b"
  integrity sha512-Cxwpt2SfTzTtXcfOlzGEee8O+c+MmUgGrNiBcXnuWxuFJHe6a5Hz7qwhwe5OgaSYI0IJvkLqWX1ASG+cJOkEiA==

aurelia@latest:
  version "2.0.0-alpha.23"
  resolved "https://registry.yarnpkg.com/aurelia/-/aurelia-2.0.0-alpha.23.tgz#9a72f573e66ebd5172795ebbff374faa6d4a897c"
  integrity sha512-+UhPHyncWiRizoE1IhupfV/G/nOXZpQImjid82AR1oWxGpyfmQfksNq+RtAZIiaNbIJVBytIgJHc6lwzsoVNqA==
  dependencies:
    "@aurelia/fetch-client" "2.0.0-alpha.23"
    "@aurelia/kernel" "2.0.0-alpha.23"
    "@aurelia/metadata" "2.0.0-alpha.23"
    "@aurelia/platform" "2.0.0-alpha.23"
    "@aurelia/platform-browser" "2.0.0-alpha.23"
    "@aurelia/route-recognizer" "2.0.0-alpha.23"
    "@aurelia/router" "2.0.0-alpha.23"
    "@aurelia/runtime" "2.0.0-alpha.23"
    "@aurelia/runtime-html" "2.0.0-alpha.23"

chalk@^4.0.0:
  version "4.1.2"
  resolved "https://registry.yarnpkg.com/chalk/-/chalk-4.1.2.tgz#aac4e2b7734a740867aeb16bf02aad556a1e7a01"
  integrity sha512-oKnbhFyRIXpUuez8iBMmyEa4nbj4IOQyuhc/wy9kY7/WVPcwIO9VA668Pu8RkO7+0G76SLROeyw9CpQ061i4mA==
  dependencies:
    ansi-styles "^4.1.0"
    supports-color "^7.1.0"

codemirror@^5.65.0:
  version "5.65.0"
  resolved "https://registry.yarnpkg.com/codemirror/-/codemirror-5.65.0.tgz#50344359393579f526ca53797e510ff75477117f"
  integrity sha512-gWEnHKEcz1Hyz7fsQWpK7P0sPI2/kSkRX2tc7DFA6TmZuDN75x/1ejnH/Pn8adYKrLEA1V2ww6L00GudHZbSKw==

color-convert@^2.0.1:
  version "2.0.1"
  resolved "https://registry.yarnpkg.com/color-convert/-/color-convert-2.0.1.tgz#72d3a68d598c9bdb3af2ad1e84f21d896abd4de3"
  integrity sha512-RRECPsj7iu/xb5oKYcsFHSppFNnsj/52OVTRKb4zP5onXwVF3zVmmToNcOfGC+CRDpfK/U584fMg38ZHCaElKQ==
  dependencies:
    color-name "~1.1.4"

color-name@~1.1.4:
  version "1.1.4"
  resolved "https://registry.yarnpkg.com/color-name/-/color-name-1.1.4.tgz#c2a09a87acbde69543de6f63fa3995c826c536a2"
  integrity sha512-dOy+3AuW3a2wNbZHIuMZpTcgjGuLU/uBL/ubcZF9OXbDo8ff4O8yVp5Bf0efS8uEoYo5q4Fx7dY9OgQGXgAsQA==

diff-sequences@^27.4.0:
  version "27.4.0"
  resolved "https://registry.yarnpkg.com/diff-sequences/-/diff-sequences-27.4.0.tgz#d783920ad8d06ec718a060d00196dfef25b132a5"
  integrity sha512-YqiQzkrsmHMH5uuh8OdQFU9/ZpADnwzml8z0O5HvRNda+5UZsaX/xN+AAxfR2hWq1Y7HZnAzO9J5lJXOuDz2Ww==

has-flag@^4.0.0:
  version "4.0.0"
  resolved "https://registry.yarnpkg.com/has-flag/-/has-flag-4.0.0.tgz#944771fd9c81c81265c4d6941860da06bb59479b"
  integrity sha512-EykJT/Q1KjTWctppgIAgfSO0tKVuZUjhgMr17kqTumMl6Afv3EISleU7qZUzoXDFTAHTDC4NOoG/ZxU3EvlMPQ==

jest-diff@^27.0.0:
  version "27.4.6"
  resolved "https://registry.yarnpkg.com/jest-diff/-/jest-diff-27.4.6.tgz#93815774d2012a2cbb6cf23f84d48c7a2618f98d"
  integrity sha512-zjaB0sh0Lb13VyPsd92V7HkqF6yKRH9vm33rwBt7rPYrpQvS1nCvlIy2pICbKta+ZjWngYLNn4cCK4nyZkjS/w==
  dependencies:
    chalk "^4.0.0"
    diff-sequences "^27.4.0"
    jest-get-type "^27.4.0"
    pretty-format "^27.4.6"

jest-get-type@^27.4.0:
  version "27.4.0"
  resolved "https://registry.yarnpkg.com/jest-get-type/-/jest-get-type-27.4.0.tgz#7503d2663fffa431638337b3998d39c5e928e9b5"
  integrity sha512-tk9o+ld5TWq41DkK14L4wox4s2D9MtTpKaAVzXfr5CUKm5ZK2ExcaFE0qls2W71zE/6R2TxxrK9w2r6svAFDBQ==

pretty-format@^27.0.0, pretty-format@^27.4.6:
  version "27.4.6"
  resolved "https://registry.yarnpkg.com/pretty-format/-/pretty-format-27.4.6.tgz#1b784d2f53c68db31797b2348fa39b49e31846b7"
  integrity sha512-NblstegA1y/RJW2VyML+3LlpFjzx62cUrtBIKIWDXEDkjNeleA7Od7nrzcs/VLQvAeV4CgSYhrN39DRN88Qi/g==
  dependencies:
    ansi-regex "^5.0.1"
    ansi-styles "^5.0.0"
    react-is "^17.0.1"

react-is@^17.0.1:
  version "17.0.2"
  resolved "https://registry.yarnpkg.com/react-is/-/react-is-17.0.2.tgz#e691d4a8e9c789365655539ab372762b0efb54f0"
  integrity sha512-w2GsyukL62IJnlaff/nRegPQR94C/XXamvMWmSHRJ4y7Ts/4ocGRmTHvOs8PSE6pB3dWOrD/nueuU5sduBsQ4w==

supports-color@^7.1.0:
  version "7.2.0"
  resolved "https://registry.yarnpkg.com/supports-color/-/supports-color-7.2.0.tgz#1b7dcdcb32b8138801b3e478ba6a51caa89648da"
  integrity sha512-qpCAvRl9stuOHveKsn7HncJRvv501qIacKzQlO/+Lwxc9+0q2wLyv4Dfvt80/DPn2pqOBsJdDiogXGR9+OvwRw==
  dependencies:
    has-flag "^4.0.0"

typescript@^4.5.2:
  version "4.5.4"
  resolved "https://registry.yarnpkg.com/typescript/-/typescript-4.5.4.tgz#a17d3a0263bf5c8723b9c52f43c5084edf13c2e8"
  integrity sha512-VgYs2A2QIRuGphtzFV7aQJduJ2gyfTljngLzjpfW9FoYZF6xuw1W0vW9ghCKLfcWrCFxK81CSGRAvS1pn4fIUg==
