{
  "name": "@aegenet/au2-prism",
  "version": "0.0.0-dev",
  "lockfileVersion": 3,
  "requires": true,
  "packages": {
    "": {
      "name": "@aegenet/au2-prism",
      "version": "0.0.0-dev",
      "license": "MIT",
      "dependencies": {
        "prismjs": "^1.29.0"
      },
      "devDependencies": {
        "@aurelia/testing": "^2.0.0-beta.20",
        "@types/prismjs": "^1.26.4",
        "typescript": "^5"
      },
      "peerDependencies": {
        "aurelia": "^2.0.0-beta.20"
      }
    },
    "node_modules/@aurelia/expression-parser": {
      "version": "2.0.0-beta.20",
      "license": "MIT",
      "dependencies": {
        "@aurelia/kernel": "2.0.0-beta.20"
      },
      "engines": {
        "node": ">=14.17.0"
      }
    },
    "node_modules/@aurelia/fetch-client": {
      "version": "2.0.0-beta.20",
      "license": "MIT",
      "peer": true,
      "dependencies": {
        "@aurelia/kernel": "2.0.0-beta.20",
        "@aurelia/metadata": "2.0.0-beta.20"
      },
      "engines": {
        "node": ">=14.17.0"
      }
    },
    "node_modules/@aurelia/kernel": {
      "version": "2.0.0-beta.20",
      "license": "MIT",
      "dependencies": {
        "@aurelia/metadata": "2.0.0-beta.20",
        "@aurelia/platform": "2.0.0-beta.20"
      },
      "engines": {
        "node": ">=14.17.0"
      }
    },
    "node_modules/@aurelia/metadata": {
      "version": "2.0.0-beta.20",
      "license": "MIT",
      "engines": {
        "node": ">=14.17.0"
      }
    },
    "node_modules/@aurelia/platform": {
      "version": "2.0.0-beta.20",
      "license": "MIT",
      "engines": {
        "node": ">=14.17.0"
      }
    },
    "node_modules/@aurelia/platform-browser": {
      "version": "2.0.0-beta.20",
      "license": "MIT",
      "dependencies": {
        "@aurelia/platform": "2.0.0-beta.20"
      },
      "engines": {
        "node": ">=14.17.0"
      }
    },
    "node_modules/@aurelia/runtime": {
      "version": "2.0.0-beta.20",
      "license": "MIT",
      "dependencies": {
        "@aurelia/expression-parser": "2.0.0-beta.20",
        "@aurelia/kernel": "2.0.0-beta.20",
        "@aurelia/metadata": "2.0.0-beta.20",
        "@aurelia/platform": "2.0.0-beta.20"
      },
      "engines": {
        "node": ">=14.17.0"
      }
    },
    "node_modules/@aurelia/runtime-html": {
      "version": "2.0.0-beta.20",
      "license": "MIT",
      "dependencies": {
        "@aurelia/expression-parser": "2.0.0-beta.20",
        "@aurelia/kernel": "2.0.0-beta.20",
        "@aurelia/metadata": "2.0.0-beta.20",
        "@aurelia/platform": "2.0.0-beta.20",
        "@aurelia/platform-browser": "2.0.0-beta.20",
        "@aurelia/runtime": "2.0.0-beta.20",
        "@aurelia/template-compiler": "2.0.0-beta.20"
      },
      "engines": {
        "node": ">=14.17.0"
      }
    },
    "node_modules/@aurelia/template-compiler": {
      "version": "2.0.0-beta.20",
      "license": "MIT",
      "dependencies": {
        "@aurelia/expression-parser": "2.0.0-beta.20",
        "@aurelia/kernel": "2.0.0-beta.20",
        "@aurelia/metadata": "2.0.0-beta.20"
      },
      "engines": {
        "node": ">=14.17.0"
      }
    },
    "node_modules/@aurelia/testing": {
      "version": "2.0.0-beta.20",
      "dev": true,
      "license": "MIT",
      "dependencies": {
        "@aurelia/kernel": "2.0.0-beta.20",
        "@aurelia/metadata": "2.0.0-beta.20",
        "@aurelia/platform": "2.0.0-beta.20",
        "@aurelia/platform-browser": "2.0.0-beta.20",
        "@aurelia/runtime": "2.0.0-beta.20",
        "@aurelia/runtime-html": "2.0.0-beta.20",
        "@aurelia/template-compiler": "2.0.0-beta.20"
      },
      "engines": {
        "node": ">=14.17.0"
      }
    },
    "node_modules/@types/prismjs": {
      "version": "1.26.4",
      "dev": true,
      "license": "MIT"
    },
    "node_modules/aurelia": {
      "version": "2.0.0-beta.20",
      "license": "MIT",
      "peer": true,
      "dependencies": {
        "@aurelia/expression-parser": "2.0.0-beta.20",
        "@aurelia/fetch-client": "2.0.0-beta.20",
        "@aurelia/kernel": "2.0.0-beta.20",
        "@aurelia/metadata": "2.0.0-beta.20",
        "@aurelia/platform": "2.0.0-beta.20",
        "@aurelia/platform-browser": "2.0.0-beta.20",
        "@aurelia/runtime": "2.0.0-beta.20",
        "@aurelia/runtime-html": "2.0.0-beta.20",
        "@aurelia/template-compiler": "2.0.0-beta.20"
      },
      "engines": {
        "node": ">=14.17.0"
      }
    },
    "node_modules/prismjs": {
      "version": "1.29.0",
      "license": "MIT",
      "engines": {
        "node": ">=6"
      }
    },
    "node_modules/typescript": {
      "version": "5.5.4",
      "dev": true,
      "license": "Apache-2.0",
      "bin": {
        "tsc": "bin/tsc",
        "tsserver": "bin/tsserver"
      },
      "engines": {
        "node": ">=14.17"
      }
    }
  }
}
