# THIS IS AN AUTOGENERATED FILE. DO NOT EDIT THIS FILE DIRECTLY.
# yarn lockfile v1


"@aurelia/fetch-client@2.0.0-beta.1":
  version "2.0.0-beta.1"
  resolved "https://registry.yarnpkg.com/@aurelia/fetch-client/-/fetch-client-2.0.0-beta.1.tgz#ebb85d6a89dfaa88d4ad83003497432cef11d0f8"
  integrity sha512-KKcvNS3Q1KGLGo21Lnz8yQcFlqCm7nATxQuKSEkuTBhKdIaZblOgwyMq2hOiAkXyWZm/rUErF31lO6sWwUX/Tg==
  dependencies:
    "@aurelia/kernel" "2.0.0-beta.1"
    "@aurelia/metadata" "2.0.0-beta.1"

"@aurelia/kernel@2.0.0-beta.1":
  version "2.0.0-beta.1"
  resolved "https://registry.yarnpkg.com/@aurelia/kernel/-/kernel-2.0.0-beta.1.tgz#b4b062d1dc2dce11f132292e580667db74de5ff7"
  integrity sha512-hgNEbS+M9v1voSnTTfHFdHUd0fA6B4b/v8hFIjGENIXMoo0SaSsbeerlThZAIibwB++fY0S7gOiOzHRTUkTe9g==
  dependencies:
    "@aurelia/metadata" "2.0.0-beta.1"
    "@aurelia/platform" "2.0.0-beta.1"

"@aurelia/metadata@2.0.0-beta.1":
  version "2.0.0-beta.1"
  resolved "https://registry.yarnpkg.com/@aurelia/metadata/-/metadata-2.0.0-beta.1.tgz#8a4c47686bbfe0f50fb11c60990a6e539a5c21cd"
  integrity sha512-5+Hd1t++BaGqUVYPMcWd88Oz/j227rEcAGHz21ZxsgaIGhe844xl2lVKIzTQqYLhxoANHHO+WcDnsUNqx8XC4A==

"@aurelia/platform-browser@2.0.0-beta.1":
  version "2.0.0-beta.1"
  resolved "https://registry.yarnpkg.com/@aurelia/platform-browser/-/platform-browser-2.0.0-beta.1.tgz#3bccf8e3e408f1df8a4974c38afbbd93f1155fb4"
  integrity sha512-btPHTaN0ADDceY2eTWuPiYkDh2Xyx2mcRNwGCi+nCE3AY7cAlMNzgGs7wuAX0WPec6LVrx9Xxmz70z4yOf7ZjA==
  dependencies:
    "@aurelia/platform" "2.0.0-beta.1"

"@aurelia/platform@2.0.0-beta.1":
  version "2.0.0-beta.1"
  resolved "https://registry.yarnpkg.com/@aurelia/platform/-/platform-2.0.0-beta.1.tgz#eb1510cfbd7ec2775110246ba4fbc0c5c1b0a355"
  integrity sha512-vG+EJ+BSTacQJpn5CK9wU6Rx9KQ1ovEzHK6vhXHJwBqP4QjM086o49ibS28pjAtDILpQlM4MDrf+IHhsIS8cGg==

"@aurelia/runtime-html@2.0.0-beta.1":
  version "2.0.0-beta.1"
  resolved "https://registry.yarnpkg.com/@aurelia/runtime-html/-/runtime-html-2.0.0-beta.1.tgz#8598da72f3fdbad2f36f2d9a50838c241b8f6c89"
  integrity sha512-U57Aiq+/WzzM7ffJllfyzJJTU2GsEl5Ujs74FZkmtTKdGgHY1qZ05k+bWZGBgOD7h4Es239Eo3iFP+FNI8StAw==
  dependencies:
    "@aurelia/kernel" "2.0.0-beta.1"
    "@aurelia/metadata" "2.0.0-beta.1"
    "@aurelia/platform" "2.0.0-beta.1"
    "@aurelia/platform-browser" "2.0.0-beta.1"
    "@aurelia/runtime" "2.0.0-beta.1"

"@aurelia/runtime@2.0.0-beta.1":
  version "2.0.0-beta.1"
  resolved "https://registry.yarnpkg.com/@aurelia/runtime/-/runtime-2.0.0-beta.1.tgz#eecd87059d0ebad04f6629033d4748a77f968219"
  integrity sha512-O28wtc+79slB9upOWM9BgBtgd8OhHzPDPVHweyReBOpIleX3mdd7zhqxIOMedd2ExzmNtgPWShr7yMj9bHU7CQ==
  dependencies:
    "@aurelia/kernel" "2.0.0-beta.1"
    "@aurelia/metadata" "2.0.0-beta.1"
    "@aurelia/platform" "2.0.0-beta.1"

"@aurelia/testing@^2.0.0-beta.1":
  version "2.0.0-beta.1"
  resolved "https://registry.yarnpkg.com/@aurelia/testing/-/testing-2.0.0-beta.1.tgz#f13f071ce6fb1b60a48b084881acb24776f51f17"
  integrity sha512-SfBgp5XfH42aQ1XyBkfR6OJNrbBK/ZLBKPjXjciG2vdollcxS8NoYhS8iPA1yNBO5pyrYAkCtH1aUFSSZd3K3Q==
  dependencies:
    "@aurelia/kernel" "2.0.0-beta.1"
    "@aurelia/metadata" "2.0.0-beta.1"
    "@aurelia/platform" "2.0.0-beta.1"
    "@aurelia/platform-browser" "2.0.0-beta.1"
    "@aurelia/runtime" "2.0.0-beta.1"
    "@aurelia/runtime-html" "2.0.0-beta.1"

"@types/jest@^27":
  version "27.5.2"
  resolved "https://registry.yarnpkg.com/@types/jest/-/jest-27.5.2.tgz#ec49d29d926500ffb9fd22b84262e862049c026c"
  integrity sha512-mpT8LJJ4CMeeahobofYWIjFo0xonRS/HfxnVEPMPFSQdGUt1uHCnoPT7Zhb+sjDU2wz0oKV0OLUR0WzrHNgfeA==
  dependencies:
    jest-matcher-utils "^27.0.0"
    pretty-format "^27.0.0"

"@types/node@^18.11.18":
  version "18.11.18"
  resolved "https://registry.yarnpkg.com/@types/node/-/node-18.11.18.tgz#8dfb97f0da23c2293e554c5a50d61ef134d7697f"
  integrity sha512-DHQpWGjyQKSHj3ebjFI/wRKcqQcdR+MoFBygntYOZytCqNfkd2ZC4ARDJ2DQqhjH5p85Nnd3jhUJIXrszFX/JA==

ansi-regex@^5.0.1:
  version "5.0.1"
  resolved "https://registry.yarnpkg.com/ansi-regex/-/ansi-regex-5.0.1.tgz#082cb2c89c9fe8659a311a53bd6a4dc5301db304"
  integrity sha512-quJQXlTSUGL2LH9SUXo8VwsY4soanhgo6LNSm84E1LBcE8s3O0wpdiRzyR9z/ZZJMlMWv37qOOb9pdJlMUEKFQ==

ansi-styles@^4.1.0:
  version "4.3.0"
  resolved "https://registry.yarnpkg.com/ansi-styles/-/ansi-styles-4.3.0.tgz#edd803628ae71c04c85ae7a0906edad34b648937"
  integrity sha512-zbB9rCJAT1rbjiVDb2hqKFHNYLxgtk8NURxZ3IZwD3F6NtxbXZQCnnSi1Lkx+IDohdPlFp222wVALIheZJQSEg==
  dependencies:
    color-convert "^2.0.1"

ansi-styles@^5.0.0:
  version "5.2.0"
  resolved "https://registry.yarnpkg.com/ansi-styles/-/ansi-styles-5.2.0.tgz#07449690ad45777d1924ac2abb2fc8895dba836b"
  integrity sha512-Cxwpt2SfTzTtXcfOlzGEee8O+c+MmUgGrNiBcXnuWxuFJHe6a5Hz7qwhwe5OgaSYI0IJvkLqWX1ASG+cJOkEiA==

aurelia@^2.0.0-beta.1:
  version "2.0.0-beta.1"
  resolved "https://registry.yarnpkg.com/aurelia/-/aurelia-2.0.0-beta.1.tgz#5ce2c2c2f5818f6e52dc93d9e8dae586c9347743"
  integrity sha512-+Cw1FCecSR/GxNANOEEFkmsk/CRYRkvGJKxsdanS7axxm3h7TM9Ht86cW2JvwusxDjOo1PJfrl+8bX7YdorY+Q==
  dependencies:
    "@aurelia/fetch-client" "2.0.0-beta.1"
    "@aurelia/kernel" "2.0.0-beta.1"
    "@aurelia/metadata" "2.0.0-beta.1"
    "@aurelia/platform" "2.0.0-beta.1"
    "@aurelia/platform-browser" "2.0.0-beta.1"
    "@aurelia/runtime" "2.0.0-beta.1"
    "@aurelia/runtime-html" "2.0.0-beta.1"

chalk@^4.0.0:
  version "4.1.2"
  resolved "https://registry.yarnpkg.com/chalk/-/chalk-4.1.2.tgz#aac4e2b7734a740867aeb16bf02aad556a1e7a01"
  integrity sha512-oKnbhFyRIXpUuez8iBMmyEa4nbj4IOQyuhc/wy9kY7/WVPcwIO9VA668Pu8RkO7+0G76SLROeyw9CpQ061i4mA==
  dependencies:
    ansi-styles "^4.1.0"
    supports-color "^7.1.0"

color-convert@^2.0.1:
  version "2.0.1"
  resolved "https://registry.yarnpkg.com/color-convert/-/color-convert-2.0.1.tgz#72d3a68d598c9bdb3af2ad1e84f21d896abd4de3"
  integrity sha512-RRECPsj7iu/xb5oKYcsFHSppFNnsj/52OVTRKb4zP5onXwVF3zVmmToNcOfGC+CRDpfK/U584fMg38ZHCaElKQ==
  dependencies:
    color-name "~1.1.4"

color-name@~1.1.4:
  version "1.1.4"
  resolved "https://registry.yarnpkg.com/color-name/-/color-name-1.1.4.tgz#c2a09a87acbde69543de6f63fa3995c826c536a2"
  integrity sha512-dOy+3AuW3a2wNbZHIuMZpTcgjGuLU/uBL/ubcZF9OXbDo8ff4O8yVp5Bf0efS8uEoYo5q4Fx7dY9OgQGXgAsQA==

diff-sequences@^27.5.1:
  version "27.5.1"
  resolved "https://registry.yarnpkg.com/diff-sequences/-/diff-sequences-27.5.1.tgz#eaecc0d327fd68c8d9672a1e64ab8dccb2ef5327"
  integrity sha512-k1gCAXAsNgLwEL+Y8Wvl+M6oEFj5bgazfZULpS5CneoPPXRaCCW7dm+q21Ky2VEE5X+VeRDBVg1Pcvvsr4TtNQ==

has-flag@^4.0.0:
  version "4.0.0"
  resolved "https://registry.yarnpkg.com/has-flag/-/has-flag-4.0.0.tgz#944771fd9c81c81265c4d6941860da06bb59479b"
  integrity sha512-EykJT/Q1KjTWctppgIAgfSO0tKVuZUjhgMr17kqTumMl6Afv3EISleU7qZUzoXDFTAHTDC4NOoG/ZxU3EvlMPQ==

jest-diff@^27.5.1:
  version "27.5.1"
  resolved "https://registry.yarnpkg.com/jest-diff/-/jest-diff-27.5.1.tgz#a07f5011ac9e6643cf8a95a462b7b1ecf6680def"
  integrity sha512-m0NvkX55LDt9T4mctTEgnZk3fmEg3NRYutvMPWM/0iPnkFj2wIeF45O1718cMSOFO1vINkqmxqD8vE37uTEbqw==
  dependencies:
    chalk "^4.0.0"
    diff-sequences "^27.5.1"
    jest-get-type "^27.5.1"
    pretty-format "^27.5.1"

jest-get-type@^27.5.1:
  version "27.5.1"
  resolved "https://registry.yarnpkg.com/jest-get-type/-/jest-get-type-27.5.1.tgz#3cd613c507b0f7ace013df407a1c1cd578bcb4f1"
  integrity sha512-2KY95ksYSaK7DMBWQn6dQz3kqAf3BB64y2udeG+hv4KfSOb9qwcYQstTJc1KCbsix+wLZWZYN8t7nwX3GOBLRw==

jest-matcher-utils@^27.0.0:
  version "27.5.1"
  resolved "https://registry.yarnpkg.com/jest-matcher-utils/-/jest-matcher-utils-27.5.1.tgz#9c0cdbda8245bc22d2331729d1091308b40cf8ab"
  integrity sha512-z2uTx/T6LBaCoNWNFWwChLBKYxTMcGBRjAt+2SbP929/Fflb9aa5LGma654Rz8z9HLxsrUaYzxE9T/EFIL/PAw==
  dependencies:
    chalk "^4.0.0"
    jest-diff "^27.5.1"
    jest-get-type "^27.5.1"
    pretty-format "^27.5.1"

pretty-format@^27.0.0, pretty-format@^27.5.1:
  version "27.5.1"
  resolved "https://registry.yarnpkg.com/pretty-format/-/pretty-format-27.5.1.tgz#2181879fdea51a7a5851fb39d920faa63f01d88e"
  integrity sha512-Qb1gy5OrP5+zDf2Bvnzdl3jsTf1qXVMazbvCoKhtKqVs4/YK4ozX4gKQJJVyNe+cajNPn0KoC0MC3FUmaHWEmQ==
  dependencies:
    ansi-regex "^5.0.1"
    ansi-styles "^5.0.0"
    react-is "^17.0.1"

prismjs@^1.28.0:
  version "1.29.0"
  resolved "https://registry.yarnpkg.com/prismjs/-/prismjs-1.29.0.tgz#f113555a8fa9b57c35e637bba27509dcf802dd12"
  integrity sha512-Kx/1w86q/epKcmte75LNrEoT+lX8pBpavuAbvJWRXar7Hz8jrtF+e3vY751p0R8H9HdArwaCTNDDzHg/ScJK1Q==

react-is@^17.0.1:
  version "17.0.2"
  resolved "https://registry.yarnpkg.com/react-is/-/react-is-17.0.2.tgz#e691d4a8e9c789365655539ab372762b0efb54f0"
  integrity sha512-w2GsyukL62IJnlaff/nRegPQR94C/XXamvMWmSHRJ4y7Ts/4ocGRmTHvOs8PSE6pB3dWOrD/nueuU5sduBsQ4w==

supports-color@^7.1.0:
  version "7.2.0"
  resolved "https://registry.yarnpkg.com/supports-color/-/supports-color-7.2.0.tgz#1b7dcdcb32b8138801b3e478ba6a51caa89648da"
  integrity sha512-qpCAvRl9stuOHveKsn7HncJRvv501qIacKzQlO/+Lwxc9+0q2wLyv4Dfvt80/DPn2pqOBsJdDiogXGR9+OvwRw==
  dependencies:
    has-flag "^4.0.0"

typescript@~4.7:
  version "4.7.4"
  resolved "https://registry.yarnpkg.com/typescript/-/typescript-4.7.4.tgz#1a88596d1cf47d59507a1bcdfb5b9dfe4d488235"
  integrity sha512-C0WQT0gezHuw6AdY1M2jxUO83Rjf0HP7Sk1DtXj6j1EwkQNZrHAg2XPWlq62oqEhYvONq5pkC2Y9oPljWToLmQ==
