# THIS IS AN AUTOGENERATED FILE. DO NOT EDIT THIS FILE DIRECTLY.
# yarn lockfile v1


"@aurelia/fetch-client@2.0.0-alpha.27":
  version "2.0.0-alpha.27"
  resolved "https://registry.yarnpkg.com/@aurelia/fetch-client/-/fetch-client-2.0.0-alpha.27.tgz#cef50af038e28b76507c7f2bcbb079e60273ec10"
  integrity sha512-xLsp2o7fb9EpviUs9fHOSkzDVp9J8YIv4jJxV+juynFxpfmXCquCtz1L4OZgxNx+Hr2MFoZFAHZLNcAybXnzqw==
  dependencies:
    "@aurelia/kernel" "2.0.0-alpha.27"
    "@aurelia/metadata" "2.0.0-alpha.27"

"@aurelia/kernel@2.0.0-alpha.27":
  version "2.0.0-alpha.27"
  resolved "https://registry.yarnpkg.com/@aurelia/kernel/-/kernel-2.0.0-alpha.27.tgz#a781dcbde4eaa915196717bc8164497172e6e880"
  integrity sha512-Cd5GIUtPzWoWtvEPNNsBv6fl8N1Pz0LOKlXiUGvnIVEtUYSTYcM3JdLehpayLWGzvVubU95xo0jhunwVompyKw==
  dependencies:
    "@aurelia/metadata" "2.0.0-alpha.27"
    "@aurelia/platform" "2.0.0-alpha.27"

"@aurelia/metadata@2.0.0-alpha.27":
  version "2.0.0-alpha.27"
  resolved "https://registry.yarnpkg.com/@aurelia/metadata/-/metadata-2.0.0-alpha.27.tgz#a5f84e49d69108bbdfc0049d070fc3ba84337058"
  integrity sha512-PIWhbNtZvQCC0POo9C7MPKpmnVnMRf77GRoDdnY1Q5VK3c0jN3ZJ3z85sxb2cCs7SdMIdujEJ0helG3d2sZjLg==

"@aurelia/platform-browser@2.0.0-alpha.27":
  version "2.0.0-alpha.27"
  resolved "https://registry.yarnpkg.com/@aurelia/platform-browser/-/platform-browser-2.0.0-alpha.27.tgz#9bc3c7779fb77715cf443e8da921260c60779edf"
  integrity sha512-bAz/y23Nki3bhM4vQ0sORiNXt1KZRU0JY5HbeKpcZddI8MsH/i0hHFNZDME66mCTOmZKcjrop/afd/l+VHkbcA==
  dependencies:
    "@aurelia/platform" "2.0.0-alpha.27"

"@aurelia/platform@2.0.0-alpha.27":
  version "2.0.0-alpha.27"
  resolved "https://registry.yarnpkg.com/@aurelia/platform/-/platform-2.0.0-alpha.27.tgz#1180592deb88b54945dbfb6a741c8208b3e5e777"
  integrity sha512-UrgcSTO+71O6swsfl4fTONJ6JHRJwXIKUPHwRRGpGdirRU9r3ii9YW4bt2wKrD4CeYBbnSx2RvgAfNieqkONkA==

"@aurelia/route-recognizer@2.0.0-alpha.27":
  version "2.0.0-alpha.27"
  resolved "https://registry.yarnpkg.com/@aurelia/route-recognizer/-/route-recognizer-2.0.0-alpha.27.tgz#be93559887e8e5252f1db33b76bbb2ef224652fc"
  integrity sha512-HZQY5BJsxI8ED9oBS7jmIwwHO9dCmNYXVDlLlKZv2UsIN5gxlGDuCfCfjJ1xtLdqDjL07xhwfgx2DztljWpS/A==

"@aurelia/router-lite@2.0.0-alpha.27":
  version "2.0.0-alpha.27"
  resolved "https://registry.yarnpkg.com/@aurelia/router-lite/-/router-lite-2.0.0-alpha.27.tgz#f5a2e39277da755564e077b3e26aa2a1894d1f0d"
  integrity sha512-K+Ha8YeBi3ITwCUVpOipu8zM8BuUd7k/fq+VvktFMQTmgWroxpLsOq2+42E1hRLrgVZxi1VQ4bgZ5Ka6/LpISg==
  dependencies:
    "@aurelia/kernel" "2.0.0-alpha.27"
    "@aurelia/metadata" "2.0.0-alpha.27"
    "@aurelia/platform" "2.0.0-alpha.27"
    "@aurelia/platform-browser" "2.0.0-alpha.27"
    "@aurelia/route-recognizer" "2.0.0-alpha.27"
    "@aurelia/runtime" "2.0.0-alpha.27"
    "@aurelia/runtime-html" "2.0.0-alpha.27"

"@aurelia/runtime-html@2.0.0-alpha.27":
  version "2.0.0-alpha.27"
  resolved "https://registry.yarnpkg.com/@aurelia/runtime-html/-/runtime-html-2.0.0-alpha.27.tgz#c3a0e13a607667c762d801a6c7513e80e1a310d8"
  integrity sha512-05njVHapU2s8s4pUz9BfIOIr5CY0wx4zUjUiPbwNJwUJ/YZVRt7ja49NS1j76MRGNI9dgNH8pfTrm10x150ueA==
  dependencies:
    "@aurelia/kernel" "2.0.0-alpha.27"
    "@aurelia/metadata" "2.0.0-alpha.27"
    "@aurelia/platform" "2.0.0-alpha.27"
    "@aurelia/platform-browser" "2.0.0-alpha.27"
    "@aurelia/runtime" "2.0.0-alpha.27"

"@aurelia/runtime@2.0.0-alpha.27":
  version "2.0.0-alpha.27"
  resolved "https://registry.yarnpkg.com/@aurelia/runtime/-/runtime-2.0.0-alpha.27.tgz#86b22ead2030ea77022fa024d884926697d0b2f5"
  integrity sha512-ZICe86KDsVDWjM1XdcgtRBhBkaptVj3ZEX7m9DnFDUJ8bnmpisb03xRTlilgxcHAnpcfVVonFGwr3Fi4KggYmw==
  dependencies:
    "@aurelia/kernel" "2.0.0-alpha.27"
    "@aurelia/metadata" "2.0.0-alpha.27"
    "@aurelia/platform" "2.0.0-alpha.27"

"@aurelia/testing@latest":
  version "2.0.0-alpha.27"
  resolved "https://registry.yarnpkg.com/@aurelia/testing/-/testing-2.0.0-alpha.27.tgz#6ca2b4dead75e9ab5d892bb9c5b56cf7f7d20897"
  integrity sha512-eWImbjVtEUWzWCkIQjghr46VoUlO6PKHC+HRIhMcs4HVe75f+Rod0zOkg9dHsJpgV8hESooL1NA4iQGm5tQH0w==
  dependencies:
    "@aurelia/kernel" "2.0.0-alpha.27"
    "@aurelia/metadata" "2.0.0-alpha.27"
    "@aurelia/platform" "2.0.0-alpha.27"
    "@aurelia/platform-browser" "2.0.0-alpha.27"
    "@aurelia/runtime" "2.0.0-alpha.27"
    "@aurelia/runtime-html" "2.0.0-alpha.27"

"@types/jest@^27.0.3":
  version "27.4.1"
  resolved "https://registry.yarnpkg.com/@types/jest/-/jest-27.4.1.tgz#185cbe2926eaaf9662d340cc02e548ce9e11ab6d"
  integrity sha512-23iPJADSmicDVrWk+HT58LMJtzLAnB2AgIzplQuq/bSrGaxCrlvRFjGbXmamnnk/mAmCdLStiGqggu28ocUyiw==
  dependencies:
    jest-matcher-utils "^27.0.0"
    pretty-format "^27.0.0"

"@types/node@^16.11.10":
  version "16.11.26"
  resolved "https://registry.yarnpkg.com/@types/node/-/node-16.11.26.tgz#63d204d136c9916fb4dcd1b50f9740fe86884e47"
  integrity sha512-GZ7bu5A6+4DtG7q9GsoHXy3ALcgeIHP4NnL0Vv2wu0uUB/yQex26v0tf6/na1mm0+bS9Uw+0DFex7aaKr2qawQ==

ansi-regex@^5.0.1:
  version "5.0.1"
  resolved "https://registry.yarnpkg.com/ansi-regex/-/ansi-regex-5.0.1.tgz#082cb2c89c9fe8659a311a53bd6a4dc5301db304"
  integrity sha512-quJQXlTSUGL2LH9SUXo8VwsY4soanhgo6LNSm84E1LBcE8s3O0wpdiRzyR9z/ZZJMlMWv37qOOb9pdJlMUEKFQ==

ansi-styles@^4.1.0:
  version "4.3.0"
  resolved "https://registry.yarnpkg.com/ansi-styles/-/ansi-styles-4.3.0.tgz#edd803628ae71c04c85ae7a0906edad34b648937"
  integrity sha512-zbB9rCJAT1rbjiVDb2hqKFHNYLxgtk8NURxZ3IZwD3F6NtxbXZQCnnSi1Lkx+IDohdPlFp222wVALIheZJQSEg==
  dependencies:
    color-convert "^2.0.1"

ansi-styles@^5.0.0:
  version "5.2.0"
  resolved "https://registry.yarnpkg.com/ansi-styles/-/ansi-styles-5.2.0.tgz#07449690ad45777d1924ac2abb2fc8895dba836b"
  integrity sha512-Cxwpt2SfTzTtXcfOlzGEee8O+c+MmUgGrNiBcXnuWxuFJHe6a5Hz7qwhwe5OgaSYI0IJvkLqWX1ASG+cJOkEiA==

aurelia@latest:
  version "2.0.0-alpha.27"
  resolved "https://registry.yarnpkg.com/aurelia/-/aurelia-2.0.0-alpha.27.tgz#19ae6c8c36393565f504a28d7ad0f7765e46e235"
  integrity sha512-00euviIUJz3VsrwPLVIdV04fIn4dxPDqDC3S/uI1gMi5zjQHdCFrBXukdneRHXJgGyzvKxlc8Vcqc2YOq0rJww==
  dependencies:
    "@aurelia/fetch-client" "2.0.0-alpha.27"
    "@aurelia/kernel" "2.0.0-alpha.27"
    "@aurelia/metadata" "2.0.0-alpha.27"
    "@aurelia/platform" "2.0.0-alpha.27"
    "@aurelia/platform-browser" "2.0.0-alpha.27"
    "@aurelia/route-recognizer" "2.0.0-alpha.27"
    "@aurelia/router-lite" "2.0.0-alpha.27"
    "@aurelia/runtime" "2.0.0-alpha.27"
    "@aurelia/runtime-html" "2.0.0-alpha.27"

chalk@^4.0.0:
  version "4.1.2"
  resolved "https://registry.yarnpkg.com/chalk/-/chalk-4.1.2.tgz#aac4e2b7734a740867aeb16bf02aad556a1e7a01"
  integrity sha512-oKnbhFyRIXpUuez8iBMmyEa4nbj4IOQyuhc/wy9kY7/WVPcwIO9VA668Pu8RkO7+0G76SLROeyw9CpQ061i4mA==
  dependencies:
    ansi-styles "^4.1.0"
    supports-color "^7.1.0"

color-convert@^2.0.1:
  version "2.0.1"
  resolved "https://registry.yarnpkg.com/color-convert/-/color-convert-2.0.1.tgz#72d3a68d598c9bdb3af2ad1e84f21d896abd4de3"
  integrity sha512-RRECPsj7iu/xb5oKYcsFHSppFNnsj/52OVTRKb4zP5onXwVF3zVmmToNcOfGC+CRDpfK/U584fMg38ZHCaElKQ==
  dependencies:
    color-name "~1.1.4"

color-name@~1.1.4:
  version "1.1.4"
  resolved "https://registry.yarnpkg.com/color-name/-/color-name-1.1.4.tgz#c2a09a87acbde69543de6f63fa3995c826c536a2"
  integrity sha512-dOy+3AuW3a2wNbZHIuMZpTcgjGuLU/uBL/ubcZF9OXbDo8ff4O8yVp5Bf0efS8uEoYo5q4Fx7dY9OgQGXgAsQA==

diff-sequences@^27.5.1:
  version "27.5.1"
  resolved "https://registry.yarnpkg.com/diff-sequences/-/diff-sequences-27.5.1.tgz#eaecc0d327fd68c8d9672a1e64ab8dccb2ef5327"
  integrity sha512-k1gCAXAsNgLwEL+Y8Wvl+M6oEFj5bgazfZULpS5CneoPPXRaCCW7dm+q21Ky2VEE5X+VeRDBVg1Pcvvsr4TtNQ==

has-flag@^4.0.0:
  version "4.0.0"
  resolved "https://registry.yarnpkg.com/has-flag/-/has-flag-4.0.0.tgz#944771fd9c81c81265c4d6941860da06bb59479b"
  integrity sha512-EykJT/Q1KjTWctppgIAgfSO0tKVuZUjhgMr17kqTumMl6Afv3EISleU7qZUzoXDFTAHTDC4NOoG/ZxU3EvlMPQ==

jest-diff@^27.5.1:
  version "27.5.1"
  resolved "https://registry.yarnpkg.com/jest-diff/-/jest-diff-27.5.1.tgz#a07f5011ac9e6643cf8a95a462b7b1ecf6680def"
  integrity sha512-m0NvkX55LDt9T4mctTEgnZk3fmEg3NRYutvMPWM/0iPnkFj2wIeF45O1718cMSOFO1vINkqmxqD8vE37uTEbqw==
  dependencies:
    chalk "^4.0.0"
    diff-sequences "^27.5.1"
    jest-get-type "^27.5.1"
    pretty-format "^27.5.1"

jest-get-type@^27.5.1:
  version "27.5.1"
  resolved "https://registry.yarnpkg.com/jest-get-type/-/jest-get-type-27.5.1.tgz#3cd613c507b0f7ace013df407a1c1cd578bcb4f1"
  integrity sha512-2KY95ksYSaK7DMBWQn6dQz3kqAf3BB64y2udeG+hv4KfSOb9qwcYQstTJc1KCbsix+wLZWZYN8t7nwX3GOBLRw==

jest-matcher-utils@^27.0.0:
  version "27.5.1"
  resolved "https://registry.yarnpkg.com/jest-matcher-utils/-/jest-matcher-utils-27.5.1.tgz#9c0cdbda8245bc22d2331729d1091308b40cf8ab"
  integrity sha512-z2uTx/T6LBaCoNWNFWwChLBKYxTMcGBRjAt+2SbP929/Fflb9aa5LGma654Rz8z9HLxsrUaYzxE9T/EFIL/PAw==
  dependencies:
    chalk "^4.0.0"
    jest-diff "^27.5.1"
    jest-get-type "^27.5.1"
    pretty-format "^27.5.1"

pretty-format@^27.0.0, pretty-format@^27.5.1:
  version "27.5.1"
  resolved "https://registry.yarnpkg.com/pretty-format/-/pretty-format-27.5.1.tgz#2181879fdea51a7a5851fb39d920faa63f01d88e"
  integrity sha512-Qb1gy5OrP5+zDf2Bvnzdl3jsTf1qXVMazbvCoKhtKqVs4/YK4ozX4gKQJJVyNe+cajNPn0KoC0MC3FUmaHWEmQ==
  dependencies:
    ansi-regex "^5.0.1"
    ansi-styles "^5.0.0"
    react-is "^17.0.1"

prismjs@^1.25.0:
  version "1.27.0"
  resolved "https://registry.yarnpkg.com/prismjs/-/prismjs-1.27.0.tgz#bb6ee3138a0b438a3653dd4d6ce0cc6510a45057"
  integrity sha512-t13BGPUlFDR7wRB5kQDG4jjl7XeuH6jbJGt11JHPL96qwsEHNX2+68tFXqc1/k+/jALsbSWJKUOT/hcYAZ5LkA==

react-is@^17.0.1:
  version "17.0.2"
  resolved "https://registry.yarnpkg.com/react-is/-/react-is-17.0.2.tgz#e691d4a8e9c789365655539ab372762b0efb54f0"
  integrity sha512-w2GsyukL62IJnlaff/nRegPQR94C/XXamvMWmSHRJ4y7Ts/4ocGRmTHvOs8PSE6pB3dWOrD/nueuU5sduBsQ4w==

supports-color@^7.1.0:
  version "7.2.0"
  resolved "https://registry.yarnpkg.com/supports-color/-/supports-color-7.2.0.tgz#1b7dcdcb32b8138801b3e478ba6a51caa89648da"
  integrity sha512-qpCAvRl9stuOHveKsn7HncJRvv501qIacKzQlO/+Lwxc9+0q2wLyv4Dfvt80/DPn2pqOBsJdDiogXGR9+OvwRw==
  dependencies:
    has-flag "^4.0.0"

typescript@^4.5.2:
  version "4.6.3"
  resolved "https://registry.yarnpkg.com/typescript/-/typescript-4.6.3.tgz#eefeafa6afdd31d725584c67a0eaba80f6fc6c6c"
  integrity sha512-yNIatDa5iaofVozS/uQJEl3JRWLKKGJKh6Yaiv0GLGSuhpFJe7P3SbHZ8/yjAHRQwKRoA6YZqlfjXWmVzoVSMw==
