{
  "name": "@aegenet/au2-base-component",
  "version": "0.0.0-dev",
  "lockfileVersion": 3,
  "requires": true,
  "packages": {
    "": {
      "name": "@aegenet/au2-base-component",
      "version": "0.0.0-dev",
      "license": "MIT",
      "dependencies": {
        "@aegenet/belt-anti-bounce": "^2.0.0",
        "@aegenet/belt-array-to-obj": "^2.0.0"
      },
      "devDependencies": {
        "@aurelia/testing": "^2.0.0-beta.20",
        "@types/node": "^20.11.28",
        "typescript": "^5"
      },
      "peerDependencies": {
        "@aurelia/i18n": "^2.0.0-beta.20",
        "@aurelia/router": "^2.0.0-beta.20",
        "aurelia": "^2.0.0-beta.20"
      }
    },
    "node_modules/@aegenet/belt-anti-bounce": {
      "version": "2.0.0",
      "resolved": "https://registry.npmjs.org/@aegenet/belt-anti-bounce/-/belt-anti-bounce-2.0.0.tgz",
      "integrity": "sha512-XmOmiehs5NyrVGZIupQ47Oj7ZIoxfahQAeGwRV+WXQzcHI5I1+mboJwsA5KHMjLWD0zjWQgehKY9Y/Xe7mreqw=="
    },
    "node_modules/@aegenet/belt-array-to-obj": {
      "version": "2.0.0",
      "resolved": "https://registry.npmjs.org/@aegenet/belt-array-to-obj/-/belt-array-to-obj-2.0.0.tgz",
      "integrity": "sha512-u0GZsJWDzBEhmxhn0j0acAmsTFEDjmZ83pwokTSz7N1wwzZr/DhWhYsg7nyWTg5s/5BOlfG1fLgimQDJGCWhcQ=="
    },
    "node_modules/@aurelia/expression-parser": {
      "version": "2.0.0-beta.20",
      "resolved": "https://registry.npmjs.org/@aurelia/expression-parser/-/expression-parser-2.0.0-beta.20.tgz",
      "integrity": "sha512-r1P9rTZAOflCq/hANTRt9hwtrloGwQkiB7g+XitJQR5OMqPW/XhEfzK20QPS5edrE7xKHywMziCs4DDJ/iAUtg==",
      "dependencies": {
        "@aurelia/kernel": "2.0.0-beta.20"
      },
      "engines": {
        "node": ">=14.17.0"
      }
    },
    "node_modules/@aurelia/fetch-client": {
      "version": "2.0.0-beta.20",
      "resolved": "https://registry.npmjs.org/@aurelia/fetch-client/-/fetch-client-2.0.0-beta.20.tgz",
      "integrity": "sha512-sThyRjMGm03Y1RitxGDUG+QgcZophECuBtJzyZO/UoutxseZppBWakpNGulK8bTH5BHLNXEyBlUqV5c/egclVA==",
      "dependencies": {
        "@aurelia/kernel": "2.0.0-beta.20",
        "@aurelia/metadata": "2.0.0-beta.20"
      },
      "engines": {
        "node": ">=14.17.0"
      }
    },
    "node_modules/@aurelia/i18n": {
      "version": "2.0.0-beta.20",
      "resolved": "https://registry.npmjs.org/@aurelia/i18n/-/i18n-2.0.0-beta.20.tgz",
      "integrity": "sha512-4b6IOGjGUoWR6KQ9tHXIqdxU92VjgOaa3m5ZHvO4h2BLMVa2OQX3orhi9Lc9x5RiL+7/aB/BX1YVpAhcNLNU/g==",
      "dependencies": {
        "@aurelia/expression-parser": "2.0.0-beta.20",
        "@aurelia/kernel": "2.0.0-beta.20",
        "@aurelia/metadata": "2.0.0-beta.20",
        "@aurelia/platform": "2.0.0-beta.20",
        "@aurelia/runtime": "2.0.0-beta.20",
        "@aurelia/runtime-html": "2.0.0-beta.20",
        "@aurelia/template-compiler": "2.0.0-beta.20",
        "i18next": ">= 17.3.1"
      },
      "engines": {
        "node": ">=14.17.0"
      }
    },
    "node_modules/@aurelia/kernel": {
      "version": "2.0.0-beta.20",
      "resolved": "https://registry.npmjs.org/@aurelia/kernel/-/kernel-2.0.0-beta.20.tgz",
      "integrity": "sha512-0ifacB8k6h2GTv702J+uXZ5CPXSZhXIHGWhReL0xZf0wrQE+8Z88cPF7Qjy9i8X1kfs5vPUoJOYqfW1CevJNkA==",
      "dependencies": {
        "@aurelia/metadata": "2.0.0-beta.20",
        "@aurelia/platform": "2.0.0-beta.20"
      },
      "engines": {
        "node": ">=14.17.0"
      }
    },
    "node_modules/@aurelia/metadata": {
      "version": "2.0.0-beta.20",
      "resolved": "https://registry.npmjs.org/@aurelia/metadata/-/metadata-2.0.0-beta.20.tgz",
      "integrity": "sha512-Cr3k+UCcJKzw7GyBgLsXzRANF7z8LgJYNh89kpwnE34+/p4yvGbC4aAndwUuc9brObaIE6vcXu0+ALqYPUndeQ==",
      "engines": {
        "node": ">=14.17.0"
      }
    },
    "node_modules/@aurelia/platform": {
      "version": "2.0.0-beta.20",
      "resolved": "https://registry.npmjs.org/@aurelia/platform/-/platform-2.0.0-beta.20.tgz",
      "integrity": "sha512-8oDuYpjUCyrvV2fxGnpUrtS4Su6RUouSnxJtY62346jGxFjHwE+m51dTwyi1QUnoKiZLlbY+MjbtcTjf5+faqA==",
      "engines": {
        "node": ">=14.17.0"
      }
    },
    "node_modules/@aurelia/platform-browser": {
      "version": "2.0.0-beta.20",
      "resolved": "https://registry.npmjs.org/@aurelia/platform-browser/-/platform-browser-2.0.0-beta.20.tgz",
      "integrity": "sha512-rMpOxi4Gdo2IHESpD8Qt2CaGzDPbgaLZp4RnYWN/p474Ga7bASCOgLYl+JYFSgFtk7d1nqRj+I/l3N9RgXgBCQ==",
      "dependencies": {
        "@aurelia/platform": "2.0.0-beta.20"
      },
      "engines": {
        "node": ">=14.17.0"
      }
    },
    "node_modules/@aurelia/route-recognizer": {
      "version": "2.0.0-beta.20",
      "resolved": "https://registry.npmjs.org/@aurelia/route-recognizer/-/route-recognizer-2.0.0-beta.20.tgz",
      "integrity": "sha512-QnpngpqSPoCge172Blg3LdIKBOFY19GOMx/54ZVsXlt/PVPfdCGL+/Y6zBJbMv8bpIcOuD9yqEALXP4OV+UpPw==",
      "engines": {
        "node": ">=14.17.0"
      }
    },
    "node_modules/@aurelia/router": {
      "version": "2.0.0-beta.20",
      "resolved": "https://registry.npmjs.org/@aurelia/router/-/router-2.0.0-beta.20.tgz",
      "integrity": "sha512-1gY2xaYdrXy8P0pz0+HtXCowVWd2kh8dKrkmEzFYDLBKFTNe1Eho72TuIg1kSMLBPy+PAc6a83dhY99NWx+krg==",
      "dependencies": {
        "@aurelia/kernel": "2.0.0-beta.20",
        "@aurelia/metadata": "2.0.0-beta.20",
        "@aurelia/platform": "2.0.0-beta.20",
        "@aurelia/platform-browser": "2.0.0-beta.20",
        "@aurelia/route-recognizer": "2.0.0-beta.20",
        "@aurelia/runtime": "2.0.0-beta.20",
        "@aurelia/runtime-html": "2.0.0-beta.20",
        "@aurelia/template-compiler": "2.0.0-beta.20"
      },
      "engines": {
        "node": ">=14.17.0"
      }
    },
    "node_modules/@aurelia/runtime": {
      "version": "2.0.0-beta.20",
      "resolved": "https://registry.npmjs.org/@aurelia/runtime/-/runtime-2.0.0-beta.20.tgz",
      "integrity": "sha512-sTxk4TBwyGGdmqf84Ka5QBXuNwBMDl2U+lEYGoE7w3sj++82eojR+I5O2oj6whYYMldbQuGkNfFGUW8nWXTIwQ==",
      "dependencies": {
        "@aurelia/expression-parser": "2.0.0-beta.20",
        "@aurelia/kernel": "2.0.0-beta.20",
        "@aurelia/metadata": "2.0.0-beta.20",
        "@aurelia/platform": "2.0.0-beta.20"
      },
      "engines": {
        "node": ">=14.17.0"
      }
    },
    "node_modules/@aurelia/runtime-html": {
      "version": "2.0.0-beta.20",
      "resolved": "https://registry.npmjs.org/@aurelia/runtime-html/-/runtime-html-2.0.0-beta.20.tgz",
      "integrity": "sha512-nY2UB8mrtvv/iDLJinACVGgv2Y2wCzigiiBuyss6+G8SzoDWjGKxoBGlriV7/NH8egkt0C4WZXhPWcVC16Btkw==",
      "dependencies": {
        "@aurelia/expression-parser": "2.0.0-beta.20",
        "@aurelia/kernel": "2.0.0-beta.20",
        "@aurelia/metadata": "2.0.0-beta.20",
        "@aurelia/platform": "2.0.0-beta.20",
        "@aurelia/platform-browser": "2.0.0-beta.20",
        "@aurelia/runtime": "2.0.0-beta.20",
        "@aurelia/template-compiler": "2.0.0-beta.20"
      },
      "engines": {
        "node": ">=14.17.0"
      }
    },
    "node_modules/@aurelia/template-compiler": {
      "version": "2.0.0-beta.20",
      "resolved": "https://registry.npmjs.org/@aurelia/template-compiler/-/template-compiler-2.0.0-beta.20.tgz",
      "integrity": "sha512-KpDg6Ab1Egq5apt4fL0zO/SaDm6RVV/ZjwHhc51LaqSh191z8NHnKoyUNIROif6Q2ymxZwAM168egN2bvnM5Wg==",
      "dependencies": {
        "@aurelia/expression-parser": "2.0.0-beta.20",
        "@aurelia/kernel": "2.0.0-beta.20",
        "@aurelia/metadata": "2.0.0-beta.20"
      },
      "engines": {
        "node": ">=14.17.0"
      }
    },
    "node_modules/@aurelia/testing": {
      "version": "2.0.0-beta.20",
      "resolved": "https://registry.npmjs.org/@aurelia/testing/-/testing-2.0.0-beta.20.tgz",
      "integrity": "sha512-vTDHc0tdXfGdleyCdxBtN7MNZvBsQveeR2GMXFLOiNeVjIxAOxxdzDi3RsIZTUhbzmnlHTHyrCrRrW8vfWHqlA==",
      "dev": true,
      "dependencies": {
        "@aurelia/kernel": "2.0.0-beta.20",
        "@aurelia/metadata": "2.0.0-beta.20",
        "@aurelia/platform": "2.0.0-beta.20",
        "@aurelia/platform-browser": "2.0.0-beta.20",
        "@aurelia/runtime": "2.0.0-beta.20",
        "@aurelia/runtime-html": "2.0.0-beta.20",
        "@aurelia/template-compiler": "2.0.0-beta.20"
      },
      "engines": {
        "node": ">=14.17.0"
      }
    },
    "node_modules/@babel/runtime": {
      "version": "7.25.0",
      "resolved": "https://registry.npmjs.org/@babel/runtime/-/runtime-7.25.0.tgz",
      "integrity": "sha512-7dRy4DwXwtzBrPbZflqxnvfxLF8kdZXPkhymtDeFoFqE6ldzjQFgYTtYIFARcLEYDrqfBfYcZt1WqFxRoyC9Rw==",
      "dependencies": {
        "regenerator-runtime": "^0.14.0"
      },
      "engines": {
        "node": ">=6.9.0"
      }
    },
    "node_modules/@types/node": {
      "version": "20.14.14",
      "resolved": "https://registry.npmjs.org/@types/node/-/node-20.14.14.tgz",
      "integrity": "sha512-d64f00982fS9YoOgJkAMolK7MN8Iq3TDdVjchbYHdEmjth/DHowx82GnoA+tVUAN+7vxfYUgAzi+JXbKNd2SDQ==",
      "dev": true,
      "dependencies": {
        "undici-types": "~5.26.4"
      }
    },
    "node_modules/aurelia": {
      "version": "2.0.0-beta.20",
      "resolved": "https://registry.npmjs.org/aurelia/-/aurelia-2.0.0-beta.20.tgz",
      "integrity": "sha512-SXQASH94VrI4acy0BxMoTfN+AKCxUtd5n/GD+nWvZ1oHHAq3yfgA9XqW0vNd15EHrTDK+XQmVivf1NC+4G8yMQ==",
      "dependencies": {
        "@aurelia/expression-parser": "2.0.0-beta.20",
        "@aurelia/fetch-client": "2.0.0-beta.20",
        "@aurelia/kernel": "2.0.0-beta.20",
        "@aurelia/metadata": "2.0.0-beta.20",
        "@aurelia/platform": "2.0.0-beta.20",
        "@aurelia/platform-browser": "2.0.0-beta.20",
        "@aurelia/runtime": "2.0.0-beta.20",
        "@aurelia/runtime-html": "2.0.0-beta.20",
        "@aurelia/template-compiler": "2.0.0-beta.20"
      },
      "engines": {
        "node": ">=14.17.0"
      }
    },
    "node_modules/i18next": {
      "version": "23.12.2",
      "resolved": "https://registry.npmjs.org/i18next/-/i18next-23.12.2.tgz",
      "integrity": "sha512-XIeh5V+bi8SJSWGL3jqbTEBW5oD6rbP5L+E7dVQh1MNTxxYef0x15rhJVcRb7oiuq4jLtgy2SD8eFlf6P2cmqg==",
      "funding": [
        {
          "type": "individual",
          "url": "https://locize.com"
        },
        {
          "type": "individual",
          "url": "https://locize.com/i18next.html"
        },
        {
          "type": "individual",
          "url": "https://www.i18next.com/how-to/faq#i18next-is-awesome.-how-can-i-support-the-project"
        }
      ],
      "dependencies": {
        "@babel/runtime": "^7.23.2"
      }
    },
    "node_modules/regenerator-runtime": {
      "version": "0.14.1",
      "resolved": "https://registry.npmjs.org/regenerator-runtime/-/regenerator-runtime-0.14.1.tgz",
      "integrity": "sha512-dYnhHh0nJoMfnkZs6GmmhFknAGRrLznOu5nc9ML+EJxGvrx6H7teuevqVqCuPcPK//3eDrrjQhehXVx9cnkGdw=="
    },
    "node_modules/typescript": {
      "version": "5.5.4",
      "resolved": "https://registry.npmjs.org/typescript/-/typescript-5.5.4.tgz",
      "integrity": "sha512-Mtq29sKDAEYP7aljRgtPOpTvOfbwRWlS6dPRzwjdE+C0R4brX/GUyhHSecbHMFLNBLcJIPt9nl9yG5TZ1weH+Q==",
      "dev": true,
      "bin": {
        "tsc": "bin/tsc",
        "tsserver": "bin/tsserver"
      },
      "engines": {
        "node": ">=14.17"
      }
    },
    "node_modules/undici-types": {
      "version": "5.26.5",
      "resolved": "https://registry.npmjs.org/undici-types/-/undici-types-5.26.5.tgz",
      "integrity": "sha512-JlCMO+ehdEIKqlFxk6IfVoAUVmgz7cU7zD/h9XZ0qzeosSHmUJVOzSQvvYSYWXkFXC+IfLKSIffhv0sVZup6pA==",
      "dev": true
    }
  }
}
