{
  "name": "@aegenet/au2-base-component",
  "version": "0.0.0-dev",
  "lockfileVersion": 3,
  "requires": true,
  "packages": {
    "": {
      "name": "@aegenet/au2-base-component",
      "version": "0.0.0-dev",
      "license": "MIT",
      "dependencies": {
        "@aegenet/belt-anti-bounce": "^2.3.0",
        "@aegenet/belt-array-to-obj": "^2.3.0"
      },
      "devDependencies": {
        "@aurelia/testing": "^2.0.0-beta.22",
        "@types/node": "^20.11.28",
        "typescript": "^5"
      },
      "peerDependencies": {
        "@aurelia/i18n": "^2.0.0-beta.22",
        "@aurelia/router": "^2.0.0-beta.22",
        "aurelia": "^2.0.0-beta.22"
      }
    },
    "node_modules/@aegenet/belt-anti-bounce": {
      "version": "2.3.0",
      "resolved": "https://registry.npmjs.org/@aegenet/belt-anti-bounce/-/belt-anti-bounce-2.3.0.tgz",
      "integrity": "sha512-DbUvFzjsy34gxvU2hqmB2cZJvB59efySiqdwnSdOQhjzv3ftmLH58KnBd2wMuL7ZXnDkQhEcsveDtMic1g/yuQ=="
    },
    "node_modules/@aegenet/belt-array-to-obj": {
      "version": "2.3.0",
      "resolved": "https://registry.npmjs.org/@aegenet/belt-array-to-obj/-/belt-array-to-obj-2.3.0.tgz",
      "integrity": "sha512-pooCZHReQ6Hfdzr0yh6sxRSC55Ea0E+UtFUlKM9DZF9V95RIUV/I7d9WYgKQTIPFIP2PANLwHUJrDdUk7D9e5g=="
    },
    "node_modules/@aurelia/expression-parser": {
      "version": "2.0.0-beta.22",
      "resolved": "https://registry.npmjs.org/@aurelia/expression-parser/-/expression-parser-2.0.0-beta.22.tgz",
      "integrity": "sha512-9SVrdoAGFEv0HVQml9DGHGQSCJvIWbkwrsK773LOCIA7usYJ4hsO5QvhCnmKGiHVURTEVn/ohLzjEY0EP7QAfQ==",
      "dependencies": {
        "@aurelia/kernel": "2.0.0-beta.22"
      },
      "engines": {
        "node": ">=14.17.0"
      }
    },
    "node_modules/@aurelia/fetch-client": {
      "version": "2.0.0-beta.22",
      "resolved": "https://registry.npmjs.org/@aurelia/fetch-client/-/fetch-client-2.0.0-beta.22.tgz",
      "integrity": "sha512-eDQz9fp7BHdkUhUylWBMbZb8gc2tGKwrqpwtZEPAGMcWUrXo6PpIl10eCQ+HQF3XW7CG/vWdvWKFzawy58cf9g==",
      "peer": true,
      "dependencies": {
        "@aurelia/kernel": "2.0.0-beta.22",
        "@aurelia/metadata": "2.0.0-beta.22"
      },
      "engines": {
        "node": ">=14.17.0"
      }
    },
    "node_modules/@aurelia/i18n": {
      "version": "2.0.0-beta.22",
      "resolved": "https://registry.npmjs.org/@aurelia/i18n/-/i18n-2.0.0-beta.22.tgz",
      "integrity": "sha512-GiGe8N0WrwS6NKYsbjhkP6KUskwhdRN4Cn8vVz2u5qUFNtalzLFh6Fqb/G02b4XDT00U1XMegH6JfXfWQwHOaQ==",
      "peer": true,
      "dependencies": {
        "@aurelia/expression-parser": "2.0.0-beta.22",
        "@aurelia/kernel": "2.0.0-beta.22",
        "@aurelia/metadata": "2.0.0-beta.22",
        "@aurelia/platform": "2.0.0-beta.22",
        "@aurelia/runtime": "2.0.0-beta.22",
        "@aurelia/runtime-html": "2.0.0-beta.22",
        "@aurelia/template-compiler": "2.0.0-beta.22",
        "i18next": ">= 17.3.1"
      },
      "engines": {
        "node": ">=14.17.0"
      }
    },
    "node_modules/@aurelia/kernel": {
      "version": "2.0.0-beta.22",
      "resolved": "https://registry.npmjs.org/@aurelia/kernel/-/kernel-2.0.0-beta.22.tgz",
      "integrity": "sha512-WjxRI3C/i1VK3aHOn45r1+uKQIzyJ9M9giN7rqAnakk13DKNTQHU0Ap+yfy7TOmS2H2FGzd6xhoKsa2ZgcPM0Q==",
      "dependencies": {
        "@aurelia/metadata": "2.0.0-beta.22",
        "@aurelia/platform": "2.0.0-beta.22"
      },
      "engines": {
        "node": ">=14.17.0"
      }
    },
    "node_modules/@aurelia/metadata": {
      "version": "2.0.0-beta.22",
      "resolved": "https://registry.npmjs.org/@aurelia/metadata/-/metadata-2.0.0-beta.22.tgz",
      "integrity": "sha512-7u7TdK6mSNEwoGVMFPmUoJV16gdDaROAZZq5oy81HPPS24GOJp4lwxQAuvqby7MTi0gnXXMLLsIoE+oZU7FQcw==",
      "engines": {
        "node": ">=14.17.0"
      }
    },
    "node_modules/@aurelia/platform": {
      "version": "2.0.0-beta.22",
      "resolved": "https://registry.npmjs.org/@aurelia/platform/-/platform-2.0.0-beta.22.tgz",
      "integrity": "sha512-tkE6xM0NYjvdUGYmTWXbi1BahQMQ/hKB8cyQSwq6k2AQfblrT+sfMOuU4RL20FU9VvKpUzBL5h2rEHC97ZJs8A==",
      "engines": {
        "node": ">=14.17.0"
      }
    },
    "node_modules/@aurelia/platform-browser": {
      "version": "2.0.0-beta.22",
      "resolved": "https://registry.npmjs.org/@aurelia/platform-browser/-/platform-browser-2.0.0-beta.22.tgz",
      "integrity": "sha512-wfnW8gZPVAOLMpsRodagSzchRxJn1EFIL79eMlz5OdlgKa+DtIoObTKiHT5nueInx9raBuv6c7rJR+ZSUsFuLQ==",
      "dependencies": {
        "@aurelia/platform": "2.0.0-beta.22"
      },
      "engines": {
        "node": ">=14.17.0"
      }
    },
    "node_modules/@aurelia/route-recognizer": {
      "version": "2.0.0-beta.22",
      "resolved": "https://registry.npmjs.org/@aurelia/route-recognizer/-/route-recognizer-2.0.0-beta.22.tgz",
      "integrity": "sha512-jmRhAJGToTRv9rwB3en6M1hEySvhCj06s/xLeM4xIBBVZcpUhzYpRIrRsMccHdvFQIxlHvHvnLXjRSnE6iCSmg==",
      "peer": true,
      "engines": {
        "node": ">=14.17.0"
      }
    },
    "node_modules/@aurelia/router": {
      "version": "2.0.0-beta.22",
      "resolved": "https://registry.npmjs.org/@aurelia/router/-/router-2.0.0-beta.22.tgz",
      "integrity": "sha512-pIYY2M88gSIQe2jLHCHUN135p8WLCdb+JOLpZfjw53UdN90keejp1v8cs2nb/q+1NflWpSQgg+KaqvDcN7/g6A==",
      "peer": true,
      "dependencies": {
        "@aurelia/kernel": "2.0.0-beta.22",
        "@aurelia/metadata": "2.0.0-beta.22",
        "@aurelia/platform": "2.0.0-beta.22",
        "@aurelia/platform-browser": "2.0.0-beta.22",
        "@aurelia/route-recognizer": "2.0.0-beta.22",
        "@aurelia/runtime": "2.0.0-beta.22",
        "@aurelia/runtime-html": "2.0.0-beta.22",
        "@aurelia/template-compiler": "2.0.0-beta.22"
      },
      "engines": {
        "node": ">=14.17.0"
      }
    },
    "node_modules/@aurelia/runtime": {
      "version": "2.0.0-beta.22",
      "resolved": "https://registry.npmjs.org/@aurelia/runtime/-/runtime-2.0.0-beta.22.tgz",
      "integrity": "sha512-pGR9+g8a8vTBz2ksF6QOrgDIs4rDPoS1SuHoilb1XLLaJNQ9BVho2sf3aIFikzcHBihm1720IOREB199pTqCIQ==",
      "dependencies": {
        "@aurelia/expression-parser": "2.0.0-beta.22",
        "@aurelia/kernel": "2.0.0-beta.22",
        "@aurelia/metadata": "2.0.0-beta.22",
        "@aurelia/platform": "2.0.0-beta.22"
      },
      "engines": {
        "node": ">=14.17.0"
      }
    },
    "node_modules/@aurelia/runtime-html": {
      "version": "2.0.0-beta.22",
      "resolved": "https://registry.npmjs.org/@aurelia/runtime-html/-/runtime-html-2.0.0-beta.22.tgz",
      "integrity": "sha512-cHC1xZif/joWOr/oX0FjAJQgXnZWZo7g+TXc2SV8Jcsw1w/PcxN592SSxSWMerdr9Ux6EtwMGAPxVku86k8img==",
      "dependencies": {
        "@aurelia/expression-parser": "2.0.0-beta.22",
        "@aurelia/kernel": "2.0.0-beta.22",
        "@aurelia/metadata": "2.0.0-beta.22",
        "@aurelia/platform": "2.0.0-beta.22",
        "@aurelia/platform-browser": "2.0.0-beta.22",
        "@aurelia/runtime": "2.0.0-beta.22",
        "@aurelia/template-compiler": "2.0.0-beta.22"
      },
      "engines": {
        "node": ">=14.17.0"
      }
    },
    "node_modules/@aurelia/template-compiler": {
      "version": "2.0.0-beta.22",
      "resolved": "https://registry.npmjs.org/@aurelia/template-compiler/-/template-compiler-2.0.0-beta.22.tgz",
      "integrity": "sha512-LMYaf0qTAD22z1mCsExd01tqSuZHQoYPPIdg94xQpCTkY32TFU3KBwdC7dW3hvxrB2xVNpLxMchnzBX1gxd4KA==",
      "dependencies": {
        "@aurelia/expression-parser": "2.0.0-beta.22",
        "@aurelia/kernel": "2.0.0-beta.22",
        "@aurelia/metadata": "2.0.0-beta.22"
      },
      "engines": {
        "node": ">=14.17.0"
      }
    },
    "node_modules/@aurelia/testing": {
      "version": "2.0.0-beta.22",
      "resolved": "https://registry.npmjs.org/@aurelia/testing/-/testing-2.0.0-beta.22.tgz",
      "integrity": "sha512-Yp1WJ9/oht3H100nBT/CtSwempc2ilg4JkUoC8x8aeZ1UrJ7ZPI+71ieY8JiqU4I277ezK1B1vx/wCYvM+eFqQ==",
      "dev": true,
      "dependencies": {
        "@aurelia/kernel": "2.0.0-beta.22",
        "@aurelia/metadata": "2.0.0-beta.22",
        "@aurelia/platform": "2.0.0-beta.22",
        "@aurelia/platform-browser": "2.0.0-beta.22",
        "@aurelia/runtime": "2.0.0-beta.22",
        "@aurelia/runtime-html": "2.0.0-beta.22",
        "@aurelia/template-compiler": "2.0.0-beta.22"
      },
      "engines": {
        "node": ">=14.17.0"
      }
    },
    "node_modules/@babel/runtime": {
      "version": "7.25.0",
      "resolved": "https://registry.npmjs.org/@babel/runtime/-/runtime-7.25.0.tgz",
      "integrity": "sha512-7dRy4DwXwtzBrPbZflqxnvfxLF8kdZXPkhymtDeFoFqE6ldzjQFgYTtYIFARcLEYDrqfBfYcZt1WqFxRoyC9Rw==",
      "peer": true,
      "dependencies": {
        "regenerator-runtime": "^0.14.0"
      },
      "engines": {
        "node": ">=6.9.0"
      }
    },
    "node_modules/@types/node": {
      "version": "20.14.14",
      "resolved": "https://registry.npmjs.org/@types/node/-/node-20.14.14.tgz",
      "integrity": "sha512-d64f00982fS9YoOgJkAMolK7MN8Iq3TDdVjchbYHdEmjth/DHowx82GnoA+tVUAN+7vxfYUgAzi+JXbKNd2SDQ==",
      "dev": true,
      "dependencies": {
        "undici-types": "~5.26.4"
      }
    },
    "node_modules/aurelia": {
      "version": "2.0.0-beta.22",
      "resolved": "https://registry.npmjs.org/aurelia/-/aurelia-2.0.0-beta.22.tgz",
      "integrity": "sha512-NB3R5SgE8KBJG5SLO7YOiTL7eAdZLZO4iX/ehw6U2L0Ba/p90ESmVleKbN4FuP+eYYbZXDLc7z1zeGMZZbC7wA==",
      "peer": true,
      "dependencies": {
        "@aurelia/expression-parser": "2.0.0-beta.22",
        "@aurelia/fetch-client": "2.0.0-beta.22",
        "@aurelia/kernel": "2.0.0-beta.22",
        "@aurelia/metadata": "2.0.0-beta.22",
        "@aurelia/platform": "2.0.0-beta.22",
        "@aurelia/platform-browser": "2.0.0-beta.22",
        "@aurelia/runtime": "2.0.0-beta.22",
        "@aurelia/runtime-html": "2.0.0-beta.22",
        "@aurelia/template-compiler": "2.0.0-beta.22"
      },
      "engines": {
        "node": ">=14.17.0"
      }
    },
    "node_modules/i18next": {
      "version": "23.12.2",
      "resolved": "https://registry.npmjs.org/i18next/-/i18next-23.12.2.tgz",
      "integrity": "sha512-XIeh5V+bi8SJSWGL3jqbTEBW5oD6rbP5L+E7dVQh1MNTxxYef0x15rhJVcRb7oiuq4jLtgy2SD8eFlf6P2cmqg==",
      "funding": [
        {
          "type": "individual",
          "url": "https://locize.com"
        },
        {
          "type": "individual",
          "url": "https://locize.com/i18next.html"
        },
        {
          "type": "individual",
          "url": "https://www.i18next.com/how-to/faq#i18next-is-awesome.-how-can-i-support-the-project"
        }
      ],
      "peer": true,
      "dependencies": {
        "@babel/runtime": "^7.23.2"
      }
    },
    "node_modules/regenerator-runtime": {
      "version": "0.14.1",
      "resolved": "https://registry.npmjs.org/regenerator-runtime/-/regenerator-runtime-0.14.1.tgz",
      "integrity": "sha512-dYnhHh0nJoMfnkZs6GmmhFknAGRrLznOu5nc9ML+EJxGvrx6H7teuevqVqCuPcPK//3eDrrjQhehXVx9cnkGdw==",
      "peer": true
    },
    "node_modules/typescript": {
      "version": "5.5.4",
      "resolved": "https://registry.npmjs.org/typescript/-/typescript-5.5.4.tgz",
      "integrity": "sha512-Mtq29sKDAEYP7aljRgtPOpTvOfbwRWlS6dPRzwjdE+C0R4brX/GUyhHSecbHMFLNBLcJIPt9nl9yG5TZ1weH+Q==",
      "dev": true,
      "bin": {
        "tsc": "bin/tsc",
        "tsserver": "bin/tsserver"
      },
      "engines": {
        "node": ">=14.17"
      }
    },
    "node_modules/undici-types": {
      "version": "5.26.5",
      "resolved": "https://registry.npmjs.org/undici-types/-/undici-types-5.26.5.tgz",
      "integrity": "sha512-JlCMO+ehdEIKqlFxk6IfVoAUVmgz7cU7zD/h9XZ0qzeosSHmUJVOzSQvvYSYWXkFXC+IfLKSIffhv0sVZup6pA==",
      "dev": true
    }
  }
}
