# THIS IS AN AUTOGENERATED FILE. DO NOT EDIT THIS FILE DIRECTLY.
# yarn lockfile v1


"@aegenet/belt-anti-bounce@^999.1649280157577.0":
  version "999.1659090199446.0"
  resolved "https://npm.pkg.github.com/download/@aegenet/belt-anti-bounce/999.1659090199446.0/70e5474021ec531aff10b1bfefa1604e1ba6fee82bfbce5aa966ef33dc8cfbe0#7f7fd3bcced2bc3d9aab71291e327deabc4c59e6"
  integrity sha512-1zQWPZ3U77csEQH2wBc1i/7Os6XGUiSowHqtl1f6KHHUd6Ckg7MtJN7g3mFxRvjNhGeS+aj4tAZMfZELNzUcGQ==

"@aurelia/fetch-client@2.0.0-alpha.37":
  version "2.0.0-alpha.37"
  resolved "https://registry.yarnpkg.com/@aurelia/fetch-client/-/fetch-client-2.0.0-alpha.37.tgz#b98583e37ab3e87ba4e5d0e44c69c466b0ba17f8"
  integrity sha512-YljddwTyqurZ21SlWMlDTFC1rpPoNJy5TAVVjA7sDmWpxRkKBKbKg8C951TuvM2kHNSWe5OzuRzlG+A8QkI5IA==
  dependencies:
    "@aurelia/kernel" "2.0.0-alpha.37"
    "@aurelia/metadata" "2.0.0-alpha.37"

"@aurelia/i18n@^2.0.0-alpha.37":
  version "2.0.0-alpha.37"
  resolved "https://registry.yarnpkg.com/@aurelia/i18n/-/i18n-2.0.0-alpha.37.tgz#9107e6c9d96fde027251b7c3d50389d16f4838d3"
  integrity sha512-L0Ruu1aP4T1oqBk+gFVM7/9Pry37ymZF3Mugip2DbTXTqLygHNVuAEFxd5C/Pvx9t47l6Y1Mh45gpf9WztY5NQ==
  dependencies:
    "@aurelia/kernel" "2.0.0-alpha.37"
    "@aurelia/metadata" "2.0.0-alpha.37"
    "@aurelia/platform" "2.0.0-alpha.37"
    "@aurelia/runtime" "2.0.0-alpha.37"
    "@aurelia/runtime-html" "2.0.0-alpha.37"
    i18next "^17.0.0"

"@aurelia/kernel@2.0.0-alpha.37":
  version "2.0.0-alpha.37"
  resolved "https://registry.yarnpkg.com/@aurelia/kernel/-/kernel-2.0.0-alpha.37.tgz#7f3ee8ebadde52b5b7d2c43b9cad169cce4cd211"
  integrity sha512-l3ev5QrB8kbvizRxzRdT7y+2YP1b6Jy4gtPQfwbiE4hf0dxFj2BUicm0oASk226QUvBfc0uS2HoHrh5Q8PlYbQ==
  dependencies:
    "@aurelia/metadata" "2.0.0-alpha.37"
    "@aurelia/platform" "2.0.0-alpha.37"

"@aurelia/metadata@2.0.0-alpha.37":
  version "2.0.0-alpha.37"
  resolved "https://registry.yarnpkg.com/@aurelia/metadata/-/metadata-2.0.0-alpha.37.tgz#65345edbf0f1303dce896e3bfe0338ff906e8ecc"
  integrity sha512-0cvg1WE3dk97FAA9bALRftVuqSZ0yqBFpbp+aZWSKXL1SktA9N/oY6bIiBB0FlabpMm6Ajk/m6H/EqpmpwstzQ==

"@aurelia/platform-browser@2.0.0-alpha.37":
  version "2.0.0-alpha.37"
  resolved "https://registry.yarnpkg.com/@aurelia/platform-browser/-/platform-browser-2.0.0-alpha.37.tgz#c74617f9c1b515691c2442a8c07db360cd6fc0e4"
  integrity sha512-s2nwGhtQ+aYphb0Ieapz9ziHGO4bvNTKR2WB3ohC1AtkLV2MtarpQ7z2pwRtJ7T0UFWq8IXuq2dMpusD066Djg==
  dependencies:
    "@aurelia/platform" "2.0.0-alpha.37"

"@aurelia/platform@2.0.0-alpha.37":
  version "2.0.0-alpha.37"
  resolved "https://registry.yarnpkg.com/@aurelia/platform/-/platform-2.0.0-alpha.37.tgz#9d3ea5c0d249f4b439da99bd281131cf8a27ce98"
  integrity sha512-N9ePehJOsfalF4G2B9KUjeYYi1HogW0mOGdu8hl2tilN3VerSW3vC4PUZ3pKKsAdydgm3cemHY7RPiH+GL+zMg==

"@aurelia/route-recognizer@2.0.0-alpha.37":
  version "2.0.0-alpha.37"
  resolved "https://registry.yarnpkg.com/@aurelia/route-recognizer/-/route-recognizer-2.0.0-alpha.37.tgz#34522c73f7e39f62c29e9a818e7fd7f083f760c8"
  integrity sha512-92XachAunfFCzInjD+bSgNno3A6c+7vMG2ekIuDA3T7FNX2sFz+D92KppegoeMpIUmsE23Rb8VnbIO4xD+nIGw==

"@aurelia/router-lite@2.0.0-alpha.37":
  version "2.0.0-alpha.37"
  resolved "https://registry.yarnpkg.com/@aurelia/router-lite/-/router-lite-2.0.0-alpha.37.tgz#4aedf2b40b5d2aa30120637d6a004dd7f3350a45"
  integrity sha512-frrejHAQg0hVCeLCyl+mCtv3CFndMG8bLIRrfsAtuF3+3tdxXx0AtK4I4n8756dgsDPQ/qDTAm+iGjS9IL7o4g==
  dependencies:
    "@aurelia/kernel" "2.0.0-alpha.37"
    "@aurelia/metadata" "2.0.0-alpha.37"
    "@aurelia/platform" "2.0.0-alpha.37"
    "@aurelia/platform-browser" "2.0.0-alpha.37"
    "@aurelia/route-recognizer" "2.0.0-alpha.37"
    "@aurelia/runtime" "2.0.0-alpha.37"
    "@aurelia/runtime-html" "2.0.0-alpha.37"

"@aurelia/router@2.0.0-alpha.37":
  version "2.0.0-alpha.37"
  resolved "https://registry.yarnpkg.com/@aurelia/router/-/router-2.0.0-alpha.37.tgz#fb18a7cb9bbb5df9dfd874121967fa5313db5e6a"
  integrity sha512-k3vRV7PmmN45WGEQmJxXjmVhHbe1/D2dUzUQL84/BEFnURY6xdOpsQZzHvvTMfYI8myB8m4hdnPq52p11sCodQ==
  dependencies:
    "@aurelia/kernel" "2.0.0-alpha.37"
    "@aurelia/metadata" "2.0.0-alpha.37"
    "@aurelia/platform" "2.0.0-alpha.37"
    "@aurelia/platform-browser" "2.0.0-alpha.37"
    "@aurelia/route-recognizer" "2.0.0-alpha.37"
    "@aurelia/runtime" "2.0.0-alpha.37"
    "@aurelia/runtime-html" "2.0.0-alpha.37"

"@aurelia/runtime-html@2.0.0-alpha.37":
  version "2.0.0-alpha.37"
  resolved "https://registry.yarnpkg.com/@aurelia/runtime-html/-/runtime-html-2.0.0-alpha.37.tgz#722f68658780eb8ba9b25aa24773173635996d51"
  integrity sha512-2npH2zsB6hgD0JUuwDNthK2A568lzUHYGE1l0bO7YmjfuK5cMozpGzL7rMamr4n8qvo4CUIOv491ZaY+zYXshg==
  dependencies:
    "@aurelia/kernel" "2.0.0-alpha.37"
    "@aurelia/metadata" "2.0.0-alpha.37"
    "@aurelia/platform" "2.0.0-alpha.37"
    "@aurelia/platform-browser" "2.0.0-alpha.37"
    "@aurelia/runtime" "2.0.0-alpha.37"

"@aurelia/runtime@2.0.0-alpha.37":
  version "2.0.0-alpha.37"
  resolved "https://registry.yarnpkg.com/@aurelia/runtime/-/runtime-2.0.0-alpha.37.tgz#75e7e4de2dc2c9c4f484e39c6d21623796f9f6ed"
  integrity sha512-AsKYbLHEapcTqlmAUqF5LicilIDZQqCrNWCrTlg97q5HlfMJmx8xtffCbr8N6aWl9Y1zeI5yQ8tJXV7HczgH1g==
  dependencies:
    "@aurelia/kernel" "2.0.0-alpha.37"
    "@aurelia/metadata" "2.0.0-alpha.37"
    "@aurelia/platform" "2.0.0-alpha.37"

"@aurelia/testing@^2.0.0-alpha.37":
  version "2.0.0-alpha.37"
  resolved "https://registry.yarnpkg.com/@aurelia/testing/-/testing-2.0.0-alpha.37.tgz#04caf5b555140ca9742bd746db497d1f6086b7e3"
  integrity sha512-PO5REnC3MIqeVIzryeU7DDXnQ0k2W/deDDAkKJ9tn9lL594cVwFhC5hIK3BQKn5RqUszKMCs0sd5KF8rXZ1E5A==
  dependencies:
    "@aurelia/kernel" "2.0.0-alpha.37"
    "@aurelia/metadata" "2.0.0-alpha.37"
    "@aurelia/platform" "2.0.0-alpha.37"
    "@aurelia/platform-browser" "2.0.0-alpha.37"
    "@aurelia/runtime" "2.0.0-alpha.37"
    "@aurelia/runtime-html" "2.0.0-alpha.37"

"@babel/runtime@^7.3.1":
  version "7.18.9"
  resolved "https://registry.yarnpkg.com/@babel/runtime/-/runtime-7.18.9.tgz#b4fcfce55db3d2e5e080d2490f608a3b9f407f4a"
  integrity sha512-lkqXDcvlFT5rvEjiu6+QYO+1GXrEHRo2LOtS7E4GtX5ESIZOgepqsZBVIj6Pv+a6zqsya9VCgiK1KAK4BvJDAw==
  dependencies:
    regenerator-runtime "^0.13.4"

"@types/jest@^27.0.3":
  version "27.5.2"
  resolved "https://registry.yarnpkg.com/@types/jest/-/jest-27.5.2.tgz#ec49d29d926500ffb9fd22b84262e862049c026c"
  integrity sha512-mpT8LJJ4CMeeahobofYWIjFo0xonRS/HfxnVEPMPFSQdGUt1uHCnoPT7Zhb+sjDU2wz0oKV0OLUR0WzrHNgfeA==
  dependencies:
    jest-matcher-utils "^27.0.0"
    pretty-format "^27.0.0"

"@types/node@^16.11.10":
  version "16.11.47"
  resolved "https://registry.yarnpkg.com/@types/node/-/node-16.11.47.tgz#efa9e3e0f72e7aa6a138055dace7437a83d9f91c"
  integrity sha512-fpP+jk2zJ4VW66+wAMFoBJlx1bxmBKx4DUFf68UHgdGCOuyUTDlLWqsaNPJh7xhNDykyJ9eIzAygilP/4WoN8g==

ansi-regex@^5.0.1:
  version "5.0.1"
  resolved "https://registry.yarnpkg.com/ansi-regex/-/ansi-regex-5.0.1.tgz#082cb2c89c9fe8659a311a53bd6a4dc5301db304"
  integrity sha512-quJQXlTSUGL2LH9SUXo8VwsY4soanhgo6LNSm84E1LBcE8s3O0wpdiRzyR9z/ZZJMlMWv37qOOb9pdJlMUEKFQ==

ansi-styles@^4.1.0:
  version "4.3.0"
  resolved "https://registry.yarnpkg.com/ansi-styles/-/ansi-styles-4.3.0.tgz#edd803628ae71c04c85ae7a0906edad34b648937"
  integrity sha512-zbB9rCJAT1rbjiVDb2hqKFHNYLxgtk8NURxZ3IZwD3F6NtxbXZQCnnSi1Lkx+IDohdPlFp222wVALIheZJQSEg==
  dependencies:
    color-convert "^2.0.1"

ansi-styles@^5.0.0:
  version "5.2.0"
  resolved "https://registry.yarnpkg.com/ansi-styles/-/ansi-styles-5.2.0.tgz#07449690ad45777d1924ac2abb2fc8895dba836b"
  integrity sha512-Cxwpt2SfTzTtXcfOlzGEee8O+c+MmUgGrNiBcXnuWxuFJHe6a5Hz7qwhwe5OgaSYI0IJvkLqWX1ASG+cJOkEiA==

aurelia@^2.0.0-alpha.37:
  version "2.0.0-alpha.37"
  resolved "https://registry.yarnpkg.com/aurelia/-/aurelia-2.0.0-alpha.37.tgz#7501f12628b745ead78277cbf671a5120c6eb2b9"
  integrity sha512-VA8acnVe94yMJN3PraaoY8lDEUuM9NChVa8HtJttLE4T3MeoUA5YLudjnL+HcclbeKrUMTPUj5jl0NfsCvZniw==
  dependencies:
    "@aurelia/fetch-client" "2.0.0-alpha.37"
    "@aurelia/kernel" "2.0.0-alpha.37"
    "@aurelia/metadata" "2.0.0-alpha.37"
    "@aurelia/platform" "2.0.0-alpha.37"
    "@aurelia/platform-browser" "2.0.0-alpha.37"
    "@aurelia/route-recognizer" "2.0.0-alpha.37"
    "@aurelia/router" "2.0.0-alpha.37"
    "@aurelia/router-lite" "2.0.0-alpha.37"
    "@aurelia/runtime" "2.0.0-alpha.37"
    "@aurelia/runtime-html" "2.0.0-alpha.37"

chalk@^4.0.0:
  version "4.1.2"
  resolved "https://registry.yarnpkg.com/chalk/-/chalk-4.1.2.tgz#aac4e2b7734a740867aeb16bf02aad556a1e7a01"
  integrity sha512-oKnbhFyRIXpUuez8iBMmyEa4nbj4IOQyuhc/wy9kY7/WVPcwIO9VA668Pu8RkO7+0G76SLROeyw9CpQ061i4mA==
  dependencies:
    ansi-styles "^4.1.0"
    supports-color "^7.1.0"

color-convert@^2.0.1:
  version "2.0.1"
  resolved "https://registry.yarnpkg.com/color-convert/-/color-convert-2.0.1.tgz#72d3a68d598c9bdb3af2ad1e84f21d896abd4de3"
  integrity sha512-RRECPsj7iu/xb5oKYcsFHSppFNnsj/52OVTRKb4zP5onXwVF3zVmmToNcOfGC+CRDpfK/U584fMg38ZHCaElKQ==
  dependencies:
    color-name "~1.1.4"

color-name@~1.1.4:
  version "1.1.4"
  resolved "https://registry.yarnpkg.com/color-name/-/color-name-1.1.4.tgz#c2a09a87acbde69543de6f63fa3995c826c536a2"
  integrity sha512-dOy+3AuW3a2wNbZHIuMZpTcgjGuLU/uBL/ubcZF9OXbDo8ff4O8yVp5Bf0efS8uEoYo5q4Fx7dY9OgQGXgAsQA==

diff-sequences@^27.5.1:
  version "27.5.1"
  resolved "https://registry.yarnpkg.com/diff-sequences/-/diff-sequences-27.5.1.tgz#eaecc0d327fd68c8d9672a1e64ab8dccb2ef5327"
  integrity sha512-k1gCAXAsNgLwEL+Y8Wvl+M6oEFj5bgazfZULpS5CneoPPXRaCCW7dm+q21Ky2VEE5X+VeRDBVg1Pcvvsr4TtNQ==

has-flag@^4.0.0:
  version "4.0.0"
  resolved "https://registry.yarnpkg.com/has-flag/-/has-flag-4.0.0.tgz#944771fd9c81c81265c4d6941860da06bb59479b"
  integrity sha512-EykJT/Q1KjTWctppgIAgfSO0tKVuZUjhgMr17kqTumMl6Afv3EISleU7qZUzoXDFTAHTDC4NOoG/ZxU3EvlMPQ==

i18next@^17.0.0:
  version "17.3.1"
  resolved "https://registry.yarnpkg.com/i18next/-/i18next-17.3.1.tgz#5fe75e054aae39a6f38f1a79f7ab49184c6dc7a1"
  integrity sha512-4nY+yaENaoZKmpbiDXPzucVHCN3hN9Z9Zk7LyQXVOKVIpnYOJ3L/yxHJlBPtJDq3PGgjFwA0QBFm/26Z0iDT5A==
  dependencies:
    "@babel/runtime" "^7.3.1"

jest-diff@^27.5.1:
  version "27.5.1"
  resolved "https://registry.yarnpkg.com/jest-diff/-/jest-diff-27.5.1.tgz#a07f5011ac9e6643cf8a95a462b7b1ecf6680def"
  integrity sha512-m0NvkX55LDt9T4mctTEgnZk3fmEg3NRYutvMPWM/0iPnkFj2wIeF45O1718cMSOFO1vINkqmxqD8vE37uTEbqw==
  dependencies:
    chalk "^4.0.0"
    diff-sequences "^27.5.1"
    jest-get-type "^27.5.1"
    pretty-format "^27.5.1"

jest-get-type@^27.5.1:
  version "27.5.1"
  resolved "https://registry.yarnpkg.com/jest-get-type/-/jest-get-type-27.5.1.tgz#3cd613c507b0f7ace013df407a1c1cd578bcb4f1"
  integrity sha512-2KY95ksYSaK7DMBWQn6dQz3kqAf3BB64y2udeG+hv4KfSOb9qwcYQstTJc1KCbsix+wLZWZYN8t7nwX3GOBLRw==

jest-matcher-utils@^27.0.0:
  version "27.5.1"
  resolved "https://registry.yarnpkg.com/jest-matcher-utils/-/jest-matcher-utils-27.5.1.tgz#9c0cdbda8245bc22d2331729d1091308b40cf8ab"
  integrity sha512-z2uTx/T6LBaCoNWNFWwChLBKYxTMcGBRjAt+2SbP929/Fflb9aa5LGma654Rz8z9HLxsrUaYzxE9T/EFIL/PAw==
  dependencies:
    chalk "^4.0.0"
    jest-diff "^27.5.1"
    jest-get-type "^27.5.1"
    pretty-format "^27.5.1"

pretty-format@^27.0.0, pretty-format@^27.5.1:
  version "27.5.1"
  resolved "https://registry.yarnpkg.com/pretty-format/-/pretty-format-27.5.1.tgz#2181879fdea51a7a5851fb39d920faa63f01d88e"
  integrity sha512-Qb1gy5OrP5+zDf2Bvnzdl3jsTf1qXVMazbvCoKhtKqVs4/YK4ozX4gKQJJVyNe+cajNPn0KoC0MC3FUmaHWEmQ==
  dependencies:
    ansi-regex "^5.0.1"
    ansi-styles "^5.0.0"
    react-is "^17.0.1"

react-is@^17.0.1:
  version "17.0.2"
  resolved "https://registry.yarnpkg.com/react-is/-/react-is-17.0.2.tgz#e691d4a8e9c789365655539ab372762b0efb54f0"
  integrity sha512-w2GsyukL62IJnlaff/nRegPQR94C/XXamvMWmSHRJ4y7Ts/4ocGRmTHvOs8PSE6pB3dWOrD/nueuU5sduBsQ4w==

regenerator-runtime@^0.13.4:
  version "0.13.9"
  resolved "https://registry.yarnpkg.com/regenerator-runtime/-/regenerator-runtime-0.13.9.tgz#8925742a98ffd90814988d7566ad30ca3b263b52"
  integrity sha512-p3VT+cOEgxFsRRA9X4lkI1E+k2/CtnKtU4gcxyaCUreilL/vqI6CdZ3wxVUx3UOUg+gnUOQQcRI7BmSI656MYA==

supports-color@^7.1.0:
  version "7.2.0"
  resolved "https://registry.yarnpkg.com/supports-color/-/supports-color-7.2.0.tgz#1b7dcdcb32b8138801b3e478ba6a51caa89648da"
  integrity sha512-qpCAvRl9stuOHveKsn7HncJRvv501qIacKzQlO/+Lwxc9+0q2wLyv4Dfvt80/DPn2pqOBsJdDiogXGR9+OvwRw==
  dependencies:
    has-flag "^4.0.0"

typescript@^4.7.3:
  version "4.7.4"
  resolved "https://registry.yarnpkg.com/typescript/-/typescript-4.7.4.tgz#1a88596d1cf47d59507a1bcdfb5b9dfe4d488235"
  integrity sha512-C0WQT0gezHuw6AdY1M2jxUO83Rjf0HP7Sk1DtXj6j1EwkQNZrHAg2XPWlq62oqEhYvONq5pkC2Y9oPljWToLmQ==
