# THIS IS AN AUTOGENERATED FILE. DO NOT EDIT THIS FILE DIRECTLY.
# yarn lockfile v1


"@aegenet/belt-anti-bounce@^0.3.1":
  version "0.3.1"
  resolved "https://npm.pkg.github.com/download/@aegenet/belt-anti-bounce/0.3.1/ceb2b3de9d8617e064473303ef1adfd5a9c5e4da#ceb2b3de9d8617e064473303ef1adfd5a9c5e4da"
  integrity sha512-AdcF24nzHHyyeFRhw0VqRAFNiBExYBPAakyfgEcFL5D5W0ENK5THbvh6T0Jp3Wu7rrtF+cKQC6L+v9CJdZqA7A==

"@aurelia/fetch-client@2.0.0-beta.3":
  version "2.0.0-beta.3"
  resolved "https://registry.yarnpkg.com/@aurelia/fetch-client/-/fetch-client-2.0.0-beta.3.tgz#b21e6bee53787a56c74e1600a6f2ffc9cc179b9d"
  integrity sha512-NtYsKBDcERnKCRvOsQzBbtTKVZ62OjSintfT/ApeSJDyBumTnZxNQegXmW4yKlZe+U+c/CWrGwrNb+ydhanWKw==
  dependencies:
    "@aurelia/kernel" "2.0.0-beta.3"
    "@aurelia/metadata" "2.0.0-beta.3"

"@aurelia/i18n@^2.0.0-beta.3":
  version "2.0.0-beta.3"
  resolved "https://registry.yarnpkg.com/@aurelia/i18n/-/i18n-2.0.0-beta.3.tgz#78e781880bf170c460ca21284c7fba9c0873164c"
  integrity sha512-msjRDcWGcGFpj7sq3Z+vPB1qQ1ZuDttZe7suxddTFH15V1f/x75cAUkIXfElkQ3MBMo+3bglyZWNy6qbss0dEg==
  dependencies:
    "@aurelia/kernel" "2.0.0-beta.3"
    "@aurelia/metadata" "2.0.0-beta.3"
    "@aurelia/platform" "2.0.0-beta.3"
    "@aurelia/runtime" "2.0.0-beta.3"
    "@aurelia/runtime-html" "2.0.0-beta.3"
    i18next "^17.0.0"

"@aurelia/kernel@2.0.0-beta.3":
  version "2.0.0-beta.3"
  resolved "https://registry.yarnpkg.com/@aurelia/kernel/-/kernel-2.0.0-beta.3.tgz#ea6159318f2a6c95127a22c3f64b7d303d20ed6a"
  integrity sha512-JGv7Ia1yqCUWHdDfTeUMEBSE0kU3XCd8rgupYMvD8bf9TSS2DUIO1CG+Fdbb67LUnlfrzlytgYUJ5LXj3yVzRQ==
  dependencies:
    "@aurelia/metadata" "2.0.0-beta.3"
    "@aurelia/platform" "2.0.0-beta.3"

"@aurelia/metadata@2.0.0-beta.3":
  version "2.0.0-beta.3"
  resolved "https://registry.yarnpkg.com/@aurelia/metadata/-/metadata-2.0.0-beta.3.tgz#28129b6deaf6dd99429f2a2945760f7ec0faea0f"
  integrity sha512-KetqZNZovgt4elvFh/28BW/6pgfRqdXzm0ldN/AfC4/M8HqEJPkBLzeVAUgnQMGOoicfbkqSEPVfugTfUs9BFA==

"@aurelia/platform-browser@2.0.0-beta.3":
  version "2.0.0-beta.3"
  resolved "https://registry.yarnpkg.com/@aurelia/platform-browser/-/platform-browser-2.0.0-beta.3.tgz#c36a310478c7bf27a909012adb65e240e9f3cb2d"
  integrity sha512-XSdRXATez72gRQYY91HwlFCbM4QsESne7xl7dY5aCZvbRCdsjtsOuqO0eJ526sodFtLRMbR878INqmYgKuUdtg==
  dependencies:
    "@aurelia/platform" "2.0.0-beta.3"

"@aurelia/platform@2.0.0-beta.3":
  version "2.0.0-beta.3"
  resolved "https://registry.yarnpkg.com/@aurelia/platform/-/platform-2.0.0-beta.3.tgz#5d6f752b123f026b243b4f438095890990ec8173"
  integrity sha512-n2E61YZp4lBbcMt5MFGAxTbbGe5LUUYKiK4+Q9ZHPgnjxqtz966h3BAafnbW/RZ2oMUlkJIatWsIQY8HrS5rSQ==

"@aurelia/route-recognizer@2.0.0-beta.3":
  version "2.0.0-beta.3"
  resolved "https://registry.yarnpkg.com/@aurelia/route-recognizer/-/route-recognizer-2.0.0-beta.3.tgz#5bbae00c1f5cfb81ac36bbf010e9e26633bd6ff7"
  integrity sha512-oD5TypM6ANcWlF+0iN6hgCdkWP1V16C0Se4Fxa7/TLCTHM2VybvVrFEUWq6jM/sFQdTVTeaEPuDXlRXuiiPTZg==

"@aurelia/router@^2.0.0-beta.3":
  version "2.0.0-beta.3"
  resolved "https://registry.yarnpkg.com/@aurelia/router/-/router-2.0.0-beta.3.tgz#de25ea9c993698f5cac3896f128c1506c214400d"
  integrity sha512-/eY2KFy0ilBI9ipUJ7ffKiu2K1LdYB5TyUSYlYC1mq/ssbNc2IicJ6eZKldheG6ZDukamDF2ONcAeqjwoWwKdA==
  dependencies:
    "@aurelia/kernel" "2.0.0-beta.3"
    "@aurelia/metadata" "2.0.0-beta.3"
    "@aurelia/platform" "2.0.0-beta.3"
    "@aurelia/platform-browser" "2.0.0-beta.3"
    "@aurelia/route-recognizer" "2.0.0-beta.3"
    "@aurelia/runtime" "2.0.0-beta.3"
    "@aurelia/runtime-html" "2.0.0-beta.3"

"@aurelia/runtime-html@2.0.0-beta.3":
  version "2.0.0-beta.3"
  resolved "https://registry.yarnpkg.com/@aurelia/runtime-html/-/runtime-html-2.0.0-beta.3.tgz#d1a1e65b4adb8d1eebeb68ecad92fb1f15989060"
  integrity sha512-HF3pqM/OnTB/MK1MBRylLssuvkN0rW5T9NAlHIthGR/Y32Q0GkHkPJ2a/JxPhlkG/SyuZr4eCAK3CpEP2IrpxQ==
  dependencies:
    "@aurelia/kernel" "2.0.0-beta.3"
    "@aurelia/metadata" "2.0.0-beta.3"
    "@aurelia/platform" "2.0.0-beta.3"
    "@aurelia/platform-browser" "2.0.0-beta.3"
    "@aurelia/runtime" "2.0.0-beta.3"

"@aurelia/runtime@2.0.0-beta.3":
  version "2.0.0-beta.3"
  resolved "https://registry.yarnpkg.com/@aurelia/runtime/-/runtime-2.0.0-beta.3.tgz#0fefe00c004ed7b9f94209265b683dc10332f999"
  integrity sha512-f0rJl5I86AKcAtBfy7q8AwGM0WfgzaekTMB5cTcrO9zzBD/a4INy5DlT6TpZGMS0+uHVSynTyw2WVu+OL58RGA==
  dependencies:
    "@aurelia/kernel" "2.0.0-beta.3"
    "@aurelia/metadata" "2.0.0-beta.3"
    "@aurelia/platform" "2.0.0-beta.3"

"@aurelia/testing@^2.0.0-beta.3":
  version "2.0.0-beta.3"
  resolved "https://registry.yarnpkg.com/@aurelia/testing/-/testing-2.0.0-beta.3.tgz#20dc66563110cdb5f53f4c22bccb660bf6925b6a"
  integrity sha512-iRtcxwS3PCexhgKiHSgmVi6XuMsrRVjF71VZKU4zzTxTH6YtKHKsmbXPi1CC8I8nZtIHdr17vL4YmTeBp25Q1A==
  dependencies:
    "@aurelia/kernel" "2.0.0-beta.3"
    "@aurelia/metadata" "2.0.0-beta.3"
    "@aurelia/platform" "2.0.0-beta.3"
    "@aurelia/platform-browser" "2.0.0-beta.3"
    "@aurelia/runtime" "2.0.0-beta.3"
    "@aurelia/runtime-html" "2.0.0-beta.3"

"@babel/runtime@^7.3.1":
  version "7.21.0"
  resolved "https://registry.yarnpkg.com/@babel/runtime/-/runtime-7.21.0.tgz#5b55c9d394e5fcf304909a8b00c07dc217b56673"
  integrity sha512-xwII0//EObnq89Ji5AKYQaRYiW/nZ3llSv29d49IuxPhKbtJoLP+9QUUZ4nVragQVtaVGeZrpB+ZtG/Pdy/POw==
  dependencies:
    regenerator-runtime "^0.13.11"

"@types/jest@^27":
  version "27.5.2"
  resolved "https://registry.yarnpkg.com/@types/jest/-/jest-27.5.2.tgz#ec49d29d926500ffb9fd22b84262e862049c026c"
  integrity sha512-mpT8LJJ4CMeeahobofYWIjFo0xonRS/HfxnVEPMPFSQdGUt1uHCnoPT7Zhb+sjDU2wz0oKV0OLUR0WzrHNgfeA==
  dependencies:
    jest-matcher-utils "^27.0.0"
    pretty-format "^27.0.0"

"@types/node@^18.11.18":
  version "18.15.10"
  resolved "https://registry.yarnpkg.com/@types/node/-/node-18.15.10.tgz#4ee2171c3306a185d1208dad5f44dae3dee4cfe3"
  integrity sha512-9avDaQJczATcXgfmMAW3MIWArOO7A+m90vuCFLr8AotWf8igO/mRoYukrk2cqZVtv38tHs33retzHEilM7FpeQ==

ansi-regex@^5.0.1:
  version "5.0.1"
  resolved "https://registry.yarnpkg.com/ansi-regex/-/ansi-regex-5.0.1.tgz#082cb2c89c9fe8659a311a53bd6a4dc5301db304"
  integrity sha512-quJQXlTSUGL2LH9SUXo8VwsY4soanhgo6LNSm84E1LBcE8s3O0wpdiRzyR9z/ZZJMlMWv37qOOb9pdJlMUEKFQ==

ansi-styles@^4.1.0:
  version "4.3.0"
  resolved "https://registry.yarnpkg.com/ansi-styles/-/ansi-styles-4.3.0.tgz#edd803628ae71c04c85ae7a0906edad34b648937"
  integrity sha512-zbB9rCJAT1rbjiVDb2hqKFHNYLxgtk8NURxZ3IZwD3F6NtxbXZQCnnSi1Lkx+IDohdPlFp222wVALIheZJQSEg==
  dependencies:
    color-convert "^2.0.1"

ansi-styles@^5.0.0:
  version "5.2.0"
  resolved "https://registry.yarnpkg.com/ansi-styles/-/ansi-styles-5.2.0.tgz#07449690ad45777d1924ac2abb2fc8895dba836b"
  integrity sha512-Cxwpt2SfTzTtXcfOlzGEee8O+c+MmUgGrNiBcXnuWxuFJHe6a5Hz7qwhwe5OgaSYI0IJvkLqWX1ASG+cJOkEiA==

aurelia@^2.0.0-beta.3:
  version "2.0.0-beta.3"
  resolved "https://registry.yarnpkg.com/aurelia/-/aurelia-2.0.0-beta.3.tgz#97bb15206100f04bcc2d0c351f6b86f6dd7183f5"
  integrity sha512-xaKRVkwEwMYohU7JblcslmWQXOVinCnX/St9RqFW9W9h+sAmx19Eyg6/j/7BgX/X88jahhHAe7/fnJeYTyd5hQ==
  dependencies:
    "@aurelia/fetch-client" "2.0.0-beta.3"
    "@aurelia/kernel" "2.0.0-beta.3"
    "@aurelia/metadata" "2.0.0-beta.3"
    "@aurelia/platform" "2.0.0-beta.3"
    "@aurelia/platform-browser" "2.0.0-beta.3"
    "@aurelia/runtime" "2.0.0-beta.3"
    "@aurelia/runtime-html" "2.0.0-beta.3"

chalk@^4.0.0:
  version "4.1.2"
  resolved "https://registry.yarnpkg.com/chalk/-/chalk-4.1.2.tgz#aac4e2b7734a740867aeb16bf02aad556a1e7a01"
  integrity sha512-oKnbhFyRIXpUuez8iBMmyEa4nbj4IOQyuhc/wy9kY7/WVPcwIO9VA668Pu8RkO7+0G76SLROeyw9CpQ061i4mA==
  dependencies:
    ansi-styles "^4.1.0"
    supports-color "^7.1.0"

color-convert@^2.0.1:
  version "2.0.1"
  resolved "https://registry.yarnpkg.com/color-convert/-/color-convert-2.0.1.tgz#72d3a68d598c9bdb3af2ad1e84f21d896abd4de3"
  integrity sha512-RRECPsj7iu/xb5oKYcsFHSppFNnsj/52OVTRKb4zP5onXwVF3zVmmToNcOfGC+CRDpfK/U584fMg38ZHCaElKQ==
  dependencies:
    color-name "~1.1.4"

color-name@~1.1.4:
  version "1.1.4"
  resolved "https://registry.yarnpkg.com/color-name/-/color-name-1.1.4.tgz#c2a09a87acbde69543de6f63fa3995c826c536a2"
  integrity sha512-dOy+3AuW3a2wNbZHIuMZpTcgjGuLU/uBL/ubcZF9OXbDo8ff4O8yVp5Bf0efS8uEoYo5q4Fx7dY9OgQGXgAsQA==

diff-sequences@^27.5.1:
  version "27.5.1"
  resolved "https://registry.yarnpkg.com/diff-sequences/-/diff-sequences-27.5.1.tgz#eaecc0d327fd68c8d9672a1e64ab8dccb2ef5327"
  integrity sha512-k1gCAXAsNgLwEL+Y8Wvl+M6oEFj5bgazfZULpS5CneoPPXRaCCW7dm+q21Ky2VEE5X+VeRDBVg1Pcvvsr4TtNQ==

has-flag@^4.0.0:
  version "4.0.0"
  resolved "https://registry.yarnpkg.com/has-flag/-/has-flag-4.0.0.tgz#944771fd9c81c81265c4d6941860da06bb59479b"
  integrity sha512-EykJT/Q1KjTWctppgIAgfSO0tKVuZUjhgMr17kqTumMl6Afv3EISleU7qZUzoXDFTAHTDC4NOoG/ZxU3EvlMPQ==

i18next@^17.0.0:
  version "17.3.1"
  resolved "https://registry.yarnpkg.com/i18next/-/i18next-17.3.1.tgz#5fe75e054aae39a6f38f1a79f7ab49184c6dc7a1"
  integrity sha512-4nY+yaENaoZKmpbiDXPzucVHCN3hN9Z9Zk7LyQXVOKVIpnYOJ3L/yxHJlBPtJDq3PGgjFwA0QBFm/26Z0iDT5A==
  dependencies:
    "@babel/runtime" "^7.3.1"

jest-diff@^27.5.1:
  version "27.5.1"
  resolved "https://registry.yarnpkg.com/jest-diff/-/jest-diff-27.5.1.tgz#a07f5011ac9e6643cf8a95a462b7b1ecf6680def"
  integrity sha512-m0NvkX55LDt9T4mctTEgnZk3fmEg3NRYutvMPWM/0iPnkFj2wIeF45O1718cMSOFO1vINkqmxqD8vE37uTEbqw==
  dependencies:
    chalk "^4.0.0"
    diff-sequences "^27.5.1"
    jest-get-type "^27.5.1"
    pretty-format "^27.5.1"

jest-get-type@^27.5.1:
  version "27.5.1"
  resolved "https://registry.yarnpkg.com/jest-get-type/-/jest-get-type-27.5.1.tgz#3cd613c507b0f7ace013df407a1c1cd578bcb4f1"
  integrity sha512-2KY95ksYSaK7DMBWQn6dQz3kqAf3BB64y2udeG+hv4KfSOb9qwcYQstTJc1KCbsix+wLZWZYN8t7nwX3GOBLRw==

jest-matcher-utils@^27.0.0:
  version "27.5.1"
  resolved "https://registry.yarnpkg.com/jest-matcher-utils/-/jest-matcher-utils-27.5.1.tgz#9c0cdbda8245bc22d2331729d1091308b40cf8ab"
  integrity sha512-z2uTx/T6LBaCoNWNFWwChLBKYxTMcGBRjAt+2SbP929/Fflb9aa5LGma654Rz8z9HLxsrUaYzxE9T/EFIL/PAw==
  dependencies:
    chalk "^4.0.0"
    jest-diff "^27.5.1"
    jest-get-type "^27.5.1"
    pretty-format "^27.5.1"

pretty-format@^27.0.0, pretty-format@^27.5.1:
  version "27.5.1"
  resolved "https://registry.yarnpkg.com/pretty-format/-/pretty-format-27.5.1.tgz#2181879fdea51a7a5851fb39d920faa63f01d88e"
  integrity sha512-Qb1gy5OrP5+zDf2Bvnzdl3jsTf1qXVMazbvCoKhtKqVs4/YK4ozX4gKQJJVyNe+cajNPn0KoC0MC3FUmaHWEmQ==
  dependencies:
    ansi-regex "^5.0.1"
    ansi-styles "^5.0.0"
    react-is "^17.0.1"

react-is@^17.0.1:
  version "17.0.2"
  resolved "https://registry.yarnpkg.com/react-is/-/react-is-17.0.2.tgz#e691d4a8e9c789365655539ab372762b0efb54f0"
  integrity sha512-w2GsyukL62IJnlaff/nRegPQR94C/XXamvMWmSHRJ4y7Ts/4ocGRmTHvOs8PSE6pB3dWOrD/nueuU5sduBsQ4w==

regenerator-runtime@^0.13.11:
  version "0.13.11"
  resolved "https://registry.yarnpkg.com/regenerator-runtime/-/regenerator-runtime-0.13.11.tgz#f6dca3e7ceec20590d07ada785636a90cdca17f9"
  integrity sha512-kY1AZVr2Ra+t+piVaJ4gxaFaReZVH40AKNo7UCX6W+dEwBo/2oZJzqfuN1qLq1oL45o56cPaTXELwrTh8Fpggg==

supports-color@^7.1.0:
  version "7.2.0"
  resolved "https://registry.yarnpkg.com/supports-color/-/supports-color-7.2.0.tgz#1b7dcdcb32b8138801b3e478ba6a51caa89648da"
  integrity sha512-qpCAvRl9stuOHveKsn7HncJRvv501qIacKzQlO/+Lwxc9+0q2wLyv4Dfvt80/DPn2pqOBsJdDiogXGR9+OvwRw==
  dependencies:
    has-flag "^4.0.0"

typescript@~4.7:
  version "4.7.4"
  resolved "https://registry.yarnpkg.com/typescript/-/typescript-4.7.4.tgz#1a88596d1cf47d59507a1bcdfb5b9dfe4d488235"
  integrity sha512-C0WQT0gezHuw6AdY1M2jxUO83Rjf0HP7Sk1DtXj6j1EwkQNZrHAg2XPWlq62oqEhYvONq5pkC2Y9oPljWToLmQ==
