# THIS IS AN AUTOGENERATED FILE. DO NOT EDIT THIS FILE DIRECTLY.
# yarn lockfile v1


"@aegenet/belt-anti-bounce@^0.3.1":
  version "0.3.1"
  resolved "https://npm.pkg.github.com/download/@aegenet/belt-anti-bounce/0.3.1/ceb2b3de9d8617e064473303ef1adfd5a9c5e4da#ceb2b3de9d8617e064473303ef1adfd5a9c5e4da"
  integrity sha512-AdcF24nzHHyyeFRhw0VqRAFNiBExYBPAakyfgEcFL5D5W0ENK5THbvh6T0Jp3Wu7rrtF+cKQC6L+v9CJdZqA7A==

"@aurelia/fetch-client@2.0.0-beta.6":
  version "2.0.0-beta.6"
  resolved "https://registry.yarnpkg.com/@aurelia/fetch-client/-/fetch-client-2.0.0-beta.6.tgz#e5568e05a0d84cbe0c9a1c6df744b469714c39dd"
  integrity sha512-izYYLkYOYZTyVrpd5+XBmeVXurB5lqIldU4zM4HQ/ikYtc1wz5YaE/sUVkyNd1aD0TEIS5R94v2U5pFkfkRWbg==
  dependencies:
    "@aurelia/kernel" "2.0.0-beta.6"
    "@aurelia/metadata" "2.0.0-beta.6"

"@aurelia/i18n@^2.0.0-beta.6":
  version "2.0.0-beta.6"
  resolved "https://registry.yarnpkg.com/@aurelia/i18n/-/i18n-2.0.0-beta.6.tgz#3a2dbf6b8979c43339dff502ca9e2434e323c92f"
  integrity sha512-JED0LLQYilisih7pNRAqgad+YODYE84F7u8L3PKby8I4FzxyXqmsXHInP1VWjOBGeid22JYqXjEodUdqUphxwA==
  dependencies:
    "@aurelia/kernel" "2.0.0-beta.6"
    "@aurelia/metadata" "2.0.0-beta.6"
    "@aurelia/platform" "2.0.0-beta.6"
    "@aurelia/runtime" "2.0.0-beta.6"
    "@aurelia/runtime-html" "2.0.0-beta.6"
    i18next "^17.0.0"

"@aurelia/kernel@2.0.0-beta.6":
  version "2.0.0-beta.6"
  resolved "https://registry.yarnpkg.com/@aurelia/kernel/-/kernel-2.0.0-beta.6.tgz#7b16c74ea8b7cf8b280a23050ef2da84e6c58dfc"
  integrity sha512-/NDSAVWez7iEvJ2JjYNYJjBuKGfqpIxSiOfybVIgF9kevEV4/axr0OK04GM6CTKpEvzDTqcNeJBkSNTlainAeg==
  dependencies:
    "@aurelia/metadata" "2.0.0-beta.6"
    "@aurelia/platform" "2.0.0-beta.6"

"@aurelia/metadata@2.0.0-beta.6":
  version "2.0.0-beta.6"
  resolved "https://registry.yarnpkg.com/@aurelia/metadata/-/metadata-2.0.0-beta.6.tgz#5f59787f5709f65468a0f7eb1cac6281d6eeb3f1"
  integrity sha512-Al63lrdC/AWtGsimp8QxrEfFM+tVKpLt1YwxH83xhGV0vQVBtF9XU/zodXG3x7cvqwpUKOPjENu6vgfk/t1NwQ==

"@aurelia/platform-browser@2.0.0-beta.6":
  version "2.0.0-beta.6"
  resolved "https://registry.yarnpkg.com/@aurelia/platform-browser/-/platform-browser-2.0.0-beta.6.tgz#19d509ad18043d12ebd92b31ec58b5cf14f52b45"
  integrity sha512-K/hqSxZQm/6/8cOitVgfW4tERRghcMtE+s1YHgKBNwa9ZCU38Rd7b+C3TCgZiWfVvVVlnJPKB1u0LkXHjzKArQ==
  dependencies:
    "@aurelia/platform" "2.0.0-beta.6"

"@aurelia/platform@2.0.0-beta.6":
  version "2.0.0-beta.6"
  resolved "https://registry.yarnpkg.com/@aurelia/platform/-/platform-2.0.0-beta.6.tgz#9441c3ea55676b21606a1d77b02cacc99197a767"
  integrity sha512-SlLObWSzpefByXxPNysaZaNECLPUpUsNcOBCTc82ZvmIIWYhUYgwR4iPpLRBw/Puo55xlixaAgkPLC6jiYp46Q==

"@aurelia/route-recognizer@2.0.0-beta.6":
  version "2.0.0-beta.6"
  resolved "https://registry.yarnpkg.com/@aurelia/route-recognizer/-/route-recognizer-2.0.0-beta.6.tgz#ce6e060696603465f26dfe0239b3ba45c3780218"
  integrity sha512-ro0Y6Ksx4r0nAlYZ+VyM+vmXjBksmeN9hRAiq6seMjeWO0G8x/YW/ovI3YLzi4yOATW3QYNM71cJdZv1ufvSdA==

"@aurelia/router@^2.0.0-beta.6":
  version "2.0.0-beta.6"
  resolved "https://registry.yarnpkg.com/@aurelia/router/-/router-2.0.0-beta.6.tgz#c289ae794044522e66d2c646da7b68fc74ccca8d"
  integrity sha512-hJBqS8gfwayFdYaGb9GLdDnQumApDlEKf/+iwvgCs7pzR82MQ0B4Ez27FrJs2vOdy2StTqsWziM0NuW+z+pwXA==
  dependencies:
    "@aurelia/kernel" "2.0.0-beta.6"
    "@aurelia/metadata" "2.0.0-beta.6"
    "@aurelia/platform" "2.0.0-beta.6"
    "@aurelia/platform-browser" "2.0.0-beta.6"
    "@aurelia/route-recognizer" "2.0.0-beta.6"
    "@aurelia/runtime" "2.0.0-beta.6"
    "@aurelia/runtime-html" "2.0.0-beta.6"

"@aurelia/runtime-html@2.0.0-beta.6":
  version "2.0.0-beta.6"
  resolved "https://registry.yarnpkg.com/@aurelia/runtime-html/-/runtime-html-2.0.0-beta.6.tgz#da8a6ccede4c78b8f7aa4583a2c76c60b535560d"
  integrity sha512-qjiMHEVBwv7NHyeufPD4jcc2l7Oq0VFsX+/zuFQi4SQnJvmtXhwNbceQSideBd4DhRbnaLz72Y5mu88dMypf5g==
  dependencies:
    "@aurelia/kernel" "2.0.0-beta.6"
    "@aurelia/metadata" "2.0.0-beta.6"
    "@aurelia/platform" "2.0.0-beta.6"
    "@aurelia/platform-browser" "2.0.0-beta.6"
    "@aurelia/runtime" "2.0.0-beta.6"

"@aurelia/runtime@2.0.0-beta.6":
  version "2.0.0-beta.6"
  resolved "https://registry.yarnpkg.com/@aurelia/runtime/-/runtime-2.0.0-beta.6.tgz#b7b1809261a6dcff6e427f320329bb070eab233a"
  integrity sha512-u3cT3Bdr1fDGBMDY0sj1S11FYD+h2rpbUbH/JEbr7aWoL64RJr4VssagwtCZeymUASEjEnCCgq6cKIKKyISkJg==
  dependencies:
    "@aurelia/kernel" "2.0.0-beta.6"
    "@aurelia/metadata" "2.0.0-beta.6"
    "@aurelia/platform" "2.0.0-beta.6"

"@aurelia/testing@^2.0.0-beta.6":
  version "2.0.0-beta.6"
  resolved "https://registry.yarnpkg.com/@aurelia/testing/-/testing-2.0.0-beta.6.tgz#26343b40a9965256dad160b4ff0de757f6d80d1d"
  integrity sha512-MsnFeeJG2Ihb7CslLxJwY4lMkAyTfYau1x83LGNpGWGzpDdR9wNi7YEHfzFpFWQ/Jf/4E0HDGf7yUuSXNdCG0Q==
  dependencies:
    "@aurelia/kernel" "2.0.0-beta.6"
    "@aurelia/metadata" "2.0.0-beta.6"
    "@aurelia/platform" "2.0.0-beta.6"
    "@aurelia/platform-browser" "2.0.0-beta.6"
    "@aurelia/runtime" "2.0.0-beta.6"
    "@aurelia/runtime-html" "2.0.0-beta.6"

"@babel/runtime@^7.3.1":
  version "7.21.5"
  resolved "https://registry.yarnpkg.com/@babel/runtime/-/runtime-7.21.5.tgz#8492dddda9644ae3bda3b45eabe87382caee7200"
  integrity sha512-8jI69toZqqcsnqGGqwGS4Qb1VwLOEp4hz+CXPywcvjs60u3B4Pom/U/7rm4W8tMOYEB+E9wgD0mW1l3r8qlI9Q==
  dependencies:
    regenerator-runtime "^0.13.11"

"@types/jest@^27":
  version "27.5.2"
  resolved "https://registry.yarnpkg.com/@types/jest/-/jest-27.5.2.tgz#ec49d29d926500ffb9fd22b84262e862049c026c"
  integrity sha512-mpT8LJJ4CMeeahobofYWIjFo0xonRS/HfxnVEPMPFSQdGUt1uHCnoPT7Zhb+sjDU2wz0oKV0OLUR0WzrHNgfeA==
  dependencies:
    jest-matcher-utils "^27.0.0"
    pretty-format "^27.0.0"

"@types/node@^18.11.18":
  version "18.16.14"
  resolved "https://registry.yarnpkg.com/@types/node/-/node-18.16.14.tgz#ab67bb907f1146afc6fedb9ce60ae8a99c989631"
  integrity sha512-+ImzUB3mw2c5ISJUq0punjDilUQ5GnUim0ZRvchHIWJmOC0G+p0kzhXBqj6cDjK0QdPFwzrHWgrJp3RPvCG5qg==

ansi-regex@^5.0.1:
  version "5.0.1"
  resolved "https://registry.yarnpkg.com/ansi-regex/-/ansi-regex-5.0.1.tgz#082cb2c89c9fe8659a311a53bd6a4dc5301db304"
  integrity sha512-quJQXlTSUGL2LH9SUXo8VwsY4soanhgo6LNSm84E1LBcE8s3O0wpdiRzyR9z/ZZJMlMWv37qOOb9pdJlMUEKFQ==

ansi-styles@^4.1.0:
  version "4.3.0"
  resolved "https://registry.yarnpkg.com/ansi-styles/-/ansi-styles-4.3.0.tgz#edd803628ae71c04c85ae7a0906edad34b648937"
  integrity sha512-zbB9rCJAT1rbjiVDb2hqKFHNYLxgtk8NURxZ3IZwD3F6NtxbXZQCnnSi1Lkx+IDohdPlFp222wVALIheZJQSEg==
  dependencies:
    color-convert "^2.0.1"

ansi-styles@^5.0.0:
  version "5.2.0"
  resolved "https://registry.yarnpkg.com/ansi-styles/-/ansi-styles-5.2.0.tgz#07449690ad45777d1924ac2abb2fc8895dba836b"
  integrity sha512-Cxwpt2SfTzTtXcfOlzGEee8O+c+MmUgGrNiBcXnuWxuFJHe6a5Hz7qwhwe5OgaSYI0IJvkLqWX1ASG+cJOkEiA==

aurelia@^2.0.0-beta.6:
  version "2.0.0-beta.6"
  resolved "https://registry.yarnpkg.com/aurelia/-/aurelia-2.0.0-beta.6.tgz#7b28a13ef75356a09b4561c312218c0731188379"
  integrity sha512-vK7BgrOfHmD+gkeA8lpDXoCZrkvy9ok89B54EpQ6sGOXG15DtwIrMJ/xJH93DkvPlvQRby3AJikV1DSTT2UE3A==
  dependencies:
    "@aurelia/fetch-client" "2.0.0-beta.6"
    "@aurelia/kernel" "2.0.0-beta.6"
    "@aurelia/metadata" "2.0.0-beta.6"
    "@aurelia/platform" "2.0.0-beta.6"
    "@aurelia/platform-browser" "2.0.0-beta.6"
    "@aurelia/runtime" "2.0.0-beta.6"
    "@aurelia/runtime-html" "2.0.0-beta.6"

chalk@^4.0.0:
  version "4.1.2"
  resolved "https://registry.yarnpkg.com/chalk/-/chalk-4.1.2.tgz#aac4e2b7734a740867aeb16bf02aad556a1e7a01"
  integrity sha512-oKnbhFyRIXpUuez8iBMmyEa4nbj4IOQyuhc/wy9kY7/WVPcwIO9VA668Pu8RkO7+0G76SLROeyw9CpQ061i4mA==
  dependencies:
    ansi-styles "^4.1.0"
    supports-color "^7.1.0"

color-convert@^2.0.1:
  version "2.0.1"
  resolved "https://registry.yarnpkg.com/color-convert/-/color-convert-2.0.1.tgz#72d3a68d598c9bdb3af2ad1e84f21d896abd4de3"
  integrity sha512-RRECPsj7iu/xb5oKYcsFHSppFNnsj/52OVTRKb4zP5onXwVF3zVmmToNcOfGC+CRDpfK/U584fMg38ZHCaElKQ==
  dependencies:
    color-name "~1.1.4"

color-name@~1.1.4:
  version "1.1.4"
  resolved "https://registry.yarnpkg.com/color-name/-/color-name-1.1.4.tgz#c2a09a87acbde69543de6f63fa3995c826c536a2"
  integrity sha512-dOy+3AuW3a2wNbZHIuMZpTcgjGuLU/uBL/ubcZF9OXbDo8ff4O8yVp5Bf0efS8uEoYo5q4Fx7dY9OgQGXgAsQA==

diff-sequences@^27.5.1:
  version "27.5.1"
  resolved "https://registry.yarnpkg.com/diff-sequences/-/diff-sequences-27.5.1.tgz#eaecc0d327fd68c8d9672a1e64ab8dccb2ef5327"
  integrity sha512-k1gCAXAsNgLwEL+Y8Wvl+M6oEFj5bgazfZULpS5CneoPPXRaCCW7dm+q21Ky2VEE5X+VeRDBVg1Pcvvsr4TtNQ==

has-flag@^4.0.0:
  version "4.0.0"
  resolved "https://registry.yarnpkg.com/has-flag/-/has-flag-4.0.0.tgz#944771fd9c81c81265c4d6941860da06bb59479b"
  integrity sha512-EykJT/Q1KjTWctppgIAgfSO0tKVuZUjhgMr17kqTumMl6Afv3EISleU7qZUzoXDFTAHTDC4NOoG/ZxU3EvlMPQ==

i18next@^17.0.0:
  version "17.3.1"
  resolved "https://registry.yarnpkg.com/i18next/-/i18next-17.3.1.tgz#5fe75e054aae39a6f38f1a79f7ab49184c6dc7a1"
  integrity sha512-4nY+yaENaoZKmpbiDXPzucVHCN3hN9Z9Zk7LyQXVOKVIpnYOJ3L/yxHJlBPtJDq3PGgjFwA0QBFm/26Z0iDT5A==
  dependencies:
    "@babel/runtime" "^7.3.1"

jest-diff@^27.5.1:
  version "27.5.1"
  resolved "https://registry.yarnpkg.com/jest-diff/-/jest-diff-27.5.1.tgz#a07f5011ac9e6643cf8a95a462b7b1ecf6680def"
  integrity sha512-m0NvkX55LDt9T4mctTEgnZk3fmEg3NRYutvMPWM/0iPnkFj2wIeF45O1718cMSOFO1vINkqmxqD8vE37uTEbqw==
  dependencies:
    chalk "^4.0.0"
    diff-sequences "^27.5.1"
    jest-get-type "^27.5.1"
    pretty-format "^27.5.1"

jest-get-type@^27.5.1:
  version "27.5.1"
  resolved "https://registry.yarnpkg.com/jest-get-type/-/jest-get-type-27.5.1.tgz#3cd613c507b0f7ace013df407a1c1cd578bcb4f1"
  integrity sha512-2KY95ksYSaK7DMBWQn6dQz3kqAf3BB64y2udeG+hv4KfSOb9qwcYQstTJc1KCbsix+wLZWZYN8t7nwX3GOBLRw==

jest-matcher-utils@^27.0.0:
  version "27.5.1"
  resolved "https://registry.yarnpkg.com/jest-matcher-utils/-/jest-matcher-utils-27.5.1.tgz#9c0cdbda8245bc22d2331729d1091308b40cf8ab"
  integrity sha512-z2uTx/T6LBaCoNWNFWwChLBKYxTMcGBRjAt+2SbP929/Fflb9aa5LGma654Rz8z9HLxsrUaYzxE9T/EFIL/PAw==
  dependencies:
    chalk "^4.0.0"
    jest-diff "^27.5.1"
    jest-get-type "^27.5.1"
    pretty-format "^27.5.1"

pretty-format@^27.0.0, pretty-format@^27.5.1:
  version "27.5.1"
  resolved "https://registry.yarnpkg.com/pretty-format/-/pretty-format-27.5.1.tgz#2181879fdea51a7a5851fb39d920faa63f01d88e"
  integrity sha512-Qb1gy5OrP5+zDf2Bvnzdl3jsTf1qXVMazbvCoKhtKqVs4/YK4ozX4gKQJJVyNe+cajNPn0KoC0MC3FUmaHWEmQ==
  dependencies:
    ansi-regex "^5.0.1"
    ansi-styles "^5.0.0"
    react-is "^17.0.1"

react-is@^17.0.1:
  version "17.0.2"
  resolved "https://registry.yarnpkg.com/react-is/-/react-is-17.0.2.tgz#e691d4a8e9c789365655539ab372762b0efb54f0"
  integrity sha512-w2GsyukL62IJnlaff/nRegPQR94C/XXamvMWmSHRJ4y7Ts/4ocGRmTHvOs8PSE6pB3dWOrD/nueuU5sduBsQ4w==

regenerator-runtime@^0.13.11:
  version "0.13.11"
  resolved "https://registry.yarnpkg.com/regenerator-runtime/-/regenerator-runtime-0.13.11.tgz#f6dca3e7ceec20590d07ada785636a90cdca17f9"
  integrity sha512-kY1AZVr2Ra+t+piVaJ4gxaFaReZVH40AKNo7UCX6W+dEwBo/2oZJzqfuN1qLq1oL45o56cPaTXELwrTh8Fpggg==

supports-color@^7.1.0:
  version "7.2.0"
  resolved "https://registry.yarnpkg.com/supports-color/-/supports-color-7.2.0.tgz#1b7dcdcb32b8138801b3e478ba6a51caa89648da"
  integrity sha512-qpCAvRl9stuOHveKsn7HncJRvv501qIacKzQlO/+Lwxc9+0q2wLyv4Dfvt80/DPn2pqOBsJdDiogXGR9+OvwRw==
  dependencies:
    has-flag "^4.0.0"

typescript@^5:
  version "5.0.4"
  resolved "https://registry.yarnpkg.com/typescript/-/typescript-5.0.4.tgz#b217fd20119bd61a94d4011274e0ab369058da3b"
  integrity sha512-cW9T5W9xY37cc+jfEnaUvX91foxtHkza3Nw3wkoF4sSlKn0MONdkdEndig/qPBWXNkmplh3NzayQzCiHM4/hqw==
