{
  "name": "@aegenet/au2-code-mirror",
  "version": "0.0.0-dev",
  "lockfileVersion": 3,
  "requires": true,
  "packages": {
    "": {
      "name": "@aegenet/au2-code-mirror",
      "version": "0.0.0-dev",
      "license": "MIT",
      "dependencies": {
        "@codemirror/lang-json": "^6.0.1",
        "codemirror": "^6.0.1"
      },
      "devDependencies": {
        "@aurelia/testing": "^2.0.0-beta.22",
        "@types/node": "^20.11.28",
        "typescript": "^5"
      },
      "peerDependencies": {
        "aurelia": "^2.0.0-beta.22"
      }
    },
    "node_modules/@aurelia/expression-parser": {
      "version": "2.0.0-beta.22",
      "resolved": "https://registry.npmjs.org/@aurelia/expression-parser/-/expression-parser-2.0.0-beta.22.tgz",
      "integrity": "sha512-9SVrdoAGFEv0HVQml9DGHGQSCJvIWbkwrsK773LOCIA7usYJ4hsO5QvhCnmKGiHVURTEVn/ohLzjEY0EP7QAfQ==",
      "dependencies": {
        "@aurelia/kernel": "2.0.0-beta.22"
      },
      "engines": {
        "node": ">=14.17.0"
      }
    },
    "node_modules/@aurelia/fetch-client": {
      "version": "2.0.0-beta.22",
      "resolved": "https://registry.npmjs.org/@aurelia/fetch-client/-/fetch-client-2.0.0-beta.22.tgz",
      "integrity": "sha512-eDQz9fp7BHdkUhUylWBMbZb8gc2tGKwrqpwtZEPAGMcWUrXo6PpIl10eCQ+HQF3XW7CG/vWdvWKFzawy58cf9g==",
      "peer": true,
      "dependencies": {
        "@aurelia/kernel": "2.0.0-beta.22",
        "@aurelia/metadata": "2.0.0-beta.22"
      },
      "engines": {
        "node": ">=14.17.0"
      }
    },
    "node_modules/@aurelia/kernel": {
      "version": "2.0.0-beta.22",
      "resolved": "https://registry.npmjs.org/@aurelia/kernel/-/kernel-2.0.0-beta.22.tgz",
      "integrity": "sha512-WjxRI3C/i1VK3aHOn45r1+uKQIzyJ9M9giN7rqAnakk13DKNTQHU0Ap+yfy7TOmS2H2FGzd6xhoKsa2ZgcPM0Q==",
      "dependencies": {
        "@aurelia/metadata": "2.0.0-beta.22",
        "@aurelia/platform": "2.0.0-beta.22"
      },
      "engines": {
        "node": ">=14.17.0"
      }
    },
    "node_modules/@aurelia/metadata": {
      "version": "2.0.0-beta.22",
      "resolved": "https://registry.npmjs.org/@aurelia/metadata/-/metadata-2.0.0-beta.22.tgz",
      "integrity": "sha512-7u7TdK6mSNEwoGVMFPmUoJV16gdDaROAZZq5oy81HPPS24GOJp4lwxQAuvqby7MTi0gnXXMLLsIoE+oZU7FQcw==",
      "engines": {
        "node": ">=14.17.0"
      }
    },
    "node_modules/@aurelia/platform": {
      "version": "2.0.0-beta.22",
      "resolved": "https://registry.npmjs.org/@aurelia/platform/-/platform-2.0.0-beta.22.tgz",
      "integrity": "sha512-tkE6xM0NYjvdUGYmTWXbi1BahQMQ/hKB8cyQSwq6k2AQfblrT+sfMOuU4RL20FU9VvKpUzBL5h2rEHC97ZJs8A==",
      "engines": {
        "node": ">=14.17.0"
      }
    },
    "node_modules/@aurelia/platform-browser": {
      "version": "2.0.0-beta.22",
      "resolved": "https://registry.npmjs.org/@aurelia/platform-browser/-/platform-browser-2.0.0-beta.22.tgz",
      "integrity": "sha512-wfnW8gZPVAOLMpsRodagSzchRxJn1EFIL79eMlz5OdlgKa+DtIoObTKiHT5nueInx9raBuv6c7rJR+ZSUsFuLQ==",
      "dependencies": {
        "@aurelia/platform": "2.0.0-beta.22"
      },
      "engines": {
        "node": ">=14.17.0"
      }
    },
    "node_modules/@aurelia/runtime": {
      "version": "2.0.0-beta.22",
      "resolved": "https://registry.npmjs.org/@aurelia/runtime/-/runtime-2.0.0-beta.22.tgz",
      "integrity": "sha512-pGR9+g8a8vTBz2ksF6QOrgDIs4rDPoS1SuHoilb1XLLaJNQ9BVho2sf3aIFikzcHBihm1720IOREB199pTqCIQ==",
      "dependencies": {
        "@aurelia/expression-parser": "2.0.0-beta.22",
        "@aurelia/kernel": "2.0.0-beta.22",
        "@aurelia/metadata": "2.0.0-beta.22",
        "@aurelia/platform": "2.0.0-beta.22"
      },
      "engines": {
        "node": ">=14.17.0"
      }
    },
    "node_modules/@aurelia/runtime-html": {
      "version": "2.0.0-beta.22",
      "resolved": "https://registry.npmjs.org/@aurelia/runtime-html/-/runtime-html-2.0.0-beta.22.tgz",
      "integrity": "sha512-cHC1xZif/joWOr/oX0FjAJQgXnZWZo7g+TXc2SV8Jcsw1w/PcxN592SSxSWMerdr9Ux6EtwMGAPxVku86k8img==",
      "dependencies": {
        "@aurelia/expression-parser": "2.0.0-beta.22",
        "@aurelia/kernel": "2.0.0-beta.22",
        "@aurelia/metadata": "2.0.0-beta.22",
        "@aurelia/platform": "2.0.0-beta.22",
        "@aurelia/platform-browser": "2.0.0-beta.22",
        "@aurelia/runtime": "2.0.0-beta.22",
        "@aurelia/template-compiler": "2.0.0-beta.22"
      },
      "engines": {
        "node": ">=14.17.0"
      }
    },
    "node_modules/@aurelia/template-compiler": {
      "version": "2.0.0-beta.22",
      "resolved": "https://registry.npmjs.org/@aurelia/template-compiler/-/template-compiler-2.0.0-beta.22.tgz",
      "integrity": "sha512-LMYaf0qTAD22z1mCsExd01tqSuZHQoYPPIdg94xQpCTkY32TFU3KBwdC7dW3hvxrB2xVNpLxMchnzBX1gxd4KA==",
      "dependencies": {
        "@aurelia/expression-parser": "2.0.0-beta.22",
        "@aurelia/kernel": "2.0.0-beta.22",
        "@aurelia/metadata": "2.0.0-beta.22"
      },
      "engines": {
        "node": ">=14.17.0"
      }
    },
    "node_modules/@aurelia/testing": {
      "version": "2.0.0-beta.22",
      "resolved": "https://registry.npmjs.org/@aurelia/testing/-/testing-2.0.0-beta.22.tgz",
      "integrity": "sha512-Yp1WJ9/oht3H100nBT/CtSwempc2ilg4JkUoC8x8aeZ1UrJ7ZPI+71ieY8JiqU4I277ezK1B1vx/wCYvM+eFqQ==",
      "dev": true,
      "dependencies": {
        "@aurelia/kernel": "2.0.0-beta.22",
        "@aurelia/metadata": "2.0.0-beta.22",
        "@aurelia/platform": "2.0.0-beta.22",
        "@aurelia/platform-browser": "2.0.0-beta.22",
        "@aurelia/runtime": "2.0.0-beta.22",
        "@aurelia/runtime-html": "2.0.0-beta.22",
        "@aurelia/template-compiler": "2.0.0-beta.22"
      },
      "engines": {
        "node": ">=14.17.0"
      }
    },
    "node_modules/@codemirror/autocomplete": {
      "version": "6.18.0",
      "resolved": "https://registry.npmjs.org/@codemirror/autocomplete/-/autocomplete-6.18.0.tgz",
      "integrity": "sha512-5DbOvBbY4qW5l57cjDsmmpDh3/TeK1vXfTHa+BUMrRzdWdcxKZ4U4V7vQaTtOpApNU4kLS4FQ6cINtLg245LXA==",
      "dependencies": {
        "@codemirror/language": "^6.0.0",
        "@codemirror/state": "^6.0.0",
        "@codemirror/view": "^6.17.0",
        "@lezer/common": "^1.0.0"
      },
      "peerDependencies": {
        "@codemirror/language": "^6.0.0",
        "@codemirror/state": "^6.0.0",
        "@codemirror/view": "^6.0.0",
        "@lezer/common": "^1.0.0"
      }
    },
    "node_modules/@codemirror/commands": {
      "version": "6.6.0",
      "resolved": "https://registry.npmjs.org/@codemirror/commands/-/commands-6.6.0.tgz",
      "integrity": "sha512-qnY+b7j1UNcTS31Eenuc/5YJB6gQOzkUoNmJQc0rznwqSRpeaWWpjkWy2C/MPTcePpsKJEM26hXrOXl1+nceXg==",
      "dependencies": {
        "@codemirror/language": "^6.0.0",
        "@codemirror/state": "^6.4.0",
        "@codemirror/view": "^6.27.0",
        "@lezer/common": "^1.1.0"
      }
    },
    "node_modules/@codemirror/lang-json": {
      "version": "6.0.1",
      "resolved": "https://registry.npmjs.org/@codemirror/lang-json/-/lang-json-6.0.1.tgz",
      "integrity": "sha512-+T1flHdgpqDDlJZ2Lkil/rLiRy684WMLc74xUnjJH48GQdfJo/pudlTRreZmKwzP8/tGdKf83wlbAdOCzlJOGQ==",
      "dependencies": {
        "@codemirror/language": "^6.0.0",
        "@lezer/json": "^1.0.0"
      }
    },
    "node_modules/@codemirror/language": {
      "version": "6.10.2",
      "resolved": "https://registry.npmjs.org/@codemirror/language/-/language-6.10.2.tgz",
      "integrity": "sha512-kgbTYTo0Au6dCSc/TFy7fK3fpJmgHDv1sG1KNQKJXVi+xBTEeBPY/M30YXiU6mMXeH+YIDLsbrT4ZwNRdtF+SA==",
      "dependencies": {
        "@codemirror/state": "^6.0.0",
        "@codemirror/view": "^6.23.0",
        "@lezer/common": "^1.1.0",
        "@lezer/highlight": "^1.0.0",
        "@lezer/lr": "^1.0.0",
        "style-mod": "^4.0.0"
      }
    },
    "node_modules/@codemirror/lint": {
      "version": "6.8.1",
      "resolved": "https://registry.npmjs.org/@codemirror/lint/-/lint-6.8.1.tgz",
      "integrity": "sha512-IZ0Y7S4/bpaunwggW2jYqwLuHj0QtESf5xcROewY6+lDNwZ/NzvR4t+vpYgg9m7V8UXLPYqG+lu3DF470E5Oxg==",
      "dependencies": {
        "@codemirror/state": "^6.0.0",
        "@codemirror/view": "^6.0.0",
        "crelt": "^1.0.5"
      }
    },
    "node_modules/@codemirror/search": {
      "version": "6.5.6",
      "resolved": "https://registry.npmjs.org/@codemirror/search/-/search-6.5.6.tgz",
      "integrity": "sha512-rpMgcsh7o0GuCDUXKPvww+muLA1pDJaFrpq/CCHtpQJYz8xopu4D1hPcKRoDD0YlF8gZaqTNIRa4VRBWyhyy7Q==",
      "dependencies": {
        "@codemirror/state": "^6.0.0",
        "@codemirror/view": "^6.0.0",
        "crelt": "^1.0.5"
      }
    },
    "node_modules/@codemirror/state": {
      "version": "6.4.1",
      "resolved": "https://registry.npmjs.org/@codemirror/state/-/state-6.4.1.tgz",
      "integrity": "sha512-QkEyUiLhsJoZkbumGZlswmAhA7CBU02Wrz7zvH4SrcifbsqwlXShVXg65f3v/ts57W3dqyamEriMhij1Z3Zz4A=="
    },
    "node_modules/@codemirror/view": {
      "version": "6.30.0",
      "resolved": "https://registry.npmjs.org/@codemirror/view/-/view-6.30.0.tgz",
      "integrity": "sha512-96Nmn8OeLh6aONQprIeYk8hGVnEuYpWuxKSkdsODOx9hWPxyuyZGvmvxV/JmLsp+CubMO1PsLaN5TNNgrl0UrQ==",
      "dependencies": {
        "@codemirror/state": "^6.4.0",
        "style-mod": "^4.1.0",
        "w3c-keyname": "^2.2.4"
      }
    },
    "node_modules/@lezer/common": {
      "version": "1.2.1",
      "resolved": "https://registry.npmjs.org/@lezer/common/-/common-1.2.1.tgz",
      "integrity": "sha512-yemX0ZD2xS/73llMZIK6KplkjIjf2EvAHcinDi/TfJ9hS25G0388+ClHt6/3but0oOxinTcQHJLDXh6w1crzFQ=="
    },
    "node_modules/@lezer/highlight": {
      "version": "1.2.0",
      "resolved": "https://registry.npmjs.org/@lezer/highlight/-/highlight-1.2.0.tgz",
      "integrity": "sha512-WrS5Mw51sGrpqjlh3d4/fOwpEV2Hd3YOkp9DBt4k8XZQcoTHZFB7sx030A6OcahF4J1nDQAa3jXlTVVYH50IFA==",
      "dependencies": {
        "@lezer/common": "^1.0.0"
      }
    },
    "node_modules/@lezer/json": {
      "version": "1.0.2",
      "resolved": "https://registry.npmjs.org/@lezer/json/-/json-1.0.2.tgz",
      "integrity": "sha512-xHT2P4S5eeCYECyKNPhr4cbEL9tc8w83SPwRC373o9uEdrvGKTZoJVAGxpOsZckMlEh9W23Pc72ew918RWQOBQ==",
      "dependencies": {
        "@lezer/common": "^1.2.0",
        "@lezer/highlight": "^1.0.0",
        "@lezer/lr": "^1.0.0"
      }
    },
    "node_modules/@lezer/lr": {
      "version": "1.4.2",
      "resolved": "https://registry.npmjs.org/@lezer/lr/-/lr-1.4.2.tgz",
      "integrity": "sha512-pu0K1jCIdnQ12aWNaAVU5bzi7Bd1w54J3ECgANPmYLtQKP0HBj2cE/5coBD66MT10xbtIuUr7tg0Shbsvk0mDA==",
      "dependencies": {
        "@lezer/common": "^1.0.0"
      }
    },
    "node_modules/@types/node": {
      "version": "20.14.14",
      "resolved": "https://registry.npmjs.org/@types/node/-/node-20.14.14.tgz",
      "integrity": "sha512-d64f00982fS9YoOgJkAMolK7MN8Iq3TDdVjchbYHdEmjth/DHowx82GnoA+tVUAN+7vxfYUgAzi+JXbKNd2SDQ==",
      "dev": true,
      "dependencies": {
        "undici-types": "~5.26.4"
      }
    },
    "node_modules/aurelia": {
      "version": "2.0.0-beta.22",
      "resolved": "https://registry.npmjs.org/aurelia/-/aurelia-2.0.0-beta.22.tgz",
      "integrity": "sha512-NB3R5SgE8KBJG5SLO7YOiTL7eAdZLZO4iX/ehw6U2L0Ba/p90ESmVleKbN4FuP+eYYbZXDLc7z1zeGMZZbC7wA==",
      "peer": true,
      "dependencies": {
        "@aurelia/expression-parser": "2.0.0-beta.22",
        "@aurelia/fetch-client": "2.0.0-beta.22",
        "@aurelia/kernel": "2.0.0-beta.22",
        "@aurelia/metadata": "2.0.0-beta.22",
        "@aurelia/platform": "2.0.0-beta.22",
        "@aurelia/platform-browser": "2.0.0-beta.22",
        "@aurelia/runtime": "2.0.0-beta.22",
        "@aurelia/runtime-html": "2.0.0-beta.22",
        "@aurelia/template-compiler": "2.0.0-beta.22"
      },
      "engines": {
        "node": ">=14.17.0"
      }
    },
    "node_modules/codemirror": {
      "version": "6.0.1",
      "resolved": "https://registry.npmjs.org/codemirror/-/codemirror-6.0.1.tgz",
      "integrity": "sha512-J8j+nZ+CdWmIeFIGXEFbFPtpiYacFMDR8GlHK3IyHQJMCaVRfGx9NT+Hxivv1ckLWPvNdZqndbr/7lVhrf/Svg==",
      "dependencies": {
        "@codemirror/autocomplete": "^6.0.0",
        "@codemirror/commands": "^6.0.0",
        "@codemirror/language": "^6.0.0",
        "@codemirror/lint": "^6.0.0",
        "@codemirror/search": "^6.0.0",
        "@codemirror/state": "^6.0.0",
        "@codemirror/view": "^6.0.0"
      }
    },
    "node_modules/crelt": {
      "version": "1.0.6",
      "resolved": "https://registry.npmjs.org/crelt/-/crelt-1.0.6.tgz",
      "integrity": "sha512-VQ2MBenTq1fWZUH9DJNGti7kKv6EeAuYr3cLwxUWhIu1baTaXh4Ib5W2CqHVqib4/MqbYGJqiL3Zb8GJZr3l4g=="
    },
    "node_modules/style-mod": {
      "version": "4.1.2",
      "resolved": "https://registry.npmjs.org/style-mod/-/style-mod-4.1.2.tgz",
      "integrity": "sha512-wnD1HyVqpJUI2+eKZ+eo1UwghftP6yuFheBqqe+bWCotBjC2K1YnteJILRMs3SM4V/0dLEW1SC27MWP5y+mwmw=="
    },
    "node_modules/typescript": {
      "version": "5.5.4",
      "resolved": "https://registry.npmjs.org/typescript/-/typescript-5.5.4.tgz",
      "integrity": "sha512-Mtq29sKDAEYP7aljRgtPOpTvOfbwRWlS6dPRzwjdE+C0R4brX/GUyhHSecbHMFLNBLcJIPt9nl9yG5TZ1weH+Q==",
      "dev": true,
      "bin": {
        "tsc": "bin/tsc",
        "tsserver": "bin/tsserver"
      },
      "engines": {
        "node": ">=14.17"
      }
    },
    "node_modules/undici-types": {
      "version": "5.26.5",
      "resolved": "https://registry.npmjs.org/undici-types/-/undici-types-5.26.5.tgz",
      "integrity": "sha512-JlCMO+ehdEIKqlFxk6IfVoAUVmgz7cU7zD/h9XZ0qzeosSHmUJVOzSQvvYSYWXkFXC+IfLKSIffhv0sVZup6pA==",
      "dev": true
    },
    "node_modules/w3c-keyname": {
      "version": "2.2.8",
      "resolved": "https://registry.npmjs.org/w3c-keyname/-/w3c-keyname-2.2.8.tgz",
      "integrity": "sha512-dpojBhNsCNN7T82Tm7k26A6G9ML3NkhDsnw9n/eoxSRlVBB4CEtIQ/KTCLI2Fwf3ataSXRhYFkQi3SlnFwPvPQ=="
    }
  }
}
