# THIS IS AN AUTOGENERATED FILE. DO NOT EDIT THIS FILE DIRECTLY.
# yarn lockfile v1


"@aurelia/fetch-client@2.0.0-alpha.41":
  version "2.0.0-alpha.41"
  resolved "https://registry.yarnpkg.com/@aurelia/fetch-client/-/fetch-client-2.0.0-alpha.41.tgz#4ba833840df2431ffb5300abe4cd94be2084ea79"
  integrity sha512-kHunR8DSkv4nJRrTIjFSMP6LFc0eeJ5+Dbaa402lvMjwIjTKrNVcYc1mUy3e5wwaI+wYxVPOf31Za1ca8lr5AA==
  dependencies:
    "@aurelia/kernel" "2.0.0-alpha.41"
    "@aurelia/metadata" "2.0.0-alpha.41"

"@aurelia/kernel@2.0.0-alpha.41":
  version "2.0.0-alpha.41"
  resolved "https://registry.yarnpkg.com/@aurelia/kernel/-/kernel-2.0.0-alpha.41.tgz#5fabc31e3d3f8f5e6d81afdaecfa3dae739463a2"
  integrity sha512-Hyv6dypy3zxEIls1l7UoRkOzc6iexiAWad8H9+MzQxwiv+sw6tCSSFtmZNWNbtMEEe3+zV6RHi+70IEk/M0ONQ==
  dependencies:
    "@aurelia/metadata" "2.0.0-alpha.41"
    "@aurelia/platform" "2.0.0-alpha.41"

"@aurelia/metadata@2.0.0-alpha.41":
  version "2.0.0-alpha.41"
  resolved "https://registry.yarnpkg.com/@aurelia/metadata/-/metadata-2.0.0-alpha.41.tgz#01afaeaf43abd877b5c48dd52d24fbf69dbe065f"
  integrity sha512-9P/zsuC9JN6bpypQe87t2kBgO3UUpS0qilivaUTACU4qwxLz4Qz7ackBPy/yzHOR9xT7zjR6CiD1ZOaVdhvifA==

"@aurelia/platform-browser@2.0.0-alpha.41":
  version "2.0.0-alpha.41"
  resolved "https://registry.yarnpkg.com/@aurelia/platform-browser/-/platform-browser-2.0.0-alpha.41.tgz#1705864d981c1cf2f51ae64997591c9af47a2414"
  integrity sha512-+OOPh1imlZ0p8QlXQUHPLQL14hdouCXVzGQKtA8xWOKA3lcyUGRWyvagAYTv07mtGgHH1BAyZfRQ05II3e9TVw==
  dependencies:
    "@aurelia/platform" "2.0.0-alpha.41"

"@aurelia/platform@2.0.0-alpha.41":
  version "2.0.0-alpha.41"
  resolved "https://registry.yarnpkg.com/@aurelia/platform/-/platform-2.0.0-alpha.41.tgz#437c23a22c231217a5f8502849547513bd1b2799"
  integrity sha512-flz0+lmtmBzPI8jHBb5bBCj8KadCXXrefn1TaPS9mabO54oBb0MO6x32V8cBtBUkRyy4HbR9UVpT4bwlMkS1bQ==

"@aurelia/route-recognizer@2.0.0-alpha.41":
  version "2.0.0-alpha.41"
  resolved "https://registry.yarnpkg.com/@aurelia/route-recognizer/-/route-recognizer-2.0.0-alpha.41.tgz#f9bbebf98baf6faef74f67f8a8939b8af55a8be3"
  integrity sha512-vdunnURiODepTxb1b9pOCxP1YQrnv2JITgQLkRiGCH/EBR8E/u3K76HHvm9wzf+bKpYYnR3qRg5GK3OJFxy7Jg==

"@aurelia/router-lite@2.0.0-alpha.41":
  version "2.0.0-alpha.41"
  resolved "https://registry.yarnpkg.com/@aurelia/router-lite/-/router-lite-2.0.0-alpha.41.tgz#3c172b032f016e36f6a8fd67be3ac6d323f0a508"
  integrity sha512-VcC1nwX4BcBVJCpOcTFg8C//SHyKzS4pAFU7gmTHojpTvKqtzeiInFImml8u+Zv8fvioJgcCZQxDdeka+76tAw==
  dependencies:
    "@aurelia/kernel" "2.0.0-alpha.41"
    "@aurelia/metadata" "2.0.0-alpha.41"
    "@aurelia/platform" "2.0.0-alpha.41"
    "@aurelia/platform-browser" "2.0.0-alpha.41"
    "@aurelia/route-recognizer" "2.0.0-alpha.41"
    "@aurelia/runtime" "2.0.0-alpha.41"
    "@aurelia/runtime-html" "2.0.0-alpha.41"

"@aurelia/router@2.0.0-alpha.41":
  version "2.0.0-alpha.41"
  resolved "https://registry.yarnpkg.com/@aurelia/router/-/router-2.0.0-alpha.41.tgz#8d4f86f6c2e1a93e84ff4d87809beace690826b7"
  integrity sha512-//luQJgokZ/5rOlWy9gyq/Gfv9xhkT2HNEDRZnFHKWtfa/bsgZTb8bzes7YZpO/IaJ7OmYO+uFlhQD1UTyK2ag==
  dependencies:
    "@aurelia/kernel" "2.0.0-alpha.41"
    "@aurelia/metadata" "2.0.0-alpha.41"
    "@aurelia/platform" "2.0.0-alpha.41"
    "@aurelia/platform-browser" "2.0.0-alpha.41"
    "@aurelia/route-recognizer" "2.0.0-alpha.41"
    "@aurelia/runtime" "2.0.0-alpha.41"
    "@aurelia/runtime-html" "2.0.0-alpha.41"

"@aurelia/runtime-html@2.0.0-alpha.41":
  version "2.0.0-alpha.41"
  resolved "https://registry.yarnpkg.com/@aurelia/runtime-html/-/runtime-html-2.0.0-alpha.41.tgz#4aa881dc4dde66539985f0a08e0c549916d79754"
  integrity sha512-kLD8w/FsQWP4pQyiz5B8obDDZCdDKA05sIJk+18d7vWMAicepCqTJLPL8CL6k28jcnc4DHeCLnlfp7sDj7Iksg==
  dependencies:
    "@aurelia/kernel" "2.0.0-alpha.41"
    "@aurelia/metadata" "2.0.0-alpha.41"
    "@aurelia/platform" "2.0.0-alpha.41"
    "@aurelia/platform-browser" "2.0.0-alpha.41"
    "@aurelia/runtime" "2.0.0-alpha.41"

"@aurelia/runtime@2.0.0-alpha.41":
  version "2.0.0-alpha.41"
  resolved "https://registry.yarnpkg.com/@aurelia/runtime/-/runtime-2.0.0-alpha.41.tgz#f8fd73cd377276fdb24b8e017615c4a401b5c30d"
  integrity sha512-HOAg4Eu5PWR/6yEdg6ZaWRB67ICH6uR2H7otKSSPigNDIwxd5IpFRlZauAflTDT6u/iHO1vyGBopiTSUTi/kpA==
  dependencies:
    "@aurelia/kernel" "2.0.0-alpha.41"
    "@aurelia/metadata" "2.0.0-alpha.41"
    "@aurelia/platform" "2.0.0-alpha.41"

"@aurelia/testing@^2.0.0-alpha.41":
  version "2.0.0-alpha.41"
  resolved "https://registry.yarnpkg.com/@aurelia/testing/-/testing-2.0.0-alpha.41.tgz#f3432dafeab14592c8e47f9cac4027acd76bb215"
  integrity sha512-T3Cyo5i4XebKHF0ko2yp4RpVIfzrDLf40E+jesxWMwZudBo8er8/seqKY/6ia9bN4FlsQ5ShglQUYKcHorwXgw==
  dependencies:
    "@aurelia/kernel" "2.0.0-alpha.41"
    "@aurelia/metadata" "2.0.0-alpha.41"
    "@aurelia/platform" "2.0.0-alpha.41"
    "@aurelia/platform-browser" "2.0.0-alpha.41"
    "@aurelia/runtime" "2.0.0-alpha.41"
    "@aurelia/runtime-html" "2.0.0-alpha.41"

"@codemirror/autocomplete@^6.0.0":
  version "6.2.0"
  resolved "https://registry.yarnpkg.com/@codemirror/autocomplete/-/autocomplete-6.2.0.tgz#f7205f8281613f77529f07b279ee25e1a5d20124"
  integrity sha512-yNCm2CEE4kE4L2Sf7WeyCej1Q3951ccaCWfomrlBkoERKCss+TzuEeqGe5VnAJTEybLy1yzf1BdMUY/988bfpg==
  dependencies:
    "@codemirror/language" "^6.0.0"
    "@codemirror/state" "^6.0.0"
    "@codemirror/view" "^6.0.0"
    "@lezer/common" "^1.0.0"

"@codemirror/commands@^6.0.0":
  version "6.1.0"
  resolved "https://registry.yarnpkg.com/@codemirror/commands/-/commands-6.1.0.tgz#c9da851f419f25dae400d7cd94f80b80ef060696"
  integrity sha512-qCj2YqmbBjj0P1iumnlL5lBqZvJPzT+t2UvgjcaXErp5ZvMqFRVgQyrEfdXX6SX5UcvcHKBjXqno+MkUp0aYvQ==
  dependencies:
    "@codemirror/language" "^6.0.0"
    "@codemirror/state" "^6.0.0"
    "@codemirror/view" "^6.0.0"
    "@lezer/common" "^1.0.0"

"@codemirror/lang-json@^6.0.0":
  version "6.0.0"
  resolved "https://registry.yarnpkg.com/@codemirror/lang-json/-/lang-json-6.0.0.tgz#6ac373248c2d44ceab6d5d58879cc543095e503e"
  integrity sha512-DvTcYTKLmg2viADXlTdufrT334M9jowe1qO02W28nvm+nejcvhM5vot5mE8/kPrxYw/HJHhwu1z2PyBpnMLCNQ==
  dependencies:
    "@codemirror/language" "^6.0.0"
    "@lezer/json" "^1.0.0"

"@codemirror/language@^6.0.0":
  version "6.2.1"
  resolved "https://registry.yarnpkg.com/@codemirror/language/-/language-6.2.1.tgz#cb10cd785a76e50ecd2fe2dc59ff66af8a41b87a"
  integrity sha512-MC3svxuvIj0MRpFlGHxLS6vPyIdbTr2KKPEW46kCoCXw2ktb4NTkpkPBI/lSP/FoNXLCBJ0mrnUi1OoZxtpW1Q==
  dependencies:
    "@codemirror/state" "^6.0.0"
    "@codemirror/view" "^6.0.0"
    "@lezer/common" "^1.0.0"
    "@lezer/highlight" "^1.0.0"
    "@lezer/lr" "^1.0.0"
    style-mod "^4.0.0"

"@codemirror/lint@^6.0.0":
  version "6.0.0"
  resolved "https://registry.yarnpkg.com/@codemirror/lint/-/lint-6.0.0.tgz#a249b021ac9933b94fe312d994d220f0ef11a157"
  integrity sha512-nUUXcJW1Xp54kNs+a1ToPLK8MadO0rMTnJB8Zk4Z8gBdrN0kqV7uvUraU/T2yqg+grDNR38Vmy/MrhQN/RgwiA==
  dependencies:
    "@codemirror/state" "^6.0.0"
    "@codemirror/view" "^6.0.0"
    crelt "^1.0.5"

"@codemirror/search@^6.0.0":
  version "6.2.0"
  resolved "https://registry.yarnpkg.com/@codemirror/search/-/search-6.2.0.tgz#05742292c8414dfcf86bd27ef2908d43620f79d2"
  integrity sha512-FVhpUvPFUJe8lg2EQJTTcF4RNI9d/OC3PVitvOfhv5OuY7ZgtMfJl22o5eMkzOEsUY2Wxe7BKGLpe2UI5Wq3PQ==
  dependencies:
    "@codemirror/state" "^6.0.0"
    "@codemirror/view" "^6.0.0"
    crelt "^1.0.5"

"@codemirror/state@^6.0.0":
  version "6.1.2"
  resolved "https://registry.yarnpkg.com/@codemirror/state/-/state-6.1.2.tgz#182d46eabcc17c95508984d6add5a5a641dcd517"
  integrity sha512-Mxff85Hp5va+zuj+H748KbubXjrinX/k28lj43H14T2D0+4kuvEFIEIO7hCEcvBT8ubZyIelt9yGOjj2MWOEQA==

"@codemirror/view@^6.0.0":
  version "6.2.4"
  resolved "https://registry.yarnpkg.com/@codemirror/view/-/view-6.2.4.tgz#dad3511097764ea3280bae7f63b7c1c09db9c21c"
  integrity sha512-Zc5qDv+CD2ubWs6ShGJL0tf4y2w5vObdg7Eus0ouhg9g5lrvsAnwO9PvavDZdK4bpH6O+cnNDRhFlvDuieXo/g==
  dependencies:
    "@codemirror/state" "^6.0.0"
    style-mod "^4.0.0"
    w3c-keyname "^2.2.4"

"@lezer/common@^1.0.0":
  version "1.0.1"
  resolved "https://registry.yarnpkg.com/@lezer/common/-/common-1.0.1.tgz#d014fda6d582c24336fadf2715e76f02f73c8908"
  integrity sha512-8TR5++Q/F//tpDsLd5zkrvEX5xxeemafEaek7mUp7Y+bI8cKQXdSqhzTOBaOogETcMOVr0pT3BBPXp13477ciw==

"@lezer/highlight@^1.0.0":
  version "1.1.0"
  resolved "https://registry.yarnpkg.com/@lezer/highlight/-/highlight-1.1.0.tgz#ce8cc593384e76210b1163dcd0a657f19c525f1d"
  integrity sha512-DAGFnxWil6aMrfpJ1clvOQrMvgDXjah8K5eA6+TsETioHlSi7Z2n/KSpbJPeuItcI2OeOR5tIWsqZqLnFSGN/w==
  dependencies:
    "@lezer/common" "^1.0.0"

"@lezer/json@^1.0.0":
  version "1.0.0"
  resolved "https://registry.yarnpkg.com/@lezer/json/-/json-1.0.0.tgz#848ad9c2c3e812518eb02897edd5a7f649e9c160"
  integrity sha512-zbAuUY09RBzCoCA3lJ1+ypKw5WSNvLqGMtasdW6HvVOqZoCpPr8eWrsGnOVWGKGn8Rh21FnrKRVlJXrGAVUqRw==
  dependencies:
    "@lezer/highlight" "^1.0.0"
    "@lezer/lr" "^1.0.0"

"@lezer/lr@^1.0.0":
  version "1.2.3"
  resolved "https://registry.yarnpkg.com/@lezer/lr/-/lr-1.2.3.tgz#f44ca844f15f6762fde4eab877d110567e34ffa1"
  integrity sha512-qpB7rBzH8f6Mzjv2AVZRahcm+2Cf7nbIH++uXbvVOL1yIRvVWQ3HAM/saeBLCyz/togB7LGo76qdJYL1uKQlqA==
  dependencies:
    "@lezer/common" "^1.0.0"

"@types/jest@^27.0.3":
  version "27.5.2"
  resolved "https://registry.yarnpkg.com/@types/jest/-/jest-27.5.2.tgz#ec49d29d926500ffb9fd22b84262e862049c026c"
  integrity sha512-mpT8LJJ4CMeeahobofYWIjFo0xonRS/HfxnVEPMPFSQdGUt1uHCnoPT7Zhb+sjDU2wz0oKV0OLUR0WzrHNgfeA==
  dependencies:
    jest-matcher-utils "^27.0.0"
    pretty-format "^27.0.0"

"@types/node@^16.11.10":
  version "16.11.59"
  resolved "https://registry.yarnpkg.com/@types/node/-/node-16.11.59.tgz#823f238b9063ccc3b3b7f13186f143a57926c4f6"
  integrity sha512-6u+36Dj3aDzhfBVUf/mfmc92OEdzQ2kx2jcXGdigfl70E/neV21ZHE6UCz4MDzTRcVqGAM27fk+DLXvyDsn3Jw==

ansi-regex@^5.0.1:
  version "5.0.1"
  resolved "https://registry.yarnpkg.com/ansi-regex/-/ansi-regex-5.0.1.tgz#082cb2c89c9fe8659a311a53bd6a4dc5301db304"
  integrity sha512-quJQXlTSUGL2LH9SUXo8VwsY4soanhgo6LNSm84E1LBcE8s3O0wpdiRzyR9z/ZZJMlMWv37qOOb9pdJlMUEKFQ==

ansi-styles@^4.1.0:
  version "4.3.0"
  resolved "https://registry.yarnpkg.com/ansi-styles/-/ansi-styles-4.3.0.tgz#edd803628ae71c04c85ae7a0906edad34b648937"
  integrity sha512-zbB9rCJAT1rbjiVDb2hqKFHNYLxgtk8NURxZ3IZwD3F6NtxbXZQCnnSi1Lkx+IDohdPlFp222wVALIheZJQSEg==
  dependencies:
    color-convert "^2.0.1"

ansi-styles@^5.0.0:
  version "5.2.0"
  resolved "https://registry.yarnpkg.com/ansi-styles/-/ansi-styles-5.2.0.tgz#07449690ad45777d1924ac2abb2fc8895dba836b"
  integrity sha512-Cxwpt2SfTzTtXcfOlzGEee8O+c+MmUgGrNiBcXnuWxuFJHe6a5Hz7qwhwe5OgaSYI0IJvkLqWX1ASG+cJOkEiA==

aurelia@^2.0.0-alpha.41:
  version "2.0.0-alpha.41"
  resolved "https://registry.yarnpkg.com/aurelia/-/aurelia-2.0.0-alpha.41.tgz#e59cfb1a7b3811a0c3ac49c3f8e675e4e64415b8"
  integrity sha512-aZpvsLPB3psFDAuvFZd9XxfV9rkjsBGqvDRmsxT+IbFP8m8wpQYkJPawgAAg3t2wVrRfGOVFe/UMj2QdC07SFA==
  dependencies:
    "@aurelia/fetch-client" "2.0.0-alpha.41"
    "@aurelia/kernel" "2.0.0-alpha.41"
    "@aurelia/metadata" "2.0.0-alpha.41"
    "@aurelia/platform" "2.0.0-alpha.41"
    "@aurelia/platform-browser" "2.0.0-alpha.41"
    "@aurelia/route-recognizer" "2.0.0-alpha.41"
    "@aurelia/router" "2.0.0-alpha.41"
    "@aurelia/router-lite" "2.0.0-alpha.41"
    "@aurelia/runtime" "2.0.0-alpha.41"
    "@aurelia/runtime-html" "2.0.0-alpha.41"

chalk@^4.0.0:
  version "4.1.2"
  resolved "https://registry.yarnpkg.com/chalk/-/chalk-4.1.2.tgz#aac4e2b7734a740867aeb16bf02aad556a1e7a01"
  integrity sha512-oKnbhFyRIXpUuez8iBMmyEa4nbj4IOQyuhc/wy9kY7/WVPcwIO9VA668Pu8RkO7+0G76SLROeyw9CpQ061i4mA==
  dependencies:
    ansi-styles "^4.1.0"
    supports-color "^7.1.0"

codemirror@^6.0.1:
  version "6.0.1"
  resolved "https://registry.yarnpkg.com/codemirror/-/codemirror-6.0.1.tgz#62b91142d45904547ee3e0e0e4c1a79158035a29"
  integrity sha512-J8j+nZ+CdWmIeFIGXEFbFPtpiYacFMDR8GlHK3IyHQJMCaVRfGx9NT+Hxivv1ckLWPvNdZqndbr/7lVhrf/Svg==
  dependencies:
    "@codemirror/autocomplete" "^6.0.0"
    "@codemirror/commands" "^6.0.0"
    "@codemirror/language" "^6.0.0"
    "@codemirror/lint" "^6.0.0"
    "@codemirror/search" "^6.0.0"
    "@codemirror/state" "^6.0.0"
    "@codemirror/view" "^6.0.0"

color-convert@^2.0.1:
  version "2.0.1"
  resolved "https://registry.yarnpkg.com/color-convert/-/color-convert-2.0.1.tgz#72d3a68d598c9bdb3af2ad1e84f21d896abd4de3"
  integrity sha512-RRECPsj7iu/xb5oKYcsFHSppFNnsj/52OVTRKb4zP5onXwVF3zVmmToNcOfGC+CRDpfK/U584fMg38ZHCaElKQ==
  dependencies:
    color-name "~1.1.4"

color-name@~1.1.4:
  version "1.1.4"
  resolved "https://registry.yarnpkg.com/color-name/-/color-name-1.1.4.tgz#c2a09a87acbde69543de6f63fa3995c826c536a2"
  integrity sha512-dOy+3AuW3a2wNbZHIuMZpTcgjGuLU/uBL/ubcZF9OXbDo8ff4O8yVp5Bf0efS8uEoYo5q4Fx7dY9OgQGXgAsQA==

crelt@^1.0.5:
  version "1.0.5"
  resolved "https://registry.yarnpkg.com/crelt/-/crelt-1.0.5.tgz#57c0d52af8c859e354bace1883eb2e1eb182bb94"
  integrity sha512-+BO9wPPi+DWTDcNYhr/W90myha8ptzftZT+LwcmUbbok0rcP/fequmFYCw8NMoH7pkAZQzU78b3kYrlua5a9eA==

diff-sequences@^27.5.1:
  version "27.5.1"
  resolved "https://registry.yarnpkg.com/diff-sequences/-/diff-sequences-27.5.1.tgz#eaecc0d327fd68c8d9672a1e64ab8dccb2ef5327"
  integrity sha512-k1gCAXAsNgLwEL+Y8Wvl+M6oEFj5bgazfZULpS5CneoPPXRaCCW7dm+q21Ky2VEE5X+VeRDBVg1Pcvvsr4TtNQ==

has-flag@^4.0.0:
  version "4.0.0"
  resolved "https://registry.yarnpkg.com/has-flag/-/has-flag-4.0.0.tgz#944771fd9c81c81265c4d6941860da06bb59479b"
  integrity sha512-EykJT/Q1KjTWctppgIAgfSO0tKVuZUjhgMr17kqTumMl6Afv3EISleU7qZUzoXDFTAHTDC4NOoG/ZxU3EvlMPQ==

jest-diff@^27.5.1:
  version "27.5.1"
  resolved "https://registry.yarnpkg.com/jest-diff/-/jest-diff-27.5.1.tgz#a07f5011ac9e6643cf8a95a462b7b1ecf6680def"
  integrity sha512-m0NvkX55LDt9T4mctTEgnZk3fmEg3NRYutvMPWM/0iPnkFj2wIeF45O1718cMSOFO1vINkqmxqD8vE37uTEbqw==
  dependencies:
    chalk "^4.0.0"
    diff-sequences "^27.5.1"
    jest-get-type "^27.5.1"
    pretty-format "^27.5.1"

jest-get-type@^27.5.1:
  version "27.5.1"
  resolved "https://registry.yarnpkg.com/jest-get-type/-/jest-get-type-27.5.1.tgz#3cd613c507b0f7ace013df407a1c1cd578bcb4f1"
  integrity sha512-2KY95ksYSaK7DMBWQn6dQz3kqAf3BB64y2udeG+hv4KfSOb9qwcYQstTJc1KCbsix+wLZWZYN8t7nwX3GOBLRw==

jest-matcher-utils@^27.0.0:
  version "27.5.1"
  resolved "https://registry.yarnpkg.com/jest-matcher-utils/-/jest-matcher-utils-27.5.1.tgz#9c0cdbda8245bc22d2331729d1091308b40cf8ab"
  integrity sha512-z2uTx/T6LBaCoNWNFWwChLBKYxTMcGBRjAt+2SbP929/Fflb9aa5LGma654Rz8z9HLxsrUaYzxE9T/EFIL/PAw==
  dependencies:
    chalk "^4.0.0"
    jest-diff "^27.5.1"
    jest-get-type "^27.5.1"
    pretty-format "^27.5.1"

pretty-format@^27.0.0, pretty-format@^27.5.1:
  version "27.5.1"
  resolved "https://registry.yarnpkg.com/pretty-format/-/pretty-format-27.5.1.tgz#2181879fdea51a7a5851fb39d920faa63f01d88e"
  integrity sha512-Qb1gy5OrP5+zDf2Bvnzdl3jsTf1qXVMazbvCoKhtKqVs4/YK4ozX4gKQJJVyNe+cajNPn0KoC0MC3FUmaHWEmQ==
  dependencies:
    ansi-regex "^5.0.1"
    ansi-styles "^5.0.0"
    react-is "^17.0.1"

react-is@^17.0.1:
  version "17.0.2"
  resolved "https://registry.yarnpkg.com/react-is/-/react-is-17.0.2.tgz#e691d4a8e9c789365655539ab372762b0efb54f0"
  integrity sha512-w2GsyukL62IJnlaff/nRegPQR94C/XXamvMWmSHRJ4y7Ts/4ocGRmTHvOs8PSE6pB3dWOrD/nueuU5sduBsQ4w==

style-mod@^4.0.0:
  version "4.0.0"
  resolved "https://registry.yarnpkg.com/style-mod/-/style-mod-4.0.0.tgz#97e7c2d68b592975f2ca7a63d0dd6fcacfe35a01"
  integrity sha512-OPhtyEjyyN9x3nhPsu76f52yUGXiZcgvsrFVtvTkyGRQJ0XK+GPc6ov1z+lRpbeabka+MYEQxOYRnt5nF30aMw==

supports-color@^7.1.0:
  version "7.2.0"
  resolved "https://registry.yarnpkg.com/supports-color/-/supports-color-7.2.0.tgz#1b7dcdcb32b8138801b3e478ba6a51caa89648da"
  integrity sha512-qpCAvRl9stuOHveKsn7HncJRvv501qIacKzQlO/+Lwxc9+0q2wLyv4Dfvt80/DPn2pqOBsJdDiogXGR9+OvwRw==
  dependencies:
    has-flag "^4.0.0"

typescript@~4.7:
  version "4.7.4"
  resolved "https://registry.yarnpkg.com/typescript/-/typescript-4.7.4.tgz#1a88596d1cf47d59507a1bcdfb5b9dfe4d488235"
  integrity sha512-C0WQT0gezHuw6AdY1M2jxUO83Rjf0HP7Sk1DtXj6j1EwkQNZrHAg2XPWlq62oqEhYvONq5pkC2Y9oPljWToLmQ==

w3c-keyname@^2.2.4:
  version "2.2.6"
  resolved "https://registry.yarnpkg.com/w3c-keyname/-/w3c-keyname-2.2.6.tgz#8412046116bc16c5d73d4e612053ea10a189c85f"
  integrity sha512-f+fciywl1SJEniZHD6H+kUO8gOnwIr7f4ijKA6+ZvJFjeGi1r4PDLl53Ayud9O/rk64RqgoQine0feoeOU0kXg==
