# THIS IS AN AUTOGENERATED FILE. DO NOT EDIT THIS FILE DIRECTLY.
# yarn lockfile v1


"@aurelia/fetch-client@2.0.0-alpha.27":
  version "2.0.0-alpha.27"
  resolved "https://registry.yarnpkg.com/@aurelia/fetch-client/-/fetch-client-2.0.0-alpha.27.tgz#cef50af038e28b76507c7f2bcbb079e60273ec10"
  integrity sha512-xLsp2o7fb9EpviUs9fHOSkzDVp9J8YIv4jJxV+juynFxpfmXCquCtz1L4OZgxNx+Hr2MFoZFAHZLNcAybXnzqw==
  dependencies:
    "@aurelia/kernel" "2.0.0-alpha.27"
    "@aurelia/metadata" "2.0.0-alpha.27"

"@aurelia/kernel@2.0.0-alpha.27":
  version "2.0.0-alpha.27"
  resolved "https://registry.yarnpkg.com/@aurelia/kernel/-/kernel-2.0.0-alpha.27.tgz#a781dcbde4eaa915196717bc8164497172e6e880"
  integrity sha512-Cd5GIUtPzWoWtvEPNNsBv6fl8N1Pz0LOKlXiUGvnIVEtUYSTYcM3JdLehpayLWGzvVubU95xo0jhunwVompyKw==
  dependencies:
    "@aurelia/metadata" "2.0.0-alpha.27"
    "@aurelia/platform" "2.0.0-alpha.27"

"@aurelia/metadata@2.0.0-alpha.27":
  version "2.0.0-alpha.27"
  resolved "https://registry.yarnpkg.com/@aurelia/metadata/-/metadata-2.0.0-alpha.27.tgz#a5f84e49d69108bbdfc0049d070fc3ba84337058"
  integrity sha512-PIWhbNtZvQCC0POo9C7MPKpmnVnMRf77GRoDdnY1Q5VK3c0jN3ZJ3z85sxb2cCs7SdMIdujEJ0helG3d2sZjLg==

"@aurelia/platform-browser@2.0.0-alpha.27":
  version "2.0.0-alpha.27"
  resolved "https://registry.yarnpkg.com/@aurelia/platform-browser/-/platform-browser-2.0.0-alpha.27.tgz#9bc3c7779fb77715cf443e8da921260c60779edf"
  integrity sha512-bAz/y23Nki3bhM4vQ0sORiNXt1KZRU0JY5HbeKpcZddI8MsH/i0hHFNZDME66mCTOmZKcjrop/afd/l+VHkbcA==
  dependencies:
    "@aurelia/platform" "2.0.0-alpha.27"

"@aurelia/platform@2.0.0-alpha.27":
  version "2.0.0-alpha.27"
  resolved "https://registry.yarnpkg.com/@aurelia/platform/-/platform-2.0.0-alpha.27.tgz#1180592deb88b54945dbfb6a741c8208b3e5e777"
  integrity sha512-UrgcSTO+71O6swsfl4fTONJ6JHRJwXIKUPHwRRGpGdirRU9r3ii9YW4bt2wKrD4CeYBbnSx2RvgAfNieqkONkA==

"@aurelia/route-recognizer@2.0.0-alpha.27":
  version "2.0.0-alpha.27"
  resolved "https://registry.yarnpkg.com/@aurelia/route-recognizer/-/route-recognizer-2.0.0-alpha.27.tgz#be93559887e8e5252f1db33b76bbb2ef224652fc"
  integrity sha512-HZQY5BJsxI8ED9oBS7jmIwwHO9dCmNYXVDlLlKZv2UsIN5gxlGDuCfCfjJ1xtLdqDjL07xhwfgx2DztljWpS/A==

"@aurelia/router-lite@2.0.0-alpha.27":
  version "2.0.0-alpha.27"
  resolved "https://registry.yarnpkg.com/@aurelia/router-lite/-/router-lite-2.0.0-alpha.27.tgz#f5a2e39277da755564e077b3e26aa2a1894d1f0d"
  integrity sha512-K+Ha8YeBi3ITwCUVpOipu8zM8BuUd7k/fq+VvktFMQTmgWroxpLsOq2+42E1hRLrgVZxi1VQ4bgZ5Ka6/LpISg==
  dependencies:
    "@aurelia/kernel" "2.0.0-alpha.27"
    "@aurelia/metadata" "2.0.0-alpha.27"
    "@aurelia/platform" "2.0.0-alpha.27"
    "@aurelia/platform-browser" "2.0.0-alpha.27"
    "@aurelia/route-recognizer" "2.0.0-alpha.27"
    "@aurelia/runtime" "2.0.0-alpha.27"
    "@aurelia/runtime-html" "2.0.0-alpha.27"

"@aurelia/runtime-html@2.0.0-alpha.27":
  version "2.0.0-alpha.27"
  resolved "https://registry.yarnpkg.com/@aurelia/runtime-html/-/runtime-html-2.0.0-alpha.27.tgz#c3a0e13a607667c762d801a6c7513e80e1a310d8"
  integrity sha512-05njVHapU2s8s4pUz9BfIOIr5CY0wx4zUjUiPbwNJwUJ/YZVRt7ja49NS1j76MRGNI9dgNH8pfTrm10x150ueA==
  dependencies:
    "@aurelia/kernel" "2.0.0-alpha.27"
    "@aurelia/metadata" "2.0.0-alpha.27"
    "@aurelia/platform" "2.0.0-alpha.27"
    "@aurelia/platform-browser" "2.0.0-alpha.27"
    "@aurelia/runtime" "2.0.0-alpha.27"

"@aurelia/runtime@2.0.0-alpha.27":
  version "2.0.0-alpha.27"
  resolved "https://registry.yarnpkg.com/@aurelia/runtime/-/runtime-2.0.0-alpha.27.tgz#86b22ead2030ea77022fa024d884926697d0b2f5"
  integrity sha512-ZICe86KDsVDWjM1XdcgtRBhBkaptVj3ZEX7m9DnFDUJ8bnmpisb03xRTlilgxcHAnpcfVVonFGwr3Fi4KggYmw==
  dependencies:
    "@aurelia/kernel" "2.0.0-alpha.27"
    "@aurelia/metadata" "2.0.0-alpha.27"
    "@aurelia/platform" "2.0.0-alpha.27"

"@aurelia/testing@latest":
  version "2.0.0-alpha.27"
  resolved "https://registry.yarnpkg.com/@aurelia/testing/-/testing-2.0.0-alpha.27.tgz#6ca2b4dead75e9ab5d892bb9c5b56cf7f7d20897"
  integrity sha512-eWImbjVtEUWzWCkIQjghr46VoUlO6PKHC+HRIhMcs4HVe75f+Rod0zOkg9dHsJpgV8hESooL1NA4iQGm5tQH0w==
  dependencies:
    "@aurelia/kernel" "2.0.0-alpha.27"
    "@aurelia/metadata" "2.0.0-alpha.27"
    "@aurelia/platform" "2.0.0-alpha.27"
    "@aurelia/platform-browser" "2.0.0-alpha.27"
    "@aurelia/runtime" "2.0.0-alpha.27"
    "@aurelia/runtime-html" "2.0.0-alpha.27"

"@codemirror/autocomplete@^0.19.0":
  version "0.19.15"
  resolved "https://registry.yarnpkg.com/@codemirror/autocomplete/-/autocomplete-0.19.15.tgz#061f09063dc2a68668d85d7ac8430c7bc6df1a82"
  integrity sha512-GQWzvvuXxNUyaEk+5gawbAD8s51/v2Chb++nx0e2eGWrphWk42isBtzOMdc3DxrxrZtPZ55q2ldNp+6G8KJLIQ==
  dependencies:
    "@codemirror/language" "^0.19.0"
    "@codemirror/state" "^0.19.4"
    "@codemirror/text" "^0.19.2"
    "@codemirror/tooltip" "^0.19.12"
    "@codemirror/view" "^0.19.0"
    "@lezer/common" "^0.15.0"

"@codemirror/basic-setup@^0.19.1":
  version "0.19.3"
  resolved "https://registry.yarnpkg.com/@codemirror/basic-setup/-/basic-setup-0.19.3.tgz#b83e3ee43f632c0305f97771767d84c753d41a6b"
  integrity sha512-2hfO+QDk/HTpQzeYk1NyL1G9D5L7Sj78dtaQP8xBU42DKU9+OBPF5MdjLYnxP0jKzm6IfQfsLd89fnqW3rBVfQ==
  dependencies:
    "@codemirror/autocomplete" "^0.19.0"
    "@codemirror/closebrackets" "^0.19.0"
    "@codemirror/commands" "^0.19.0"
    "@codemirror/comment" "^0.19.0"
    "@codemirror/fold" "^0.19.0"
    "@codemirror/gutter" "^0.19.0"
    "@codemirror/highlight" "^0.19.0"
    "@codemirror/history" "^0.19.0"
    "@codemirror/language" "^0.19.0"
    "@codemirror/lint" "^0.19.0"
    "@codemirror/matchbrackets" "^0.19.0"
    "@codemirror/rectangular-selection" "^0.19.2"
    "@codemirror/search" "^0.19.0"
    "@codemirror/state" "^0.19.0"
    "@codemirror/view" "^0.19.31"

"@codemirror/closebrackets@^0.19.0":
  version "0.19.2"
  resolved "https://registry.yarnpkg.com/@codemirror/closebrackets/-/closebrackets-0.19.2.tgz#ff74dd78218cee57172623eb9ebf7b669fa6f4d4"
  integrity sha512-ClMPzPcPP0eQiDcVjtVPl6OLxgdtZSYDazsvT0AKl70V1OJva0eHgl4/6kCW3RZ0pb2n34i9nJz4eXCmK+TYDA==
  dependencies:
    "@codemirror/language" "^0.19.0"
    "@codemirror/rangeset" "^0.19.0"
    "@codemirror/state" "^0.19.2"
    "@codemirror/text" "^0.19.0"
    "@codemirror/view" "^0.19.44"

"@codemirror/commands@^0.19.0":
  version "0.19.8"
  resolved "https://registry.yarnpkg.com/@codemirror/commands/-/commands-0.19.8.tgz#1f99c1a8bf200d17c4d6997379099459f3678107"
  integrity sha512-65LIMSGUGGpY3oH6mzV46YWRrgao6NmfJ+AuC7jNz3K5NPnH6GCV1H5I6SwOFyVbkiygGyd0EFwrWqywTBD1aw==
  dependencies:
    "@codemirror/language" "^0.19.0"
    "@codemirror/matchbrackets" "^0.19.0"
    "@codemirror/state" "^0.19.2"
    "@codemirror/text" "^0.19.6"
    "@codemirror/view" "^0.19.22"
    "@lezer/common" "^0.15.0"

"@codemirror/comment@^0.19.0":
  version "0.19.1"
  resolved "https://registry.yarnpkg.com/@codemirror/comment/-/comment-0.19.1.tgz#7def8345eeb9095ef1ef33676fbde1ab4fe33fad"
  integrity sha512-uGKteBuVWAC6fW+Yt8u27DOnXMT/xV4Ekk2Z5mRsiADCZDqYvryrJd6PLL5+8t64BVyocwQwNfz1UswYS2CtFQ==
  dependencies:
    "@codemirror/state" "^0.19.9"
    "@codemirror/text" "^0.19.0"
    "@codemirror/view" "^0.19.0"

"@codemirror/fold@^0.19.0":
  version "0.19.3"
  resolved "https://registry.yarnpkg.com/@codemirror/fold/-/fold-0.19.3.tgz#de55d44a7313f2a8920aefb6ebf9eff34715d8d4"
  integrity sha512-8hT+Eq2G68mL0yPRvSD2ewhnLQAX6sbUJmtGVKFcj8oAXtfpYCX8LIcfXsuI19Qs7gZkOSpqZvn+KKj8IhZoAw==
  dependencies:
    "@codemirror/gutter" "^0.19.0"
    "@codemirror/language" "^0.19.0"
    "@codemirror/rangeset" "^0.19.0"
    "@codemirror/state" "^0.19.0"
    "@codemirror/view" "^0.19.22"

"@codemirror/gutter@^0.19.0", "@codemirror/gutter@^0.19.4":
  version "0.19.9"
  resolved "https://registry.yarnpkg.com/@codemirror/gutter/-/gutter-0.19.9.tgz#bbb69f4d49570d9c1b3f3df5d134980c516cd42b"
  integrity sha512-PFrtmilahin1g6uL27aG5tM/rqR9DZzZYZsIrCXA5Uc2OFTFqx4owuhoU9hqfYxHp5ovfvBwQ+txFzqS4vog6Q==
  dependencies:
    "@codemirror/rangeset" "^0.19.0"
    "@codemirror/state" "^0.19.0"
    "@codemirror/view" "^0.19.23"

"@codemirror/highlight@^0.19.0":
  version "0.19.8"
  resolved "https://registry.yarnpkg.com/@codemirror/highlight/-/highlight-0.19.8.tgz#a95aee8ae4389b01f820aa79c48f7b4388087d92"
  integrity sha512-v/lzuHjrYR8MN2mEJcUD6fHSTXXli9C1XGYpr+ElV6fLBIUhMTNKR3qThp611xuWfXfwDxeL7ppcbkM/MzPV3A==
  dependencies:
    "@codemirror/language" "^0.19.0"
    "@codemirror/rangeset" "^0.19.0"
    "@codemirror/state" "^0.19.3"
    "@codemirror/view" "^0.19.39"
    "@lezer/common" "^0.15.0"
    style-mod "^4.0.0"

"@codemirror/history@^0.19.0":
  version "0.19.2"
  resolved "https://registry.yarnpkg.com/@codemirror/history/-/history-0.19.2.tgz#25e3fda755f77ac1223a6ae6e9d7899f5919265e"
  integrity sha512-unhP4t3N2smzmHoo/Yio6ueWi+il8gm9VKrvi6wlcdGH5fOfVDNkmjHQ495SiR+EdOG35+3iNebSPYww0vN7ow==
  dependencies:
    "@codemirror/state" "^0.19.2"
    "@codemirror/view" "^0.19.0"

"@codemirror/lang-json@^0.19.1":
  version "0.19.2"
  resolved "https://registry.yarnpkg.com/@codemirror/lang-json/-/lang-json-0.19.2.tgz#b311a0c16382343261fdc3cbda72f09a61ade7db"
  integrity sha512-fgUWR58Is59P5D/tiazX6oTczioOCDYqjFT5PEBAmLBFMSsRqcnJE0xNO1snrhg7pWEFDq5wR/oN0eZhkeR6Gg==
  dependencies:
    "@codemirror/highlight" "^0.19.0"
    "@codemirror/language" "^0.19.0"
    "@lezer/json" "^0.15.0"

"@codemirror/language@^0.19.0":
  version "0.19.10"
  resolved "https://registry.yarnpkg.com/@codemirror/language/-/language-0.19.10.tgz#c3d1330fa5de778c6b6b5177af5572a3d9d596b5"
  integrity sha512-yA0DZ3RYn2CqAAGW62VrU8c4YxscMQn45y/I9sjBlqB1e2OTQLg4CCkMBuMSLXk4xaqjlsgazeOQWaJQOKfV8Q==
  dependencies:
    "@codemirror/state" "^0.19.0"
    "@codemirror/text" "^0.19.0"
    "@codemirror/view" "^0.19.0"
    "@lezer/common" "^0.15.5"
    "@lezer/lr" "^0.15.0"

"@codemirror/lint@^0.19.0":
  version "0.19.6"
  resolved "https://registry.yarnpkg.com/@codemirror/lint/-/lint-0.19.6.tgz#0379688da3e16739db4a6304c73db857ca85d7ec"
  integrity sha512-Pbw1Y5kHVs2J+itQ0uez3dI4qY9ApYVap7eNfV81x1/3/BXgBkKfadaw0gqJ4h4FDG7OnJwb0VbPsjJQllHjaA==
  dependencies:
    "@codemirror/gutter" "^0.19.4"
    "@codemirror/panel" "^0.19.0"
    "@codemirror/rangeset" "^0.19.1"
    "@codemirror/state" "^0.19.4"
    "@codemirror/tooltip" "^0.19.16"
    "@codemirror/view" "^0.19.22"
    crelt "^1.0.5"

"@codemirror/matchbrackets@^0.19.0":
  version "0.19.4"
  resolved "https://registry.yarnpkg.com/@codemirror/matchbrackets/-/matchbrackets-0.19.4.tgz#50b5188eb2d53f32598dca906bf5fd66626a9ebc"
  integrity sha512-VFkaOKPNudAA5sGP1zikRHCEKU0hjYmkKpr04pybUpQvfTvNJXlReCyP0rvH/1iEwAGPL990ZTT+QrLdu4MeEA==
  dependencies:
    "@codemirror/language" "^0.19.0"
    "@codemirror/state" "^0.19.0"
    "@codemirror/view" "^0.19.0"
    "@lezer/common" "^0.15.0"

"@codemirror/panel@^0.19.0":
  version "0.19.1"
  resolved "https://registry.yarnpkg.com/@codemirror/panel/-/panel-0.19.1.tgz#bf77d27b962cf16357139e50864d0eb69d634441"
  integrity sha512-sYeOCMA3KRYxZYJYn5PNlt9yNsjy3zTNTrbYSfVgjgL9QomIVgOJWPO5hZ2sTN8lufO6lw0vTBsIPL9MSidmBg==
  dependencies:
    "@codemirror/state" "^0.19.0"
    "@codemirror/view" "^0.19.0"

"@codemirror/rangeset@^0.19.0", "@codemirror/rangeset@^0.19.1", "@codemirror/rangeset@^0.19.5":
  version "0.19.9"
  resolved "https://registry.yarnpkg.com/@codemirror/rangeset/-/rangeset-0.19.9.tgz#e80895de93c39dc7899f5be31d368c9d88aa4efc"
  integrity sha512-V8YUuOvK+ew87Xem+71nKcqu1SXd5QROMRLMS/ljT5/3MCxtgrRie1Cvild0G/Z2f1fpWxzX78V0U4jjXBorBQ==
  dependencies:
    "@codemirror/state" "^0.19.0"

"@codemirror/rectangular-selection@^0.19.2":
  version "0.19.2"
  resolved "https://registry.yarnpkg.com/@codemirror/rectangular-selection/-/rectangular-selection-0.19.2.tgz#caa60114421b5c43244494c94203b65f666edb53"
  integrity sha512-AXK/p5eGwFJ9GJcLfntqN4dgY+XiIF7eHfXNQJX5HhQLSped2wJE6WuC1rMEaOlcpOqlb9mrNi/ZdUjSIj9mbA==
  dependencies:
    "@codemirror/state" "^0.19.0"
    "@codemirror/text" "^0.19.4"
    "@codemirror/view" "^0.19.48"

"@codemirror/search@^0.19.0":
  version "0.19.10"
  resolved "https://registry.yarnpkg.com/@codemirror/search/-/search-0.19.10.tgz#4b0d91c53278db05088624ae04f164d66fd581cd"
  integrity sha512-qjubm69HJixPBWzI6HeEghTWOOD8NXiHOTRNvdizqs8xWRuFChq9zkjD3XiAJ7GXSTzCuQJnAP9DBBGCLq4ZIA==
  dependencies:
    "@codemirror/panel" "^0.19.0"
    "@codemirror/rangeset" "^0.19.0"
    "@codemirror/state" "^0.19.3"
    "@codemirror/text" "^0.19.0"
    "@codemirror/view" "^0.19.34"
    crelt "^1.0.5"

"@codemirror/state@^0.19.0", "@codemirror/state@^0.19.2", "@codemirror/state@^0.19.3", "@codemirror/state@^0.19.4", "@codemirror/state@^0.19.9":
  version "0.19.9"
  resolved "https://registry.yarnpkg.com/@codemirror/state/-/state-0.19.9.tgz#b797f9fbc204d6dc7975485e231693c09001b0dd"
  integrity sha512-psOzDolKTZkx4CgUqhBQ8T8gBc0xN5z4gzed109aF6x7D7umpDRoimacI/O6d9UGuyl4eYuDCZmDFr2Rq7aGOw==
  dependencies:
    "@codemirror/text" "^0.19.0"

"@codemirror/text@^0.19.0", "@codemirror/text@^0.19.2", "@codemirror/text@^0.19.4", "@codemirror/text@^0.19.6":
  version "0.19.6"
  resolved "https://registry.yarnpkg.com/@codemirror/text/-/text-0.19.6.tgz#9adcbd8137f69b75518eacd30ddb16fd67bbac45"
  integrity sha512-T9jnREMIygx+TPC1bOuepz18maGq/92q2a+n4qTqObKwvNMg+8cMTslb8yxeEDEq7S3kpgGWxgO1UWbQRij0dA==

"@codemirror/tooltip@^0.19.12", "@codemirror/tooltip@^0.19.16":
  version "0.19.16"
  resolved "https://registry.yarnpkg.com/@codemirror/tooltip/-/tooltip-0.19.16.tgz#6ba2c43f9d8e3d943d9d7bbae22bf800f7726a22"
  integrity sha512-zxKDHryUV5/RS45AQL+wOeN+i7/l81wK56OMnUPoTSzCWNITfxHn7BToDsjtrRKbzHqUxKYmBnn/4hPjpZ4WJQ==
  dependencies:
    "@codemirror/state" "^0.19.0"
    "@codemirror/view" "^0.19.0"

"@codemirror/view@^0.19.0", "@codemirror/view@^0.19.22", "@codemirror/view@^0.19.23", "@codemirror/view@^0.19.31", "@codemirror/view@^0.19.34", "@codemirror/view@^0.19.39", "@codemirror/view@^0.19.44", "@codemirror/view@^0.19.48":
  version "0.19.48"
  resolved "https://registry.yarnpkg.com/@codemirror/view/-/view-0.19.48.tgz#1c657e2b0f8ed896ac6448d6e2215ab115e2a0fc"
  integrity sha512-0eg7D2Nz4S8/caetCTz61rK0tkHI17V/d15Jy0kLOT8dTLGGNJUponDnW28h2B6bERmPlVHKh8MJIr5OCp1nGw==
  dependencies:
    "@codemirror/rangeset" "^0.19.5"
    "@codemirror/state" "^0.19.3"
    "@codemirror/text" "^0.19.0"
    style-mod "^4.0.0"
    w3c-keyname "^2.2.4"

"@lezer/common@^0.15.0", "@lezer/common@^0.15.5":
  version "0.15.12"
  resolved "https://registry.yarnpkg.com/@lezer/common/-/common-0.15.12.tgz#2f21aec551dd5fd7d24eb069f90f54d5bc6ee5e9"
  integrity sha512-edfwCxNLnzq5pBA/yaIhwJ3U3Kz8VAUOTRg0hhxaizaI1N+qxV7EXDv/kLCkLeq2RzSFvxexlaj5Mzfn2kY0Ig==

"@lezer/json@^0.15.0":
  version "0.15.0"
  resolved "https://registry.yarnpkg.com/@lezer/json/-/json-0.15.0.tgz#b96c1161eb8514e05f4eaaec95c68376e76e539f"
  integrity sha512-OsMjjBkTkeQ15iMCu5U1OiBubRC4V9Wm03zdIlUgNZ20aUPx5DWDRqUc5wG41JXVSj7Lxmo+idlFCfBBdxB8sw==
  dependencies:
    "@lezer/lr" "^0.15.0"

"@lezer/lr@^0.15.0":
  version "0.15.8"
  resolved "https://registry.yarnpkg.com/@lezer/lr/-/lr-0.15.8.tgz#1564a911e62b0a0f75ca63794a6aa8c5dc63db21"
  integrity sha512-bM6oE6VQZ6hIFxDNKk8bKPa14hqFrV07J/vHGOeiAbJReIaQXmkVb6xQu4MR+JBTLa5arGRyAAjJe1qaQt3Uvg==
  dependencies:
    "@lezer/common" "^0.15.0"

"@types/jest@^27.0.3":
  version "27.4.1"
  resolved "https://registry.yarnpkg.com/@types/jest/-/jest-27.4.1.tgz#185cbe2926eaaf9662d340cc02e548ce9e11ab6d"
  integrity sha512-23iPJADSmicDVrWk+HT58LMJtzLAnB2AgIzplQuq/bSrGaxCrlvRFjGbXmamnnk/mAmCdLStiGqggu28ocUyiw==
  dependencies:
    jest-matcher-utils "^27.0.0"
    pretty-format "^27.0.0"

"@types/node@^16.11.10":
  version "16.11.26"
  resolved "https://registry.yarnpkg.com/@types/node/-/node-16.11.26.tgz#63d204d136c9916fb4dcd1b50f9740fe86884e47"
  integrity sha512-GZ7bu5A6+4DtG7q9GsoHXy3ALcgeIHP4NnL0Vv2wu0uUB/yQex26v0tf6/na1mm0+bS9Uw+0DFex7aaKr2qawQ==

ansi-regex@^5.0.1:
  version "5.0.1"
  resolved "https://registry.yarnpkg.com/ansi-regex/-/ansi-regex-5.0.1.tgz#082cb2c89c9fe8659a311a53bd6a4dc5301db304"
  integrity sha512-quJQXlTSUGL2LH9SUXo8VwsY4soanhgo6LNSm84E1LBcE8s3O0wpdiRzyR9z/ZZJMlMWv37qOOb9pdJlMUEKFQ==

ansi-styles@^4.1.0:
  version "4.3.0"
  resolved "https://registry.yarnpkg.com/ansi-styles/-/ansi-styles-4.3.0.tgz#edd803628ae71c04c85ae7a0906edad34b648937"
  integrity sha512-zbB9rCJAT1rbjiVDb2hqKFHNYLxgtk8NURxZ3IZwD3F6NtxbXZQCnnSi1Lkx+IDohdPlFp222wVALIheZJQSEg==
  dependencies:
    color-convert "^2.0.1"

ansi-styles@^5.0.0:
  version "5.2.0"
  resolved "https://registry.yarnpkg.com/ansi-styles/-/ansi-styles-5.2.0.tgz#07449690ad45777d1924ac2abb2fc8895dba836b"
  integrity sha512-Cxwpt2SfTzTtXcfOlzGEee8O+c+MmUgGrNiBcXnuWxuFJHe6a5Hz7qwhwe5OgaSYI0IJvkLqWX1ASG+cJOkEiA==

aurelia@latest:
  version "2.0.0-alpha.27"
  resolved "https://registry.yarnpkg.com/aurelia/-/aurelia-2.0.0-alpha.27.tgz#19ae6c8c36393565f504a28d7ad0f7765e46e235"
  integrity sha512-00euviIUJz3VsrwPLVIdV04fIn4dxPDqDC3S/uI1gMi5zjQHdCFrBXukdneRHXJgGyzvKxlc8Vcqc2YOq0rJww==
  dependencies:
    "@aurelia/fetch-client" "2.0.0-alpha.27"
    "@aurelia/kernel" "2.0.0-alpha.27"
    "@aurelia/metadata" "2.0.0-alpha.27"
    "@aurelia/platform" "2.0.0-alpha.27"
    "@aurelia/platform-browser" "2.0.0-alpha.27"
    "@aurelia/route-recognizer" "2.0.0-alpha.27"
    "@aurelia/router-lite" "2.0.0-alpha.27"
    "@aurelia/runtime" "2.0.0-alpha.27"
    "@aurelia/runtime-html" "2.0.0-alpha.27"

chalk@^4.0.0:
  version "4.1.2"
  resolved "https://registry.yarnpkg.com/chalk/-/chalk-4.1.2.tgz#aac4e2b7734a740867aeb16bf02aad556a1e7a01"
  integrity sha512-oKnbhFyRIXpUuez8iBMmyEa4nbj4IOQyuhc/wy9kY7/WVPcwIO9VA668Pu8RkO7+0G76SLROeyw9CpQ061i4mA==
  dependencies:
    ansi-styles "^4.1.0"
    supports-color "^7.1.0"

color-convert@^2.0.1:
  version "2.0.1"
  resolved "https://registry.yarnpkg.com/color-convert/-/color-convert-2.0.1.tgz#72d3a68d598c9bdb3af2ad1e84f21d896abd4de3"
  integrity sha512-RRECPsj7iu/xb5oKYcsFHSppFNnsj/52OVTRKb4zP5onXwVF3zVmmToNcOfGC+CRDpfK/U584fMg38ZHCaElKQ==
  dependencies:
    color-name "~1.1.4"

color-name@~1.1.4:
  version "1.1.4"
  resolved "https://registry.yarnpkg.com/color-name/-/color-name-1.1.4.tgz#c2a09a87acbde69543de6f63fa3995c826c536a2"
  integrity sha512-dOy+3AuW3a2wNbZHIuMZpTcgjGuLU/uBL/ubcZF9OXbDo8ff4O8yVp5Bf0efS8uEoYo5q4Fx7dY9OgQGXgAsQA==

crelt@^1.0.5:
  version "1.0.5"
  resolved "https://registry.yarnpkg.com/crelt/-/crelt-1.0.5.tgz#57c0d52af8c859e354bace1883eb2e1eb182bb94"
  integrity sha512-+BO9wPPi+DWTDcNYhr/W90myha8ptzftZT+LwcmUbbok0rcP/fequmFYCw8NMoH7pkAZQzU78b3kYrlua5a9eA==

diff-sequences@^27.5.1:
  version "27.5.1"
  resolved "https://registry.yarnpkg.com/diff-sequences/-/diff-sequences-27.5.1.tgz#eaecc0d327fd68c8d9672a1e64ab8dccb2ef5327"
  integrity sha512-k1gCAXAsNgLwEL+Y8Wvl+M6oEFj5bgazfZULpS5CneoPPXRaCCW7dm+q21Ky2VEE5X+VeRDBVg1Pcvvsr4TtNQ==

has-flag@^4.0.0:
  version "4.0.0"
  resolved "https://registry.yarnpkg.com/has-flag/-/has-flag-4.0.0.tgz#944771fd9c81c81265c4d6941860da06bb59479b"
  integrity sha512-EykJT/Q1KjTWctppgIAgfSO0tKVuZUjhgMr17kqTumMl6Afv3EISleU7qZUzoXDFTAHTDC4NOoG/ZxU3EvlMPQ==

jest-diff@^27.5.1:
  version "27.5.1"
  resolved "https://registry.yarnpkg.com/jest-diff/-/jest-diff-27.5.1.tgz#a07f5011ac9e6643cf8a95a462b7b1ecf6680def"
  integrity sha512-m0NvkX55LDt9T4mctTEgnZk3fmEg3NRYutvMPWM/0iPnkFj2wIeF45O1718cMSOFO1vINkqmxqD8vE37uTEbqw==
  dependencies:
    chalk "^4.0.0"
    diff-sequences "^27.5.1"
    jest-get-type "^27.5.1"
    pretty-format "^27.5.1"

jest-get-type@^27.5.1:
  version "27.5.1"
  resolved "https://registry.yarnpkg.com/jest-get-type/-/jest-get-type-27.5.1.tgz#3cd613c507b0f7ace013df407a1c1cd578bcb4f1"
  integrity sha512-2KY95ksYSaK7DMBWQn6dQz3kqAf3BB64y2udeG+hv4KfSOb9qwcYQstTJc1KCbsix+wLZWZYN8t7nwX3GOBLRw==

jest-matcher-utils@^27.0.0:
  version "27.5.1"
  resolved "https://registry.yarnpkg.com/jest-matcher-utils/-/jest-matcher-utils-27.5.1.tgz#9c0cdbda8245bc22d2331729d1091308b40cf8ab"
  integrity sha512-z2uTx/T6LBaCoNWNFWwChLBKYxTMcGBRjAt+2SbP929/Fflb9aa5LGma654Rz8z9HLxsrUaYzxE9T/EFIL/PAw==
  dependencies:
    chalk "^4.0.0"
    jest-diff "^27.5.1"
    jest-get-type "^27.5.1"
    pretty-format "^27.5.1"

pretty-format@^27.0.0, pretty-format@^27.5.1:
  version "27.5.1"
  resolved "https://registry.yarnpkg.com/pretty-format/-/pretty-format-27.5.1.tgz#2181879fdea51a7a5851fb39d920faa63f01d88e"
  integrity sha512-Qb1gy5OrP5+zDf2Bvnzdl3jsTf1qXVMazbvCoKhtKqVs4/YK4ozX4gKQJJVyNe+cajNPn0KoC0MC3FUmaHWEmQ==
  dependencies:
    ansi-regex "^5.0.1"
    ansi-styles "^5.0.0"
    react-is "^17.0.1"

react-is@^17.0.1:
  version "17.0.2"
  resolved "https://registry.yarnpkg.com/react-is/-/react-is-17.0.2.tgz#e691d4a8e9c789365655539ab372762b0efb54f0"
  integrity sha512-w2GsyukL62IJnlaff/nRegPQR94C/XXamvMWmSHRJ4y7Ts/4ocGRmTHvOs8PSE6pB3dWOrD/nueuU5sduBsQ4w==

style-mod@^4.0.0:
  version "4.0.0"
  resolved "https://registry.yarnpkg.com/style-mod/-/style-mod-4.0.0.tgz#97e7c2d68b592975f2ca7a63d0dd6fcacfe35a01"
  integrity sha512-OPhtyEjyyN9x3nhPsu76f52yUGXiZcgvsrFVtvTkyGRQJ0XK+GPc6ov1z+lRpbeabka+MYEQxOYRnt5nF30aMw==

supports-color@^7.1.0:
  version "7.2.0"
  resolved "https://registry.yarnpkg.com/supports-color/-/supports-color-7.2.0.tgz#1b7dcdcb32b8138801b3e478ba6a51caa89648da"
  integrity sha512-qpCAvRl9stuOHveKsn7HncJRvv501qIacKzQlO/+Lwxc9+0q2wLyv4Dfvt80/DPn2pqOBsJdDiogXGR9+OvwRw==
  dependencies:
    has-flag "^4.0.0"

typescript@^4.5.2:
  version "4.6.3"
  resolved "https://registry.yarnpkg.com/typescript/-/typescript-4.6.3.tgz#eefeafa6afdd31d725584c67a0eaba80f6fc6c6c"
  integrity sha512-yNIatDa5iaofVozS/uQJEl3JRWLKKGJKh6Yaiv0GLGSuhpFJe7P3SbHZ8/yjAHRQwKRoA6YZqlfjXWmVzoVSMw==

w3c-keyname@^2.2.4:
  version "2.2.4"
  resolved "https://registry.yarnpkg.com/w3c-keyname/-/w3c-keyname-2.2.4.tgz#4ade6916f6290224cdbd1db8ac49eab03d0eef6b"
  integrity sha512-tOhfEwEzFLJzf6d1ZPkYfGj+FWhIpBux9ppoP3rlclw3Z0BZv3N7b7030Z1kYth+6rDuAsXUFr+d0VE6Ed1ikw==
