# THIS IS AN AUTOGENERATED FILE. DO NOT EDIT THIS FILE DIRECTLY.
# yarn lockfile v1


"@aurelia/fetch-client@2.0.0-beta.4":
  version "2.0.0-beta.4"
  resolved "https://registry.yarnpkg.com/@aurelia/fetch-client/-/fetch-client-2.0.0-beta.4.tgz#eb1bc237e1b77ea654929bc0c13194370608be42"
  integrity sha512-0YyGVXNSUquCeJjb1PxGm4ZNnd5YtuHyHm0DwULSidwuVL+WBBLOJ1X2hGOeRY1rvkZBO6GI3pK6qrLo5YNbsg==
  dependencies:
    "@aurelia/kernel" "2.0.0-beta.4"
    "@aurelia/metadata" "2.0.0-beta.4"

"@aurelia/kernel@2.0.0-beta.4":
  version "2.0.0-beta.4"
  resolved "https://registry.yarnpkg.com/@aurelia/kernel/-/kernel-2.0.0-beta.4.tgz#01a1dc2334ebce0c1d8eeb835b101fce48371c63"
  integrity sha512-1iFP43+3UyW+jyibaT7tmdx25nyn9yw/AC0n0ERWxbORX1pT9QmdUrdTwm5SivBTtvNbBif7MiP/TVvpzTUBkQ==
  dependencies:
    "@aurelia/metadata" "2.0.0-beta.4"
    "@aurelia/platform" "2.0.0-beta.4"

"@aurelia/metadata@2.0.0-beta.4":
  version "2.0.0-beta.4"
  resolved "https://registry.yarnpkg.com/@aurelia/metadata/-/metadata-2.0.0-beta.4.tgz#40412d5484fda9b5cdf40b1191634c042ae5b460"
  integrity sha512-PQHpK64bYAvcugn5f5j8QAOUszWwOdb/TWrWm05ATVzlwIZz7CZYXZPVsRHn6soS4KlMlcBhjDrOstIqGtsBxw==

"@aurelia/platform-browser@2.0.0-beta.4":
  version "2.0.0-beta.4"
  resolved "https://registry.yarnpkg.com/@aurelia/platform-browser/-/platform-browser-2.0.0-beta.4.tgz#881689810fa49dbd4693509222625e5b8ce4988d"
  integrity sha512-jnwIpMy44MI6d6XrfBB04k+Di5KDTcU5kKkTu2sGIxPlUnKWQFmq1XeQ+y+ZuSkTM0JV9W1b6NMnBqlOJCS62g==
  dependencies:
    "@aurelia/platform" "2.0.0-beta.4"

"@aurelia/platform@2.0.0-beta.4":
  version "2.0.0-beta.4"
  resolved "https://registry.yarnpkg.com/@aurelia/platform/-/platform-2.0.0-beta.4.tgz#6074e96fcb0a0aa5d155f05829ac7f1b4f93e090"
  integrity sha512-Y6sMgAMxefv9vXgyMGto16kZyuYnevmvTO0Uz7ceWROaGOKZ3UH6tEQHc3ImxDtlKow7nUZwZ+uuJ64IIGzq9A==

"@aurelia/runtime-html@2.0.0-beta.4":
  version "2.0.0-beta.4"
  resolved "https://registry.yarnpkg.com/@aurelia/runtime-html/-/runtime-html-2.0.0-beta.4.tgz#d07a2b82b7a0b1aa80de8a6e31393ff2a3cd6789"
  integrity sha512-JP+5cm/q+iwvcSwN84aCLqkvXmuEFNCvWuGPFYw1yf9upRviufxPzebAqpGKhqtTHDXhA7FG8S4x0C1HKczn4A==
  dependencies:
    "@aurelia/kernel" "2.0.0-beta.4"
    "@aurelia/metadata" "2.0.0-beta.4"
    "@aurelia/platform" "2.0.0-beta.4"
    "@aurelia/platform-browser" "2.0.0-beta.4"
    "@aurelia/runtime" "2.0.0-beta.4"

"@aurelia/runtime@2.0.0-beta.4":
  version "2.0.0-beta.4"
  resolved "https://registry.yarnpkg.com/@aurelia/runtime/-/runtime-2.0.0-beta.4.tgz#351b745a35ab5c9c2782f546b0b0f660c594ccb9"
  integrity sha512-+qt/j9mhi8a73q/ItAinr3dUXqM/YzLa8jZRaT91SKaOQjbgL8o2TzgvDjvPvKZk2XAZaOIVt8vBT7YNAqcY0Q==
  dependencies:
    "@aurelia/kernel" "2.0.0-beta.4"
    "@aurelia/metadata" "2.0.0-beta.4"
    "@aurelia/platform" "2.0.0-beta.4"

"@aurelia/testing@^2.0.0-beta.4":
  version "2.0.0-beta.4"
  resolved "https://registry.yarnpkg.com/@aurelia/testing/-/testing-2.0.0-beta.4.tgz#95d6c6a527f6de4ad9d7ec40e598ae59daaa7928"
  integrity sha512-A2KZux6Ig4xEpZ0q0+1nAIQ6sF0puG/JiztfLkX8mvLQm/puRjsn8e0S6qxSzuC/CEPtt5Pw7TcALqZMTRttZA==
  dependencies:
    "@aurelia/kernel" "2.0.0-beta.4"
    "@aurelia/metadata" "2.0.0-beta.4"
    "@aurelia/platform" "2.0.0-beta.4"
    "@aurelia/platform-browser" "2.0.0-beta.4"
    "@aurelia/runtime" "2.0.0-beta.4"
    "@aurelia/runtime-html" "2.0.0-beta.4"

"@codemirror/autocomplete@^6.0.0":
  version "6.5.0"
  resolved "https://registry.yarnpkg.com/@codemirror/autocomplete/-/autocomplete-6.5.0.tgz#1e6c34b624595bf982e8cb18110ae88fce3d6ebd"
  integrity sha512-GNS3bK/BcFRt8G6xFB2eP4TONBEyAwGTbBQFZZpaUJjJzBe80ZdPEyGJMYNUG3RsYaVOmwI7Ka/sQ4gqJU6TdQ==
  dependencies:
    "@codemirror/language" "^6.0.0"
    "@codemirror/state" "^6.0.0"
    "@codemirror/view" "^6.6.0"
    "@lezer/common" "^1.0.0"

"@codemirror/commands@^6.0.0":
  version "6.2.2"
  resolved "https://registry.yarnpkg.com/@codemirror/commands/-/commands-6.2.2.tgz#437d9ba275107dbc629f0bfa3b150e0e43f2a218"
  integrity sha512-s9lPVW7TxXrI/7voZ+HmD/yiAlwAYn9PH5SUVSUhsxXHhv4yl5eZ3KLntSoTynfdgVYM0oIpccQEWRBQgmNZyw==
  dependencies:
    "@codemirror/language" "^6.0.0"
    "@codemirror/state" "^6.2.0"
    "@codemirror/view" "^6.0.0"
    "@lezer/common" "^1.0.0"

"@codemirror/lang-json@^6.0.1":
  version "6.0.1"
  resolved "https://registry.yarnpkg.com/@codemirror/lang-json/-/lang-json-6.0.1.tgz#0a0be701a5619c4b0f8991f9b5e95fe33f462330"
  integrity sha512-+T1flHdgpqDDlJZ2Lkil/rLiRy684WMLc74xUnjJH48GQdfJo/pudlTRreZmKwzP8/tGdKf83wlbAdOCzlJOGQ==
  dependencies:
    "@codemirror/language" "^6.0.0"
    "@lezer/json" "^1.0.0"

"@codemirror/language@^6.0.0":
  version "6.6.0"
  resolved "https://registry.yarnpkg.com/@codemirror/language/-/language-6.6.0.tgz#2204407174a38a68053715c19e28ad61f491779f"
  integrity sha512-cwUd6lzt3MfNYOobdjf14ZkLbJcnv4WtndYaoBkbor/vF+rCNguMPK0IRtvZJG4dsWiaWPcK8x1VijhvSxnstg==
  dependencies:
    "@codemirror/state" "^6.0.0"
    "@codemirror/view" "^6.0.0"
    "@lezer/common" "^1.0.0"
    "@lezer/highlight" "^1.0.0"
    "@lezer/lr" "^1.0.0"
    style-mod "^4.0.0"

"@codemirror/lint@^6.0.0":
  version "6.2.1"
  resolved "https://registry.yarnpkg.com/@codemirror/lint/-/lint-6.2.1.tgz#654581d8cc293c315ecfa5c9d61d78c52bbd9ccd"
  integrity sha512-y1muai5U/uUPAGRyHMx9mHuHLypPcHWxzlZGknp/U5Mdb5Ol8Q5ZLp67UqyTbNFJJ3unVxZ8iX3g1fMN79S1JQ==
  dependencies:
    "@codemirror/state" "^6.0.0"
    "@codemirror/view" "^6.0.0"
    crelt "^1.0.5"

"@codemirror/search@^6.0.0":
  version "6.3.0"
  resolved "https://registry.yarnpkg.com/@codemirror/search/-/search-6.3.0.tgz#d48b2d636fc7474613e240ba8e56c4c5e6e51822"
  integrity sha512-rBhZxzT34CarfhgCZGhaLBScABDN3iqJxixzNuINp9lrb3lzm0nTpR77G1VrxGO3HOGK7j62jcJftQM7eCOIuw==
  dependencies:
    "@codemirror/state" "^6.0.0"
    "@codemirror/view" "^6.0.0"
    crelt "^1.0.5"

"@codemirror/state@^6.0.0", "@codemirror/state@^6.1.4", "@codemirror/state@^6.2.0":
  version "6.2.0"
  resolved "https://registry.yarnpkg.com/@codemirror/state/-/state-6.2.0.tgz#a0fb08403ced8c2a68d1d0acee926bd20be922f2"
  integrity sha512-69QXtcrsc3RYtOtd+GsvczJ319udtBf1PTrr2KbLWM/e2CXUPnh0Nz9AUo8WfhSQ7GeL8dPVNUmhQVgpmuaNGA==

"@codemirror/view@^6.0.0", "@codemirror/view@^6.6.0":
  version "6.9.4"
  resolved "https://registry.yarnpkg.com/@codemirror/view/-/view-6.9.4.tgz#2cee977dd0df74d27ede6beb01f9de20eeda8f76"
  integrity sha512-Ov2H9gwlGUxiH94zWxlLtTlyogSFaQDIYjtSEcfzgh7MkKmKVchkmr4JbtR5zBev3jY5DVtKvUC8yjd1bKW55A==
  dependencies:
    "@codemirror/state" "^6.1.4"
    style-mod "^4.0.0"
    w3c-keyname "^2.2.4"

"@lezer/common@^1.0.0":
  version "1.0.2"
  resolved "https://registry.yarnpkg.com/@lezer/common/-/common-1.0.2.tgz#8fb9b86bdaa2ece57e7d59e5ffbcb37d71815087"
  integrity sha512-SVgiGtMnMnW3ActR8SXgsDhw7a0w0ChHSYAyAUxxrOiJ1OqYWEKk/xJd84tTSPo1mo6DXLObAJALNnd0Hrv7Ng==

"@lezer/highlight@^1.0.0":
  version "1.1.4"
  resolved "https://registry.yarnpkg.com/@lezer/highlight/-/highlight-1.1.4.tgz#98ed821e89f72981b7ba590474e6ee86c8185619"
  integrity sha512-IECkFmw2l7sFcYXrV8iT9GeY4W0fU4CxX0WMwhmhMIVjoDdD1Hr6q3G2NqVtLg/yVe5n7i4menG3tJ2r4eCrPQ==
  dependencies:
    "@lezer/common" "^1.0.0"

"@lezer/json@^1.0.0":
  version "1.0.0"
  resolved "https://registry.yarnpkg.com/@lezer/json/-/json-1.0.0.tgz#848ad9c2c3e812518eb02897edd5a7f649e9c160"
  integrity sha512-zbAuUY09RBzCoCA3lJ1+ypKw5WSNvLqGMtasdW6HvVOqZoCpPr8eWrsGnOVWGKGn8Rh21FnrKRVlJXrGAVUqRw==
  dependencies:
    "@lezer/highlight" "^1.0.0"
    "@lezer/lr" "^1.0.0"

"@lezer/lr@^1.0.0":
  version "1.3.3"
  resolved "https://registry.yarnpkg.com/@lezer/lr/-/lr-1.3.3.tgz#0ac6c889f1235874f33c45a1b9785d7054f60708"
  integrity sha512-JPQe3mwJlzEVqy67iQiiGozhcngbO8QBgpqZM6oL1Wj/dXckrEexpBLeFkq0edtW5IqnPRFxA24BHJni8Js69w==
  dependencies:
    "@lezer/common" "^1.0.0"

"@types/jest@^27":
  version "27.5.2"
  resolved "https://registry.yarnpkg.com/@types/jest/-/jest-27.5.2.tgz#ec49d29d926500ffb9fd22b84262e862049c026c"
  integrity sha512-mpT8LJJ4CMeeahobofYWIjFo0xonRS/HfxnVEPMPFSQdGUt1uHCnoPT7Zhb+sjDU2wz0oKV0OLUR0WzrHNgfeA==
  dependencies:
    jest-matcher-utils "^27.0.0"
    pretty-format "^27.0.0"

"@types/node@^18.11.18":
  version "18.15.11"
  resolved "https://registry.yarnpkg.com/@types/node/-/node-18.15.11.tgz#b3b790f09cb1696cffcec605de025b088fa4225f"
  integrity sha512-E5Kwq2n4SbMzQOn6wnmBjuK9ouqlURrcZDVfbo9ftDDTFt3nk7ZKK4GMOzoYgnpQJKcxwQw+lGaBvvlMo0qN/Q==

ansi-regex@^5.0.1:
  version "5.0.1"
  resolved "https://registry.yarnpkg.com/ansi-regex/-/ansi-regex-5.0.1.tgz#082cb2c89c9fe8659a311a53bd6a4dc5301db304"
  integrity sha512-quJQXlTSUGL2LH9SUXo8VwsY4soanhgo6LNSm84E1LBcE8s3O0wpdiRzyR9z/ZZJMlMWv37qOOb9pdJlMUEKFQ==

ansi-styles@^4.1.0:
  version "4.3.0"
  resolved "https://registry.yarnpkg.com/ansi-styles/-/ansi-styles-4.3.0.tgz#edd803628ae71c04c85ae7a0906edad34b648937"
  integrity sha512-zbB9rCJAT1rbjiVDb2hqKFHNYLxgtk8NURxZ3IZwD3F6NtxbXZQCnnSi1Lkx+IDohdPlFp222wVALIheZJQSEg==
  dependencies:
    color-convert "^2.0.1"

ansi-styles@^5.0.0:
  version "5.2.0"
  resolved "https://registry.yarnpkg.com/ansi-styles/-/ansi-styles-5.2.0.tgz#07449690ad45777d1924ac2abb2fc8895dba836b"
  integrity sha512-Cxwpt2SfTzTtXcfOlzGEee8O+c+MmUgGrNiBcXnuWxuFJHe6a5Hz7qwhwe5OgaSYI0IJvkLqWX1ASG+cJOkEiA==

aurelia@^2.0.0-beta.4:
  version "2.0.0-beta.4"
  resolved "https://registry.yarnpkg.com/aurelia/-/aurelia-2.0.0-beta.4.tgz#0cb1b11a15bb33f658997a694376286fc0ce96ee"
  integrity sha512-GmBs1bDFEXAyKbqdjV3M6rg5mJLFEMSQEL2fuuoAKbPRV9gtU7qVRPMB+vkmwR6sXYgp/rbjKVW2oTdd8umMFA==
  dependencies:
    "@aurelia/fetch-client" "2.0.0-beta.4"
    "@aurelia/kernel" "2.0.0-beta.4"
    "@aurelia/metadata" "2.0.0-beta.4"
    "@aurelia/platform" "2.0.0-beta.4"
    "@aurelia/platform-browser" "2.0.0-beta.4"
    "@aurelia/runtime" "2.0.0-beta.4"
    "@aurelia/runtime-html" "2.0.0-beta.4"

chalk@^4.0.0:
  version "4.1.2"
  resolved "https://registry.yarnpkg.com/chalk/-/chalk-4.1.2.tgz#aac4e2b7734a740867aeb16bf02aad556a1e7a01"
  integrity sha512-oKnbhFyRIXpUuez8iBMmyEa4nbj4IOQyuhc/wy9kY7/WVPcwIO9VA668Pu8RkO7+0G76SLROeyw9CpQ061i4mA==
  dependencies:
    ansi-styles "^4.1.0"
    supports-color "^7.1.0"

codemirror@^6.0.1:
  version "6.0.1"
  resolved "https://registry.yarnpkg.com/codemirror/-/codemirror-6.0.1.tgz#62b91142d45904547ee3e0e0e4c1a79158035a29"
  integrity sha512-J8j+nZ+CdWmIeFIGXEFbFPtpiYacFMDR8GlHK3IyHQJMCaVRfGx9NT+Hxivv1ckLWPvNdZqndbr/7lVhrf/Svg==
  dependencies:
    "@codemirror/autocomplete" "^6.0.0"
    "@codemirror/commands" "^6.0.0"
    "@codemirror/language" "^6.0.0"
    "@codemirror/lint" "^6.0.0"
    "@codemirror/search" "^6.0.0"
    "@codemirror/state" "^6.0.0"
    "@codemirror/view" "^6.0.0"

color-convert@^2.0.1:
  version "2.0.1"
  resolved "https://registry.yarnpkg.com/color-convert/-/color-convert-2.0.1.tgz#72d3a68d598c9bdb3af2ad1e84f21d896abd4de3"
  integrity sha512-RRECPsj7iu/xb5oKYcsFHSppFNnsj/52OVTRKb4zP5onXwVF3zVmmToNcOfGC+CRDpfK/U584fMg38ZHCaElKQ==
  dependencies:
    color-name "~1.1.4"

color-name@~1.1.4:
  version "1.1.4"
  resolved "https://registry.yarnpkg.com/color-name/-/color-name-1.1.4.tgz#c2a09a87acbde69543de6f63fa3995c826c536a2"
  integrity sha512-dOy+3AuW3a2wNbZHIuMZpTcgjGuLU/uBL/ubcZF9OXbDo8ff4O8yVp5Bf0efS8uEoYo5q4Fx7dY9OgQGXgAsQA==

crelt@^1.0.5:
  version "1.0.5"
  resolved "https://registry.yarnpkg.com/crelt/-/crelt-1.0.5.tgz#57c0d52af8c859e354bace1883eb2e1eb182bb94"
  integrity sha512-+BO9wPPi+DWTDcNYhr/W90myha8ptzftZT+LwcmUbbok0rcP/fequmFYCw8NMoH7pkAZQzU78b3kYrlua5a9eA==

diff-sequences@^27.5.1:
  version "27.5.1"
  resolved "https://registry.yarnpkg.com/diff-sequences/-/diff-sequences-27.5.1.tgz#eaecc0d327fd68c8d9672a1e64ab8dccb2ef5327"
  integrity sha512-k1gCAXAsNgLwEL+Y8Wvl+M6oEFj5bgazfZULpS5CneoPPXRaCCW7dm+q21Ky2VEE5X+VeRDBVg1Pcvvsr4TtNQ==

has-flag@^4.0.0:
  version "4.0.0"
  resolved "https://registry.yarnpkg.com/has-flag/-/has-flag-4.0.0.tgz#944771fd9c81c81265c4d6941860da06bb59479b"
  integrity sha512-EykJT/Q1KjTWctppgIAgfSO0tKVuZUjhgMr17kqTumMl6Afv3EISleU7qZUzoXDFTAHTDC4NOoG/ZxU3EvlMPQ==

jest-diff@^27.5.1:
  version "27.5.1"
  resolved "https://registry.yarnpkg.com/jest-diff/-/jest-diff-27.5.1.tgz#a07f5011ac9e6643cf8a95a462b7b1ecf6680def"
  integrity sha512-m0NvkX55LDt9T4mctTEgnZk3fmEg3NRYutvMPWM/0iPnkFj2wIeF45O1718cMSOFO1vINkqmxqD8vE37uTEbqw==
  dependencies:
    chalk "^4.0.0"
    diff-sequences "^27.5.1"
    jest-get-type "^27.5.1"
    pretty-format "^27.5.1"

jest-get-type@^27.5.1:
  version "27.5.1"
  resolved "https://registry.yarnpkg.com/jest-get-type/-/jest-get-type-27.5.1.tgz#3cd613c507b0f7ace013df407a1c1cd578bcb4f1"
  integrity sha512-2KY95ksYSaK7DMBWQn6dQz3kqAf3BB64y2udeG+hv4KfSOb9qwcYQstTJc1KCbsix+wLZWZYN8t7nwX3GOBLRw==

jest-matcher-utils@^27.0.0:
  version "27.5.1"
  resolved "https://registry.yarnpkg.com/jest-matcher-utils/-/jest-matcher-utils-27.5.1.tgz#9c0cdbda8245bc22d2331729d1091308b40cf8ab"
  integrity sha512-z2uTx/T6LBaCoNWNFWwChLBKYxTMcGBRjAt+2SbP929/Fflb9aa5LGma654Rz8z9HLxsrUaYzxE9T/EFIL/PAw==
  dependencies:
    chalk "^4.0.0"
    jest-diff "^27.5.1"
    jest-get-type "^27.5.1"
    pretty-format "^27.5.1"

pretty-format@^27.0.0, pretty-format@^27.5.1:
  version "27.5.1"
  resolved "https://registry.yarnpkg.com/pretty-format/-/pretty-format-27.5.1.tgz#2181879fdea51a7a5851fb39d920faa63f01d88e"
  integrity sha512-Qb1gy5OrP5+zDf2Bvnzdl3jsTf1qXVMazbvCoKhtKqVs4/YK4ozX4gKQJJVyNe+cajNPn0KoC0MC3FUmaHWEmQ==
  dependencies:
    ansi-regex "^5.0.1"
    ansi-styles "^5.0.0"
    react-is "^17.0.1"

react-is@^17.0.1:
  version "17.0.2"
  resolved "https://registry.yarnpkg.com/react-is/-/react-is-17.0.2.tgz#e691d4a8e9c789365655539ab372762b0efb54f0"
  integrity sha512-w2GsyukL62IJnlaff/nRegPQR94C/XXamvMWmSHRJ4y7Ts/4ocGRmTHvOs8PSE6pB3dWOrD/nueuU5sduBsQ4w==

style-mod@^4.0.0:
  version "4.0.2"
  resolved "https://registry.yarnpkg.com/style-mod/-/style-mod-4.0.2.tgz#ef9e14c4c67428bcf31cc886787e81ca7f8f5021"
  integrity sha512-C4myMmRTO8iaC5Gg+N1ftK2WT4eXUTMAa+HEFPPrfVeO/NtqLTtAmV1HbqnuGtLwCek44Ra76fdGUkSqjiMPcQ==

supports-color@^7.1.0:
  version "7.2.0"
  resolved "https://registry.yarnpkg.com/supports-color/-/supports-color-7.2.0.tgz#1b7dcdcb32b8138801b3e478ba6a51caa89648da"
  integrity sha512-qpCAvRl9stuOHveKsn7HncJRvv501qIacKzQlO/+Lwxc9+0q2wLyv4Dfvt80/DPn2pqOBsJdDiogXGR9+OvwRw==
  dependencies:
    has-flag "^4.0.0"

typescript@~4.7:
  version "4.7.4"
  resolved "https://registry.yarnpkg.com/typescript/-/typescript-4.7.4.tgz#1a88596d1cf47d59507a1bcdfb5b9dfe4d488235"
  integrity sha512-C0WQT0gezHuw6AdY1M2jxUO83Rjf0HP7Sk1DtXj6j1EwkQNZrHAg2XPWlq62oqEhYvONq5pkC2Y9oPljWToLmQ==

w3c-keyname@^2.2.4:
  version "2.2.6"
  resolved "https://registry.yarnpkg.com/w3c-keyname/-/w3c-keyname-2.2.6.tgz#8412046116bc16c5d73d4e612053ea10a189c85f"
  integrity sha512-f+fciywl1SJEniZHD6H+kUO8gOnwIr7f4ijKA6+ZvJFjeGi1r4PDLl53Ayud9O/rk64RqgoQine0feoeOU0kXg==
